Microsoft Visual Studio Solution File, Format Version 12.00
# Visual Studio 15
VisualStudioVersion = 15.0.27130.2036
MinimumVisualStudioVersion = 10.0.40219.1
Project("{2150E333-8FDC-42A3-9474-1A3956D46DE8}") = "Lib", "Lib", "{20363DD1-DC16-41EE-AA8A-77306EB75479}"
	ProjectSection(SolutionItems) = preProject
		ActorSharp\Lib\ReusableAwaitable.cs = ActorSharp\Lib\ReusableAwaitable.cs
	EndProjectSection
EndProject
Project("{2150E333-8FDC-42A3-9474-1A3956D46DE8}") = "Algo", "Algo", "{51B8AFF5-4AEA-45F9-8126-6D51C2CCAB7B}"
EndProject
Project("{2150E333-8FDC-42A3-9474-1A3956D46DE8}") = "Terminal", "Terminal", "{DFCF5276-C414-4F2F-B664-D3EB3BEAB44E}"
EndProject
Project("{2150E333-8FDC-42A3-9474-1A3956D46DE8}") = "BotAgent", "BotAgent", "{EAFDF5CB-7010-4EA0-8D57-4D5035362975}"
EndProject
Project("{2150E333-8FDC-42A3-9474-1A3956D46DE8}") = "VS.Integration", "VS.Integration", "{D3EF348C-8ACE-4A5A-BF20-842CD9BE0484}"
EndProject
Project("{FAE04EC0-301F-11D3-BF4B-00C04F79EFBC}") = "TickTrader.Algo.Api", "TickTrader.Algo.Api\TickTrader.Algo.Api.csproj", "{8901C84D-FB62-433C-A25F-4D24255B9453}"
EndProject
Project("{FAE04EC0-301F-11D3-BF4B-00C04F79EFBC}") = "TickTrader.Algo.Core", "TickTrader.Algo.Core\TickTrader.Algo.Core.csproj", "{8BAB901C-10BB-4EB7-B81E-716FA05B6957}"
EndProject
Project("{FAE04EC0-301F-11D3-BF4B-00C04F79EFBC}") = "TickTrader.BotTerminal", "TickTrader.BotTerminal\TickTrader.BotTerminal.csproj", "{D5C53515-D7E3-476F-9119-3102FE30E425}"
	ProjectSection(ProjectDependencies) = postProject
		{D1A91113-21C6-4AAE-A2F1-34A7014D468F} = {D1A91113-21C6-4AAE-A2F1-34A7014D468F}
		{FB93507A-17D8-4C0C-90EB-7F439BF92840} = {FB93507A-17D8-4C0C-90EB-7F439BF92840}
		{3AE398F5-5506-4375-B29B-DCC43AC58F24} = {3AE398F5-5506-4375-B29B-DCC43AC58F24}
	EndProjectSection
EndProject
Project("{FAE04EC0-301F-11D3-BF4B-00C04F79EFBC}") = "TickTrader.Algo.Samples", "TickTrader.Algo.Samples\TickTrader.Algo.Samples.csproj", "{BD57B7B2-0B30-4616-A656-90BDA6B14EEB}"
EndProject
Project("{FAE04EC0-301F-11D3-BF4B-00C04F79EFBC}") = "TickTrader.Algo.CoreUsageSample", "TickTrader.Algo.CoreUsageSample\TickTrader.Algo.CoreUsageSample.csproj", "{5206F70A-4970-4488-982D-C81E42550B07}"
EndProject
Project("{FAE04EC0-301F-11D3-BF4B-00C04F79EFBC}") = "TickTrader.Algo.Indicators", "TickTrader.Algo.Indicators\TickTrader.Algo.Indicators.csproj", "{127406A9-5D62-4FE7-9680-1D2DEED7564F}"
	ProjectSection(ProjectDependencies) = postProject
		{8BAB901C-10BB-4EB7-B81E-716FA05B6957} = {8BAB901C-10BB-4EB7-B81E-716FA05B6957}
		{8901C84D-FB62-433C-A25F-4D24255B9453} = {8901C84D-FB62-433C-A25F-4D24255B9453}
	EndProjectSection
EndProject
Project("{FAE04EC0-301F-11D3-BF4B-00C04F79EFBC}") = "Machinarium", "Machinarium\Machinarium.csproj", "{DF05B4CC-200A-436B-91CC-BEBE7D89B8AD}"
EndProject
Project("{FAE04EC0-301F-11D3-BF4B-00C04F79EFBC}") = "TickTrader.Algo.Indicators.UTest", "TickTrader.Algo.Indicators.UTest\TickTrader.Algo.Indicators.UTest.csproj", "{3B5B02D8-8666-4AF6-90BA-D0B6A0E10E01}"
EndProject
Project("{FAE04EC0-301F-11D3-BF4B-00C04F79EFBC}") = "SoftFx.FxCalendar", "SoftFx.FxCalendar\SoftFx.FxCalendar.csproj", "{546B0A8D-6964-40DF-B539-C988F8241D56}"
EndProject
Project("{FAE04EC0-301F-11D3-BF4B-00C04F79EFBC}") = "TickTrader.Toaster", "TickTrader.Toaster\TickTrader.Toaster.csproj", "{8E54FEE6-D903-4E11-A003-CD2AF022EDD9}"
EndProject
Project("{FAE04EC0-301F-11D3-BF4B-00C04F79EFBC}") = "TickTrader.Algo.CmdUtil", "TickTrader.Algo.CmdUtil\TickTrader.Algo.CmdUtil.csproj", "{19514472-B817-4447-B155-337661C29440}"
EndProject
Project("{FAE04EC0-301F-11D3-BF4B-00C04F79EFBC}") = "TickTrader.Algo.VS.Package", "TickTrader.Algo.VS.Package\TickTrader.Algo.VS.Package.csproj", "{FB93507A-17D8-4C0C-90EB-7F439BF92840}"
EndProject
Project("{FAE04EC0-301F-11D3-BF4B-00C04F79EFBC}") = "TickTrader.Algo.VS.Templates", "TickTrader.Algo.VS.Templates\TickTrader.Algo.VS.Templates.csproj", "{38B2D38C-9B81-4B12-8E0F-B3DA9538C77F}"
EndProject
Project("{FAE04EC0-301F-11D3-BF4B-00C04F79EFBC}") = "TickTrader.Algo.TestCollection", "TickTrader.Algo.TestCollection\TickTrader.Algo.TestCollection.csproj", "{3AE398F5-5506-4375-B29B-DCC43AC58F24}"
EndProject
Project("{9A19103F-16F7-4668-BE54-9A1E7A4F7556}") = "TickTrader.BotAgent", "TickTrader.BotAgent\TickTrader.BotAgent.csproj", "{3B1B99F1-33CB-40E0-B54C-9CEC9AE86B2C}"
EndProject
Project("{FAE04EC0-301F-11D3-BF4B-00C04F79EFBC}") = "TickTrader.Algo.VersionTest", "TickTrader.Algo.VersionTest\TickTrader.Algo.VersionTest.csproj", "{D1A91113-21C6-4AAE-A2F1-34A7014D468F}"
EndProject
Project("{FAE04EC0-301F-11D3-BF4B-00C04F79EFBC}") = "TickTrader.Algo.Core.UnitTest", "TickTrader.Algo.Core.UnitTest\TickTrader.Algo.Core.UnitTest.csproj", "{444EB73B-8D30-4A43-A916-F39ACF6D6B33}"
EndProject
Project("{FAE04EC0-301F-11D3-BF4B-00C04F79EFBC}") = "TickTrader.Algo.Common", "TickTrader.Algo.Common\TickTrader.Algo.Common.csproj", "{BFFE802C-BCB0-4376-9551-977FE8C277D2}"
EndProject
Project("{2150E333-8FDC-42A3-9474-1A3956D46DE8}") = "Solution Items", "Solution Items", "{E68C560F-94C2-4A84-A921-97F40B666DB4}"
	ProjectSection(SolutionItems) = preProject
		nuget.config = nuget.config
	EndProjectSection
EndProject
Project("{FAE04EC0-301F-11D3-BF4B-00C04F79EFBC}") = "TickTrader.BotAgent.CmdUtil", "TickTrader.BotAgent.CmdUtil\TickTrader.BotAgent.CmdUtil.csproj", "{3250282E-6337-46DC-9438-FDE2C0FB37DC}"
EndProject
Project("{FAE04EC0-301F-11D3-BF4B-00C04F79EFBC}") = "TickTrader.Algo.Protocol", "TickTrader.Algo.Protocol\TickTrader.Algo.Protocol.csproj", "{7AE78BD0-33FD-421E-A16F-37ADEA680870}"
EndProject
Project("{FAE04EC0-301F-11D3-BF4B-00C04F79EFBC}") = "TickTrader.SeriesStorage", "TickTrader.SeriesStorage\TickTrader.SeriesStorage.csproj", "{6664E69F-2180-4D7E-B51E-C81C9F5CC47D}"
EndProject
Project("{FAE04EC0-301F-11D3-BF4B-00C04F79EFBC}") = "TickTrader.SeriesStorage.LevelDb", "TickTrader.SeriesStorage.LevelDb\TickTrader.SeriesStorage.LevelDb.csproj", "{CB30B69A-DE4D-4819-8E83-CF5DD80CD060}"
EndProject
Project("{FAE04EC0-301F-11D3-BF4B-00C04F79EFBC}") = "TickTrader.SeriesStorage.Protobuf", "TickTrader.SeriesStorage.Protobuf\TickTrader.SeriesStorage.Protobuf.csproj", "{AF05CCD3-0E2F-4F8A-8124-27B16162A0C1}"
EndProject
Project("{FAE04EC0-301F-11D3-BF4B-00C04F79EFBC}") = "TickTrader.SeriesStorage.UnitTest", "TickTrader.SeriesStorage.UnitTest\TickTrader.SeriesStorage.UnitTest.csproj", "{7E5888D8-162B-4736-BE1B-E39EC114F4C3}"
EndProject
Project("{FAE04EC0-301F-11D3-BF4B-00C04F79EFBC}") = "Machinarium.UnitTest", "Machinarium.UnitTest\Machinarium.UnitTest.csproj", "{FE846DE3-F22F-4CB0-89F2-21413FDEE45C}"
EndProject
Project("{FAE04EC0-301F-11D3-BF4B-00C04F79EFBC}") = "TickTrader.Algo.Ext", "TickTrader.Algo.Ext\TickTrader.Algo.Ext.csproj", "{4EC2F84D-EF40-498E-A277-4EB91BECEA4B}"
EndProject
Project("{9A19103F-16F7-4668-BE54-9A1E7A4F7556}") = "ActorSharp", "ActorSharp\ActorSharp.csproj", "{7D6B7BBA-586C-4A69-A368-6BF9B87026B2}"
EndProject
Project("{FAE04EC0-301F-11D3-BF4B-00C04F79EFBC}") = "TickTrader.SeriesStorage.Lmdb", "TickTrader.SeriesStorage.Lmdb\TickTrader.SeriesStorage.Lmdb.csproj", "{6A279398-A13B-4462-8CB9-F7514B92C584}"
EndProject
Project("{2150E333-8FDC-42A3-9474-1A3956D46DE8}") = "Communication", "Communication", "{D769F281-71EE-4B56-8A17-D266B2159504}"
EndProject
Project("{2150E333-8FDC-42A3-9474-1A3956D46DE8}") = "Sfx", "Sfx", "{F174B9A6-C8BD-4525-BC5D-AC1E6ABFBE8F}"
EndProject
Project("{2150E333-8FDC-42A3-9474-1A3956D46DE8}") = "FDK2", "FDK2", "{CA8F729F-EF51-4814-8A37-4BFF3527BEB0}"
EndProject
Project("{FAE04EC0-301F-11D3-BF4B-00C04F79EFBC}") = "Calculator", "modules\FDK2\Calculator\Calculator.csproj", "{D52DA7C0-3DD2-4E26-BBCE-F9A2DC09AA9D}"
EndProject
Project("{FAE04EC0-301F-11D3-BF4B-00C04F79EFBC}") = "Client", "modules\FDK2\Client\Client.csproj", "{23D9DE1A-92C0-42FC-875B-5881CE8433D4}"
EndProject
Project("{FAE04EC0-301F-11D3-BF4B-00C04F79EFBC}") = "Common", "modules\FDK2\Common\Common.csproj", "{D52DA7C0-3CF2-4E26-BBCE-F9A2DC09589D}"
EndProject
Project("{FAE04EC0-301F-11D3-BF4B-00C04F79EFBC}") = "Extended", "modules\FDK2\Extended\Extended.csproj", "{EC1A8251-1B9A-4BBE-8A8C-BC8CD7DA60E0}"
EndProject
Project("{FAE04EC0-301F-11D3-BF4B-00C04F79EFBC}") = "Standard", "modules\FDK2\Standard\Standard.csproj", "{EC1A8251-119A-44BE-8A8C-BC7823876763}"
EndProject
Project("{FAE04EC0-301F-11D3-BF4B-00C04F79EFBC}") = "Core", "modules\FDK2\modules\sfx\DotNet\Core\Core.csproj", "{2A4856E5-8D40-41F7-88D1-57D1888DB660}"
EndProject
Project("{FAE04EC0-301F-11D3-BF4B-00C04F79EFBC}") = "OrderEntry", "modules\FDK2\modules\sfx\DotNet\OrderEntry\OrderEntry.csproj", "{5BFFF9BD-D17C-4A73-AD7D-0E047FAEC28B}"
EndProject
Project("{FAE04EC0-301F-11D3-BF4B-00C04F79EFBC}") = "QuoteFeed", "modules\FDK2\modules\sfx\DotNet\QuoteFeed\QuoteFeed.csproj", "{451E16C9-DDEC-4ADD-B5CF-E04C96095675}"
EndProject
Project("{FAE04EC0-301F-11D3-BF4B-00C04F79EFBC}") = "QuoteStore", "modules\FDK2\modules\sfx\DotNet\QuoteStore\QuoteStore.csproj", "{451E16C9-DDEC-4ADD-B5CF-E03498347475}"
EndProject
Project("{FAE04EC0-301F-11D3-BF4B-00C04F79EFBC}") = "TradeCapture", "modules\FDK2\modules\sfx\DotNet\TradeCapture\TradeCapture.csproj", "{451E16C9-DDEC-4ADD-B5CF-C34546647475}"
EndProject
Global
	GlobalSection(SolutionConfigurationPlatforms) = preSolution
		Debug|Any CPU = Debug|Any CPU
		Debug|x64 = Debug|x64
		Debug|x86 = Debug|x86
		Release|Any CPU = Release|Any CPU
		Release|x64 = Release|x64
		Release|x86 = Release|x86
	EndGlobalSection
	GlobalSection(ProjectConfigurationPlatforms) = postSolution
		{8901C84D-FB62-433C-A25F-4D24255B9453}.Debug|Any CPU.ActiveCfg = Debug|Any CPU
		{8901C84D-FB62-433C-A25F-4D24255B9453}.Debug|Any CPU.Build.0 = Debug|Any CPU
		{8901C84D-FB62-433C-A25F-4D24255B9453}.Debug|x64.ActiveCfg = Debug|Any CPU
		{8901C84D-FB62-433C-A25F-4D24255B9453}.Debug|x64.Build.0 = Debug|Any CPU
		{8901C84D-FB62-433C-A25F-4D24255B9453}.Debug|x86.ActiveCfg = Debug|Any CPU
		{8901C84D-FB62-433C-A25F-4D24255B9453}.Debug|x86.Build.0 = Debug|Any CPU
		{8901C84D-FB62-433C-A25F-4D24255B9453}.Release|Any CPU.ActiveCfg = Release|Any CPU
		{8901C84D-FB62-433C-A25F-4D24255B9453}.Release|Any CPU.Build.0 = Release|Any CPU
		{8901C84D-FB62-433C-A25F-4D24255B9453}.Release|x64.ActiveCfg = Release|Any CPU
		{8901C84D-FB62-433C-A25F-4D24255B9453}.Release|x64.Build.0 = Release|Any CPU
		{8901C84D-FB62-433C-A25F-4D24255B9453}.Release|x86.ActiveCfg = Release|Any CPU
		{8901C84D-FB62-433C-A25F-4D24255B9453}.Release|x86.Build.0 = Release|Any CPU
		{8BAB901C-10BB-4EB7-B81E-716FA05B6957}.Debug|Any CPU.ActiveCfg = Debug|Any CPU
		{8BAB901C-10BB-4EB7-B81E-716FA05B6957}.Debug|Any CPU.Build.0 = Debug|Any CPU
		{8BAB901C-10BB-4EB7-B81E-716FA05B6957}.Debug|x64.ActiveCfg = Debug|Any CPU
		{8BAB901C-10BB-4EB7-B81E-716FA05B6957}.Debug|x64.Build.0 = Debug|Any CPU
		{8BAB901C-10BB-4EB7-B81E-716FA05B6957}.Debug|x86.ActiveCfg = Debug|Any CPU
		{8BAB901C-10BB-4EB7-B81E-716FA05B6957}.Debug|x86.Build.0 = Debug|Any CPU
		{8BAB901C-10BB-4EB7-B81E-716FA05B6957}.Release|Any CPU.ActiveCfg = Release|Any CPU
		{8BAB901C-10BB-4EB7-B81E-716FA05B6957}.Release|Any CPU.Build.0 = Release|Any CPU
		{8BAB901C-10BB-4EB7-B81E-716FA05B6957}.Release|x64.ActiveCfg = Release|Any CPU
		{8BAB901C-10BB-4EB7-B81E-716FA05B6957}.Release|x64.Build.0 = Release|Any CPU
		{8BAB901C-10BB-4EB7-B81E-716FA05B6957}.Release|x86.ActiveCfg = Release|Any CPU
		{8BAB901C-10BB-4EB7-B81E-716FA05B6957}.Release|x86.Build.0 = Release|Any CPU
		{D5C53515-D7E3-476F-9119-3102FE30E425}.Debug|Any CPU.ActiveCfg = Debug|Any CPU
		{D5C53515-D7E3-476F-9119-3102FE30E425}.Debug|Any CPU.Build.0 = Debug|Any CPU
		{D5C53515-D7E3-476F-9119-3102FE30E425}.Debug|x64.ActiveCfg = Debug|Any CPU
		{D5C53515-D7E3-476F-9119-3102FE30E425}.Debug|x64.Build.0 = Debug|Any CPU
		{D5C53515-D7E3-476F-9119-3102FE30E425}.Debug|x86.ActiveCfg = Debug|Any CPU
		{D5C53515-D7E3-476F-9119-3102FE30E425}.Debug|x86.Build.0 = Debug|Any CPU
		{D5C53515-D7E3-476F-9119-3102FE30E425}.Release|Any CPU.ActiveCfg = Release|Any CPU
		{D5C53515-D7E3-476F-9119-3102FE30E425}.Release|Any CPU.Build.0 = Release|Any CPU
		{D5C53515-D7E3-476F-9119-3102FE30E425}.Release|x64.ActiveCfg = Release|Any CPU
		{D5C53515-D7E3-476F-9119-3102FE30E425}.Release|x64.Build.0 = Release|Any CPU
		{D5C53515-D7E3-476F-9119-3102FE30E425}.Release|x86.ActiveCfg = Release|Any CPU
		{D5C53515-D7E3-476F-9119-3102FE30E425}.Release|x86.Build.0 = Release|Any CPU
		{BD57B7B2-0B30-4616-A656-90BDA6B14EEB}.Debug|Any CPU.ActiveCfg = Debug|Any CPU
		{BD57B7B2-0B30-4616-A656-90BDA6B14EEB}.Debug|Any CPU.Build.0 = Debug|Any CPU
		{BD57B7B2-0B30-4616-A656-90BDA6B14EEB}.Debug|x64.ActiveCfg = Debug|Any CPU
		{BD57B7B2-0B30-4616-A656-90BDA6B14EEB}.Debug|x64.Build.0 = Debug|Any CPU
		{BD57B7B2-0B30-4616-A656-90BDA6B14EEB}.Debug|x86.ActiveCfg = Debug|Any CPU
		{BD57B7B2-0B30-4616-A656-90BDA6B14EEB}.Debug|x86.Build.0 = Debug|Any CPU
		{BD57B7B2-0B30-4616-A656-90BDA6B14EEB}.Release|Any CPU.ActiveCfg = Release|Any CPU
		{BD57B7B2-0B30-4616-A656-90BDA6B14EEB}.Release|Any CPU.Build.0 = Release|Any CPU
		{BD57B7B2-0B30-4616-A656-90BDA6B14EEB}.Release|x64.ActiveCfg = Release|Any CPU
		{BD57B7B2-0B30-4616-A656-90BDA6B14EEB}.Release|x64.Build.0 = Release|Any CPU
		{BD57B7B2-0B30-4616-A656-90BDA6B14EEB}.Release|x86.ActiveCfg = Release|Any CPU
		{BD57B7B2-0B30-4616-A656-90BDA6B14EEB}.Release|x86.Build.0 = Release|Any CPU
		{5206F70A-4970-4488-982D-C81E42550B07}.Debug|Any CPU.ActiveCfg = Debug|Any CPU
		{5206F70A-4970-4488-982D-C81E42550B07}.Debug|Any CPU.Build.0 = Debug|Any CPU
		{5206F70A-4970-4488-982D-C81E42550B07}.Debug|x64.ActiveCfg = Debug|Any CPU
		{5206F70A-4970-4488-982D-C81E42550B07}.Debug|x64.Build.0 = Debug|Any CPU
		{5206F70A-4970-4488-982D-C81E42550B07}.Debug|x86.ActiveCfg = Debug|Any CPU
		{5206F70A-4970-4488-982D-C81E42550B07}.Debug|x86.Build.0 = Debug|Any CPU
		{5206F70A-4970-4488-982D-C81E42550B07}.Release|Any CPU.ActiveCfg = Release|Any CPU
		{5206F70A-4970-4488-982D-C81E42550B07}.Release|Any CPU.Build.0 = Release|Any CPU
		{5206F70A-4970-4488-982D-C81E42550B07}.Release|x64.ActiveCfg = Release|Any CPU
		{5206F70A-4970-4488-982D-C81E42550B07}.Release|x64.Build.0 = Release|Any CPU
		{5206F70A-4970-4488-982D-C81E42550B07}.Release|x86.ActiveCfg = Release|Any CPU
		{5206F70A-4970-4488-982D-C81E42550B07}.Release|x86.Build.0 = Release|Any CPU
		{127406A9-5D62-4FE7-9680-1D2DEED7564F}.Debug|Any CPU.ActiveCfg = Debug|Any CPU
		{127406A9-5D62-4FE7-9680-1D2DEED7564F}.Debug|Any CPU.Build.0 = Debug|Any CPU
		{127406A9-5D62-4FE7-9680-1D2DEED7564F}.Debug|x64.ActiveCfg = Debug|Any CPU
		{127406A9-5D62-4FE7-9680-1D2DEED7564F}.Debug|x64.Build.0 = Debug|Any CPU
		{127406A9-5D62-4FE7-9680-1D2DEED7564F}.Debug|x86.ActiveCfg = Debug|Any CPU
		{127406A9-5D62-4FE7-9680-1D2DEED7564F}.Debug|x86.Build.0 = Debug|Any CPU
		{127406A9-5D62-4FE7-9680-1D2DEED7564F}.Release|Any CPU.ActiveCfg = Release|Any CPU
		{127406A9-5D62-4FE7-9680-1D2DEED7564F}.Release|Any CPU.Build.0 = Release|Any CPU
		{127406A9-5D62-4FE7-9680-1D2DEED7564F}.Release|x64.ActiveCfg = Release|Any CPU
		{127406A9-5D62-4FE7-9680-1D2DEED7564F}.Release|x64.Build.0 = Release|Any CPU
		{127406A9-5D62-4FE7-9680-1D2DEED7564F}.Release|x86.ActiveCfg = Release|Any CPU
		{127406A9-5D62-4FE7-9680-1D2DEED7564F}.Release|x86.Build.0 = Release|Any CPU
		{DF05B4CC-200A-436B-91CC-BEBE7D89B8AD}.Debug|Any CPU.ActiveCfg = Debug|Any CPU
		{DF05B4CC-200A-436B-91CC-BEBE7D89B8AD}.Debug|Any CPU.Build.0 = Debug|Any CPU
		{DF05B4CC-200A-436B-91CC-BEBE7D89B8AD}.Debug|x64.ActiveCfg = Debug|Any CPU
		{DF05B4CC-200A-436B-91CC-BEBE7D89B8AD}.Debug|x64.Build.0 = Debug|Any CPU
		{DF05B4CC-200A-436B-91CC-BEBE7D89B8AD}.Debug|x86.ActiveCfg = Debug|Any CPU
		{DF05B4CC-200A-436B-91CC-BEBE7D89B8AD}.Debug|x86.Build.0 = Debug|Any CPU
		{DF05B4CC-200A-436B-91CC-BEBE7D89B8AD}.Release|Any CPU.ActiveCfg = Release|Any CPU
		{DF05B4CC-200A-436B-91CC-BEBE7D89B8AD}.Release|Any CPU.Build.0 = Release|Any CPU
		{DF05B4CC-200A-436B-91CC-BEBE7D89B8AD}.Release|x64.ActiveCfg = Release|Any CPU
		{DF05B4CC-200A-436B-91CC-BEBE7D89B8AD}.Release|x64.Build.0 = Release|Any CPU
		{DF05B4CC-200A-436B-91CC-BEBE7D89B8AD}.Release|x86.ActiveCfg = Release|Any CPU
		{DF05B4CC-200A-436B-91CC-BEBE7D89B8AD}.Release|x86.Build.0 = Release|Any CPU
		{3B5B02D8-8666-4AF6-90BA-D0B6A0E10E01}.Debug|Any CPU.ActiveCfg = Debug|Any CPU
		{3B5B02D8-8666-4AF6-90BA-D0B6A0E10E01}.Debug|Any CPU.Build.0 = Debug|Any CPU
		{3B5B02D8-8666-4AF6-90BA-D0B6A0E10E01}.Debug|x64.ActiveCfg = Debug|Any CPU
		{3B5B02D8-8666-4AF6-90BA-D0B6A0E10E01}.Debug|x64.Build.0 = Debug|Any CPU
		{3B5B02D8-8666-4AF6-90BA-D0B6A0E10E01}.Debug|x86.ActiveCfg = Debug|Any CPU
		{3B5B02D8-8666-4AF6-90BA-D0B6A0E10E01}.Debug|x86.Build.0 = Debug|Any CPU
		{3B5B02D8-8666-4AF6-90BA-D0B6A0E10E01}.Release|Any CPU.ActiveCfg = Release|Any CPU
		{3B5B02D8-8666-4AF6-90BA-D0B6A0E10E01}.Release|Any CPU.Build.0 = Release|Any CPU
		{3B5B02D8-8666-4AF6-90BA-D0B6A0E10E01}.Release|x64.ActiveCfg = Release|Any CPU
		{3B5B02D8-8666-4AF6-90BA-D0B6A0E10E01}.Release|x64.Build.0 = Release|Any CPU
		{3B5B02D8-8666-4AF6-90BA-D0B6A0E10E01}.Release|x86.ActiveCfg = Release|Any CPU
		{3B5B02D8-8666-4AF6-90BA-D0B6A0E10E01}.Release|x86.Build.0 = Release|Any CPU
		{546B0A8D-6964-40DF-B539-C988F8241D56}.Debug|Any CPU.ActiveCfg = Debug|Any CPU
		{546B0A8D-6964-40DF-B539-C988F8241D56}.Debug|Any CPU.Build.0 = Debug|Any CPU
		{546B0A8D-6964-40DF-B539-C988F8241D56}.Debug|x64.ActiveCfg = Debug|Any CPU
		{546B0A8D-6964-40DF-B539-C988F8241D56}.Debug|x64.Build.0 = Debug|Any CPU
		{546B0A8D-6964-40DF-B539-C988F8241D56}.Debug|x86.ActiveCfg = Debug|Any CPU
		{546B0A8D-6964-40DF-B539-C988F8241D56}.Debug|x86.Build.0 = Debug|Any CPU
		{546B0A8D-6964-40DF-B539-C988F8241D56}.Release|Any CPU.ActiveCfg = Release|Any CPU
		{546B0A8D-6964-40DF-B539-C988F8241D56}.Release|Any CPU.Build.0 = Release|Any CPU
		{546B0A8D-6964-40DF-B539-C988F8241D56}.Release|x64.ActiveCfg = Release|Any CPU
		{546B0A8D-6964-40DF-B539-C988F8241D56}.Release|x64.Build.0 = Release|Any CPU
		{546B0A8D-6964-40DF-B539-C988F8241D56}.Release|x86.ActiveCfg = Release|Any CPU
		{546B0A8D-6964-40DF-B539-C988F8241D56}.Release|x86.Build.0 = Release|Any CPU
		{8E54FEE6-D903-4E11-A003-CD2AF022EDD9}.Debug|Any CPU.ActiveCfg = Debug|Any CPU
		{8E54FEE6-D903-4E11-A003-CD2AF022EDD9}.Debug|Any CPU.Build.0 = Debug|Any CPU
		{8E54FEE6-D903-4E11-A003-CD2AF022EDD9}.Debug|x64.ActiveCfg = Debug|Any CPU
		{8E54FEE6-D903-4E11-A003-CD2AF022EDD9}.Debug|x64.Build.0 = Debug|Any CPU
		{8E54FEE6-D903-4E11-A003-CD2AF022EDD9}.Debug|x86.ActiveCfg = Debug|Any CPU
		{8E54FEE6-D903-4E11-A003-CD2AF022EDD9}.Debug|x86.Build.0 = Debug|Any CPU
		{8E54FEE6-D903-4E11-A003-CD2AF022EDD9}.Release|Any CPU.ActiveCfg = Release|Any CPU
		{8E54FEE6-D903-4E11-A003-CD2AF022EDD9}.Release|Any CPU.Build.0 = Release|Any CPU
		{8E54FEE6-D903-4E11-A003-CD2AF022EDD9}.Release|x64.ActiveCfg = Release|Any CPU
		{8E54FEE6-D903-4E11-A003-CD2AF022EDD9}.Release|x64.Build.0 = Release|Any CPU
		{8E54FEE6-D903-4E11-A003-CD2AF022EDD9}.Release|x86.ActiveCfg = Release|Any CPU
		{8E54FEE6-D903-4E11-A003-CD2AF022EDD9}.Release|x86.Build.0 = Release|Any CPU
		{19514472-B817-4447-B155-337661C29440}.Debug|Any CPU.ActiveCfg = Debug|Any CPU
		{19514472-B817-4447-B155-337661C29440}.Debug|Any CPU.Build.0 = Debug|Any CPU
		{19514472-B817-4447-B155-337661C29440}.Debug|x64.ActiveCfg = Debug|Any CPU
		{19514472-B817-4447-B155-337661C29440}.Debug|x64.Build.0 = Debug|Any CPU
		{19514472-B817-4447-B155-337661C29440}.Debug|x86.ActiveCfg = Debug|Any CPU
		{19514472-B817-4447-B155-337661C29440}.Debug|x86.Build.0 = Debug|Any CPU
		{19514472-B817-4447-B155-337661C29440}.Release|Any CPU.ActiveCfg = Release|Any CPU
		{19514472-B817-4447-B155-337661C29440}.Release|Any CPU.Build.0 = Release|Any CPU
		{19514472-B817-4447-B155-337661C29440}.Release|x64.ActiveCfg = Release|Any CPU
		{19514472-B817-4447-B155-337661C29440}.Release|x64.Build.0 = Release|Any CPU
		{19514472-B817-4447-B155-337661C29440}.Release|x86.ActiveCfg = Release|Any CPU
		{19514472-B817-4447-B155-337661C29440}.Release|x86.Build.0 = Release|Any CPU
		{FB93507A-17D8-4C0C-90EB-7F439BF92840}.Debug|Any CPU.ActiveCfg = Debug|Any CPU
		{FB93507A-17D8-4C0C-90EB-7F439BF92840}.Debug|x64.ActiveCfg = Debug|Any CPU
		{FB93507A-17D8-4C0C-90EB-7F439BF92840}.Debug|x64.Build.0 = Debug|Any CPU
		{FB93507A-17D8-4C0C-90EB-7F439BF92840}.Debug|x86.ActiveCfg = Debug|Any CPU
		{FB93507A-17D8-4C0C-90EB-7F439BF92840}.Debug|x86.Build.0 = Debug|Any CPU
		{FB93507A-17D8-4C0C-90EB-7F439BF92840}.Release|Any CPU.ActiveCfg = Release|Any CPU
		{FB93507A-17D8-4C0C-90EB-7F439BF92840}.Release|Any CPU.Build.0 = Release|Any CPU
		{FB93507A-17D8-4C0C-90EB-7F439BF92840}.Release|x64.ActiveCfg = Release|Any CPU
		{FB93507A-17D8-4C0C-90EB-7F439BF92840}.Release|x64.Build.0 = Release|Any CPU
		{FB93507A-17D8-4C0C-90EB-7F439BF92840}.Release|x86.ActiveCfg = Release|Any CPU
		{FB93507A-17D8-4C0C-90EB-7F439BF92840}.Release|x86.Build.0 = Release|Any CPU
		{38B2D38C-9B81-4B12-8E0F-B3DA9538C77F}.Debug|Any CPU.ActiveCfg = Debug|Any CPU
		{38B2D38C-9B81-4B12-8E0F-B3DA9538C77F}.Debug|x64.ActiveCfg = Debug|Any CPU
		{38B2D38C-9B81-4B12-8E0F-B3DA9538C77F}.Debug|x64.Build.0 = Debug|Any CPU
		{38B2D38C-9B81-4B12-8E0F-B3DA9538C77F}.Debug|x86.ActiveCfg = Debug|Any CPU
		{38B2D38C-9B81-4B12-8E0F-B3DA9538C77F}.Debug|x86.Build.0 = Debug|Any CPU
		{38B2D38C-9B81-4B12-8E0F-B3DA9538C77F}.Release|Any CPU.ActiveCfg = Release|Any CPU
		{38B2D38C-9B81-4B12-8E0F-B3DA9538C77F}.Release|Any CPU.Build.0 = Release|Any CPU
		{38B2D38C-9B81-4B12-8E0F-B3DA9538C77F}.Release|x64.ActiveCfg = Release|Any CPU
		{38B2D38C-9B81-4B12-8E0F-B3DA9538C77F}.Release|x64.Build.0 = Release|Any CPU
		{38B2D38C-9B81-4B12-8E0F-B3DA9538C77F}.Release|x86.ActiveCfg = Release|Any CPU
		{38B2D38C-9B81-4B12-8E0F-B3DA9538C77F}.Release|x86.Build.0 = Release|Any CPU
		{3AE398F5-5506-4375-B29B-DCC43AC58F24}.Debug|Any CPU.ActiveCfg = Debug|Any CPU
		{3AE398F5-5506-4375-B29B-DCC43AC58F24}.Debug|Any CPU.Build.0 = Debug|Any CPU
		{3AE398F5-5506-4375-B29B-DCC43AC58F24}.Debug|x64.ActiveCfg = Debug|Any CPU
		{3AE398F5-5506-4375-B29B-DCC43AC58F24}.Debug|x64.Build.0 = Debug|Any CPU
		{3AE398F5-5506-4375-B29B-DCC43AC58F24}.Debug|x86.ActiveCfg = Debug|Any CPU
		{3AE398F5-5506-4375-B29B-DCC43AC58F24}.Debug|x86.Build.0 = Debug|Any CPU
		{3AE398F5-5506-4375-B29B-DCC43AC58F24}.Release|Any CPU.ActiveCfg = Release|Any CPU
		{3AE398F5-5506-4375-B29B-DCC43AC58F24}.Release|Any CPU.Build.0 = Release|Any CPU
		{3AE398F5-5506-4375-B29B-DCC43AC58F24}.Release|x64.ActiveCfg = Release|Any CPU
		{3AE398F5-5506-4375-B29B-DCC43AC58F24}.Release|x64.Build.0 = Release|Any CPU
		{3AE398F5-5506-4375-B29B-DCC43AC58F24}.Release|x86.ActiveCfg = Release|Any CPU
		{3AE398F5-5506-4375-B29B-DCC43AC58F24}.Release|x86.Build.0 = Release|Any CPU
		{3B1B99F1-33CB-40E0-B54C-9CEC9AE86B2C}.Debug|Any CPU.ActiveCfg = Debug|Any CPU
		{3B1B99F1-33CB-40E0-B54C-9CEC9AE86B2C}.Debug|Any CPU.Build.0 = Debug|Any CPU
		{3B1B99F1-33CB-40E0-B54C-9CEC9AE86B2C}.Debug|x64.ActiveCfg = Debug|Any CPU
		{3B1B99F1-33CB-40E0-B54C-9CEC9AE86B2C}.Debug|x64.Build.0 = Debug|Any CPU
		{3B1B99F1-33CB-40E0-B54C-9CEC9AE86B2C}.Debug|x86.ActiveCfg = Debug|Any CPU
		{3B1B99F1-33CB-40E0-B54C-9CEC9AE86B2C}.Debug|x86.Build.0 = Debug|Any CPU
		{3B1B99F1-33CB-40E0-B54C-9CEC9AE86B2C}.Release|Any CPU.ActiveCfg = Release|Any CPU
		{3B1B99F1-33CB-40E0-B54C-9CEC9AE86B2C}.Release|Any CPU.Build.0 = Release|Any CPU
		{3B1B99F1-33CB-40E0-B54C-9CEC9AE86B2C}.Release|x64.ActiveCfg = Release|Any CPU
		{3B1B99F1-33CB-40E0-B54C-9CEC9AE86B2C}.Release|x64.Build.0 = Release|Any CPU
		{3B1B99F1-33CB-40E0-B54C-9CEC9AE86B2C}.Release|x86.ActiveCfg = Release|Any CPU
		{3B1B99F1-33CB-40E0-B54C-9CEC9AE86B2C}.Release|x86.Build.0 = Release|Any CPU
		{D1A91113-21C6-4AAE-A2F1-34A7014D468F}.Debug|Any CPU.ActiveCfg = Debug|Any CPU
		{D1A91113-21C6-4AAE-A2F1-34A7014D468F}.Debug|Any CPU.Build.0 = Debug|Any CPU
		{D1A91113-21C6-4AAE-A2F1-34A7014D468F}.Debug|x64.ActiveCfg = Debug|Any CPU
		{D1A91113-21C6-4AAE-A2F1-34A7014D468F}.Debug|x64.Build.0 = Debug|Any CPU
		{D1A91113-21C6-4AAE-A2F1-34A7014D468F}.Debug|x86.ActiveCfg = Debug|Any CPU
		{D1A91113-21C6-4AAE-A2F1-34A7014D468F}.Debug|x86.Build.0 = Debug|Any CPU
		{D1A91113-21C6-4AAE-A2F1-34A7014D468F}.Release|Any CPU.ActiveCfg = Release|Any CPU
		{D1A91113-21C6-4AAE-A2F1-34A7014D468F}.Release|Any CPU.Build.0 = Release|Any CPU
		{D1A91113-21C6-4AAE-A2F1-34A7014D468F}.Release|x64.ActiveCfg = Release|Any CPU
		{D1A91113-21C6-4AAE-A2F1-34A7014D468F}.Release|x64.Build.0 = Release|Any CPU
		{D1A91113-21C6-4AAE-A2F1-34A7014D468F}.Release|x86.ActiveCfg = Release|Any CPU
		{D1A91113-21C6-4AAE-A2F1-34A7014D468F}.Release|x86.Build.0 = Release|Any CPU
		{444EB73B-8D30-4A43-A916-F39ACF6D6B33}.Debug|Any CPU.ActiveCfg = Debug|Any CPU
		{444EB73B-8D30-4A43-A916-F39ACF6D6B33}.Debug|Any CPU.Build.0 = Debug|Any CPU
		{444EB73B-8D30-4A43-A916-F39ACF6D6B33}.Debug|x64.ActiveCfg = Debug|Any CPU
		{444EB73B-8D30-4A43-A916-F39ACF6D6B33}.Debug|x64.Build.0 = Debug|Any CPU
		{444EB73B-8D30-4A43-A916-F39ACF6D6B33}.Debug|x86.ActiveCfg = Debug|Any CPU
		{444EB73B-8D30-4A43-A916-F39ACF6D6B33}.Debug|x86.Build.0 = Debug|Any CPU
		{444EB73B-8D30-4A43-A916-F39ACF6D6B33}.Release|Any CPU.ActiveCfg = Release|Any CPU
		{444EB73B-8D30-4A43-A916-F39ACF6D6B33}.Release|Any CPU.Build.0 = Release|Any CPU
		{444EB73B-8D30-4A43-A916-F39ACF6D6B33}.Release|x64.ActiveCfg = Release|Any CPU
		{444EB73B-8D30-4A43-A916-F39ACF6D6B33}.Release|x64.Build.0 = Release|Any CPU
		{444EB73B-8D30-4A43-A916-F39ACF6D6B33}.Release|x86.ActiveCfg = Release|Any CPU
		{444EB73B-8D30-4A43-A916-F39ACF6D6B33}.Release|x86.Build.0 = Release|Any CPU
		{BFFE802C-BCB0-4376-9551-977FE8C277D2}.Debug|Any CPU.ActiveCfg = Debug|Any CPU
		{BFFE802C-BCB0-4376-9551-977FE8C277D2}.Debug|Any CPU.Build.0 = Debug|Any CPU
		{BFFE802C-BCB0-4376-9551-977FE8C277D2}.Debug|x64.ActiveCfg = Debug|Any CPU
		{BFFE802C-BCB0-4376-9551-977FE8C277D2}.Debug|x64.Build.0 = Debug|Any CPU
		{BFFE802C-BCB0-4376-9551-977FE8C277D2}.Debug|x86.ActiveCfg = Debug|Any CPU
		{BFFE802C-BCB0-4376-9551-977FE8C277D2}.Debug|x86.Build.0 = Debug|Any CPU
		{BFFE802C-BCB0-4376-9551-977FE8C277D2}.Release|Any CPU.ActiveCfg = Release|Any CPU
		{BFFE802C-BCB0-4376-9551-977FE8C277D2}.Release|Any CPU.Build.0 = Release|Any CPU
		{BFFE802C-BCB0-4376-9551-977FE8C277D2}.Release|x64.ActiveCfg = Release|Any CPU
		{BFFE802C-BCB0-4376-9551-977FE8C277D2}.Release|x64.Build.0 = Release|Any CPU
		{BFFE802C-BCB0-4376-9551-977FE8C277D2}.Release|x86.ActiveCfg = Release|Any CPU
		{BFFE802C-BCB0-4376-9551-977FE8C277D2}.Release|x86.Build.0 = Release|Any CPU
		{3250282E-6337-46DC-9438-FDE2C0FB37DC}.Debug|Any CPU.ActiveCfg = Debug|Any CPU
		{3250282E-6337-46DC-9438-FDE2C0FB37DC}.Debug|Any CPU.Build.0 = Debug|Any CPU
		{3250282E-6337-46DC-9438-FDE2C0FB37DC}.Debug|x64.ActiveCfg = Debug|Any CPU
		{3250282E-6337-46DC-9438-FDE2C0FB37DC}.Debug|x64.Build.0 = Debug|Any CPU
		{3250282E-6337-46DC-9438-FDE2C0FB37DC}.Debug|x86.ActiveCfg = Debug|Any CPU
		{3250282E-6337-46DC-9438-FDE2C0FB37DC}.Debug|x86.Build.0 = Debug|Any CPU
		{3250282E-6337-46DC-9438-FDE2C0FB37DC}.Release|Any CPU.ActiveCfg = Release|Any CPU
		{3250282E-6337-46DC-9438-FDE2C0FB37DC}.Release|Any CPU.Build.0 = Release|Any CPU
		{3250282E-6337-46DC-9438-FDE2C0FB37DC}.Release|x64.ActiveCfg = Release|Any CPU
		{3250282E-6337-46DC-9438-FDE2C0FB37DC}.Release|x64.Build.0 = Release|Any CPU
		{3250282E-6337-46DC-9438-FDE2C0FB37DC}.Release|x86.ActiveCfg = Release|Any CPU
		{3250282E-6337-46DC-9438-FDE2C0FB37DC}.Release|x86.Build.0 = Release|Any CPU
		{7AE78BD0-33FD-421E-A16F-37ADEA680870}.Debug|Any CPU.ActiveCfg = Debug|Any CPU
		{7AE78BD0-33FD-421E-A16F-37ADEA680870}.Debug|Any CPU.Build.0 = Debug|Any CPU
		{7AE78BD0-33FD-421E-A16F-37ADEA680870}.Debug|x64.ActiveCfg = Debug|Any CPU
		{7AE78BD0-33FD-421E-A16F-37ADEA680870}.Debug|x64.Build.0 = Debug|Any CPU
		{7AE78BD0-33FD-421E-A16F-37ADEA680870}.Debug|x86.ActiveCfg = Debug|Any CPU
		{7AE78BD0-33FD-421E-A16F-37ADEA680870}.Debug|x86.Build.0 = Debug|Any CPU
		{7AE78BD0-33FD-421E-A16F-37ADEA680870}.Release|Any CPU.ActiveCfg = Release|Any CPU
		{7AE78BD0-33FD-421E-A16F-37ADEA680870}.Release|Any CPU.Build.0 = Release|Any CPU
		{7AE78BD0-33FD-421E-A16F-37ADEA680870}.Release|x64.ActiveCfg = Release|Any CPU
		{7AE78BD0-33FD-421E-A16F-37ADEA680870}.Release|x64.Build.0 = Release|Any CPU
		{7AE78BD0-33FD-421E-A16F-37ADEA680870}.Release|x86.ActiveCfg = Release|Any CPU
		{7AE78BD0-33FD-421E-A16F-37ADEA680870}.Release|x86.Build.0 = Release|Any CPU
		{6664E69F-2180-4D7E-B51E-C81C9F5CC47D}.Debug|Any CPU.ActiveCfg = Debug|Any CPU
		{6664E69F-2180-4D7E-B51E-C81C9F5CC47D}.Debug|Any CPU.Build.0 = Debug|Any CPU
		{6664E69F-2180-4D7E-B51E-C81C9F5CC47D}.Debug|x64.ActiveCfg = Debug|Any CPU
		{6664E69F-2180-4D7E-B51E-C81C9F5CC47D}.Debug|x64.Build.0 = Debug|Any CPU
		{6664E69F-2180-4D7E-B51E-C81C9F5CC47D}.Debug|x86.ActiveCfg = Debug|Any CPU
		{6664E69F-2180-4D7E-B51E-C81C9F5CC47D}.Debug|x86.Build.0 = Debug|Any CPU
		{6664E69F-2180-4D7E-B51E-C81C9F5CC47D}.Release|Any CPU.ActiveCfg = Release|Any CPU
		{6664E69F-2180-4D7E-B51E-C81C9F5CC47D}.Release|Any CPU.Build.0 = Release|Any CPU
		{6664E69F-2180-4D7E-B51E-C81C9F5CC47D}.Release|x64.ActiveCfg = Release|Any CPU
		{6664E69F-2180-4D7E-B51E-C81C9F5CC47D}.Release|x64.Build.0 = Release|Any CPU
		{6664E69F-2180-4D7E-B51E-C81C9F5CC47D}.Release|x86.ActiveCfg = Release|Any CPU
		{6664E69F-2180-4D7E-B51E-C81C9F5CC47D}.Release|x86.Build.0 = Release|Any CPU
		{CB30B69A-DE4D-4819-8E83-CF5DD80CD060}.Debug|Any CPU.ActiveCfg = Debug|Any CPU
		{CB30B69A-DE4D-4819-8E83-CF5DD80CD060}.Debug|Any CPU.Build.0 = Debug|Any CPU
		{CB30B69A-DE4D-4819-8E83-CF5DD80CD060}.Debug|x64.ActiveCfg = Debug|Any CPU
		{CB30B69A-DE4D-4819-8E83-CF5DD80CD060}.Debug|x64.Build.0 = Debug|Any CPU
		{CB30B69A-DE4D-4819-8E83-CF5DD80CD060}.Debug|x86.ActiveCfg = Debug|Any CPU
		{CB30B69A-DE4D-4819-8E83-CF5DD80CD060}.Debug|x86.Build.0 = Debug|Any CPU
		{CB30B69A-DE4D-4819-8E83-CF5DD80CD060}.Release|Any CPU.ActiveCfg = Release|Any CPU
		{CB30B69A-DE4D-4819-8E83-CF5DD80CD060}.Release|Any CPU.Build.0 = Release|Any CPU
		{CB30B69A-DE4D-4819-8E83-CF5DD80CD060}.Release|x64.ActiveCfg = Release|Any CPU
		{CB30B69A-DE4D-4819-8E83-CF5DD80CD060}.Release|x64.Build.0 = Release|Any CPU
		{CB30B69A-DE4D-4819-8E83-CF5DD80CD060}.Release|x86.ActiveCfg = Release|Any CPU
		{CB30B69A-DE4D-4819-8E83-CF5DD80CD060}.Release|x86.Build.0 = Release|Any CPU
		{AF05CCD3-0E2F-4F8A-8124-27B16162A0C1}.Debug|Any CPU.ActiveCfg = Debug|Any CPU
		{AF05CCD3-0E2F-4F8A-8124-27B16162A0C1}.Debug|Any CPU.Build.0 = Debug|Any CPU
		{AF05CCD3-0E2F-4F8A-8124-27B16162A0C1}.Debug|x64.ActiveCfg = Debug|Any CPU
		{AF05CCD3-0E2F-4F8A-8124-27B16162A0C1}.Debug|x64.Build.0 = Debug|Any CPU
		{AF05CCD3-0E2F-4F8A-8124-27B16162A0C1}.Debug|x86.ActiveCfg = Debug|Any CPU
		{AF05CCD3-0E2F-4F8A-8124-27B16162A0C1}.Debug|x86.Build.0 = Debug|Any CPU
		{AF05CCD3-0E2F-4F8A-8124-27B16162A0C1}.Release|Any CPU.ActiveCfg = Release|Any CPU
		{AF05CCD3-0E2F-4F8A-8124-27B16162A0C1}.Release|Any CPU.Build.0 = Release|Any CPU
		{AF05CCD3-0E2F-4F8A-8124-27B16162A0C1}.Release|x64.ActiveCfg = Release|Any CPU
		{AF05CCD3-0E2F-4F8A-8124-27B16162A0C1}.Release|x64.Build.0 = Release|Any CPU
		{AF05CCD3-0E2F-4F8A-8124-27B16162A0C1}.Release|x86.ActiveCfg = Release|Any CPU
		{AF05CCD3-0E2F-4F8A-8124-27B16162A0C1}.Release|x86.Build.0 = Release|Any CPU
		{7E5888D8-162B-4736-BE1B-E39EC114F4C3}.Debug|Any CPU.ActiveCfg = Debug|Any CPU
		{7E5888D8-162B-4736-BE1B-E39EC114F4C3}.Debug|Any CPU.Build.0 = Debug|Any CPU
		{7E5888D8-162B-4736-BE1B-E39EC114F4C3}.Debug|x64.ActiveCfg = Debug|Any CPU
		{7E5888D8-162B-4736-BE1B-E39EC114F4C3}.Debug|x64.Build.0 = Debug|Any CPU
		{7E5888D8-162B-4736-BE1B-E39EC114F4C3}.Debug|x86.ActiveCfg = Debug|Any CPU
		{7E5888D8-162B-4736-BE1B-E39EC114F4C3}.Debug|x86.Build.0 = Debug|Any CPU
		{7E5888D8-162B-4736-BE1B-E39EC114F4C3}.Release|Any CPU.ActiveCfg = Release|Any CPU
		{7E5888D8-162B-4736-BE1B-E39EC114F4C3}.Release|Any CPU.Build.0 = Release|Any CPU
		{7E5888D8-162B-4736-BE1B-E39EC114F4C3}.Release|x64.ActiveCfg = Release|Any CPU
		{7E5888D8-162B-4736-BE1B-E39EC114F4C3}.Release|x64.Build.0 = Release|Any CPU
		{7E5888D8-162B-4736-BE1B-E39EC114F4C3}.Release|x86.ActiveCfg = Release|Any CPU
		{7E5888D8-162B-4736-BE1B-E39EC114F4C3}.Release|x86.Build.0 = Release|Any CPU
		{FE846DE3-F22F-4CB0-89F2-21413FDEE45C}.Debug|Any CPU.ActiveCfg = Debug|Any CPU
		{FE846DE3-F22F-4CB0-89F2-21413FDEE45C}.Debug|Any CPU.Build.0 = Debug|Any CPU
		{FE846DE3-F22F-4CB0-89F2-21413FDEE45C}.Debug|x64.ActiveCfg = Debug|Any CPU
		{FE846DE3-F22F-4CB0-89F2-21413FDEE45C}.Debug|x64.Build.0 = Debug|Any CPU
		{FE846DE3-F22F-4CB0-89F2-21413FDEE45C}.Debug|x86.ActiveCfg = Debug|Any CPU
		{FE846DE3-F22F-4CB0-89F2-21413FDEE45C}.Debug|x86.Build.0 = Debug|Any CPU
		{FE846DE3-F22F-4CB0-89F2-21413FDEE45C}.Release|Any CPU.ActiveCfg = Release|Any CPU
		{FE846DE3-F22F-4CB0-89F2-21413FDEE45C}.Release|Any CPU.Build.0 = Release|Any CPU
		{FE846DE3-F22F-4CB0-89F2-21413FDEE45C}.Release|x64.ActiveCfg = Release|Any CPU
		{FE846DE3-F22F-4CB0-89F2-21413FDEE45C}.Release|x64.Build.0 = Release|Any CPU
		{FE846DE3-F22F-4CB0-89F2-21413FDEE45C}.Release|x86.ActiveCfg = Release|Any CPU
		{FE846DE3-F22F-4CB0-89F2-21413FDEE45C}.Release|x86.Build.0 = Release|Any CPU
		{4EC2F84D-EF40-498E-A277-4EB91BECEA4B}.Debug|Any CPU.ActiveCfg = Debug|Any CPU
		{4EC2F84D-EF40-498E-A277-4EB91BECEA4B}.Debug|Any CPU.Build.0 = Debug|Any CPU
		{4EC2F84D-EF40-498E-A277-4EB91BECEA4B}.Debug|x64.ActiveCfg = Debug|Any CPU
		{4EC2F84D-EF40-498E-A277-4EB91BECEA4B}.Debug|x64.Build.0 = Debug|Any CPU
		{4EC2F84D-EF40-498E-A277-4EB91BECEA4B}.Debug|x86.ActiveCfg = Debug|Any CPU
		{4EC2F84D-EF40-498E-A277-4EB91BECEA4B}.Debug|x86.Build.0 = Debug|Any CPU
		{4EC2F84D-EF40-498E-A277-4EB91BECEA4B}.Release|Any CPU.ActiveCfg = Release|Any CPU
		{4EC2F84D-EF40-498E-A277-4EB91BECEA4B}.Release|Any CPU.Build.0 = Release|Any CPU
		{4EC2F84D-EF40-498E-A277-4EB91BECEA4B}.Release|x64.ActiveCfg = Release|Any CPU
		{4EC2F84D-EF40-498E-A277-4EB91BECEA4B}.Release|x64.Build.0 = Release|Any CPU
		{4EC2F84D-EF40-498E-A277-4EB91BECEA4B}.Release|x86.ActiveCfg = Release|Any CPU
		{4EC2F84D-EF40-498E-A277-4EB91BECEA4B}.Release|x86.Build.0 = Release|Any CPU
		{7D6B7BBA-586C-4A69-A368-6BF9B87026B2}.Debug|Any CPU.ActiveCfg = Debug|Any CPU
		{7D6B7BBA-586C-4A69-A368-6BF9B87026B2}.Debug|Any CPU.Build.0 = Debug|Any CPU
		{7D6B7BBA-586C-4A69-A368-6BF9B87026B2}.Debug|x64.ActiveCfg = Debug|Any CPU
		{7D6B7BBA-586C-4A69-A368-6BF9B87026B2}.Debug|x64.Build.0 = Debug|Any CPU
		{7D6B7BBA-586C-4A69-A368-6BF9B87026B2}.Debug|x86.ActiveCfg = Debug|Any CPU
		{7D6B7BBA-586C-4A69-A368-6BF9B87026B2}.Debug|x86.Build.0 = Debug|Any CPU
		{7D6B7BBA-586C-4A69-A368-6BF9B87026B2}.Release|Any CPU.ActiveCfg = Release|Any CPU
		{7D6B7BBA-586C-4A69-A368-6BF9B87026B2}.Release|Any CPU.Build.0 = Release|Any CPU
		{7D6B7BBA-586C-4A69-A368-6BF9B87026B2}.Release|x64.ActiveCfg = Release|Any CPU
		{7D6B7BBA-586C-4A69-A368-6BF9B87026B2}.Release|x64.Build.0 = Release|Any CPU
		{7D6B7BBA-586C-4A69-A368-6BF9B87026B2}.Release|x86.ActiveCfg = Release|Any CPU
		{7D6B7BBA-586C-4A69-A368-6BF9B87026B2}.Release|x86.Build.0 = Release|Any CPU
		{6A279398-A13B-4462-8CB9-F7514B92C584}.Debug|Any CPU.ActiveCfg = Debug|Any CPU
		{6A279398-A13B-4462-8CB9-F7514B92C584}.Debug|Any CPU.Build.0 = Debug|Any CPU
		{6A279398-A13B-4462-8CB9-F7514B92C584}.Debug|x64.ActiveCfg = Debug|Any CPU
		{6A279398-A13B-4462-8CB9-F7514B92C584}.Debug|x64.Build.0 = Debug|Any CPU
		{6A279398-A13B-4462-8CB9-F7514B92C584}.Debug|x86.ActiveCfg = Debug|Any CPU
		{6A279398-A13B-4462-8CB9-F7514B92C584}.Debug|x86.Build.0 = Debug|Any CPU
		{6A279398-A13B-4462-8CB9-F7514B92C584}.Release|Any CPU.ActiveCfg = Release|Any CPU
		{6A279398-A13B-4462-8CB9-F7514B92C584}.Release|Any CPU.Build.0 = Release|Any CPU
		{6A279398-A13B-4462-8CB9-F7514B92C584}.Release|x64.ActiveCfg = Release|Any CPU
		{6A279398-A13B-4462-8CB9-F7514B92C584}.Release|x64.Build.0 = Release|Any CPU
		{6A279398-A13B-4462-8CB9-F7514B92C584}.Release|x86.ActiveCfg = Release|Any CPU
		{6A279398-A13B-4462-8CB9-F7514B92C584}.Release|x86.Build.0 = Release|Any CPU
		{D52DA7C0-3DD2-4E26-BBCE-F9A2DC09AA9D}.Debug|Any CPU.ActiveCfg = Debug|Any CPU
		{D52DA7C0-3DD2-4E26-BBCE-F9A2DC09AA9D}.Debug|Any CPU.Build.0 = Debug|Any CPU
		{D52DA7C0-3DD2-4E26-BBCE-F9A2DC09AA9D}.Debug|x64.ActiveCfg = Debug|Any CPU
		{D52DA7C0-3DD2-4E26-BBCE-F9A2DC09AA9D}.Debug|x64.Build.0 = Debug|Any CPU
		{D52DA7C0-3DD2-4E26-BBCE-F9A2DC09AA9D}.Debug|x86.ActiveCfg = Debug|Any CPU
		{D52DA7C0-3DD2-4E26-BBCE-F9A2DC09AA9D}.Debug|x86.Build.0 = Debug|Any CPU
		{D52DA7C0-3DD2-4E26-BBCE-F9A2DC09AA9D}.Release|Any CPU.ActiveCfg = Release|Any CPU
		{D52DA7C0-3DD2-4E26-BBCE-F9A2DC09AA9D}.Release|Any CPU.Build.0 = Release|Any CPU
		{D52DA7C0-3DD2-4E26-BBCE-F9A2DC09AA9D}.Release|x64.ActiveCfg = Release|Any CPU
		{D52DA7C0-3DD2-4E26-BBCE-F9A2DC09AA9D}.Release|x64.Build.0 = Release|Any CPU
		{D52DA7C0-3DD2-4E26-BBCE-F9A2DC09AA9D}.Release|x86.ActiveCfg = Release|Any CPU
		{D52DA7C0-3DD2-4E26-BBCE-F9A2DC09AA9D}.Release|x86.Build.0 = Release|Any CPU
		{23D9DE1A-92C0-42FC-875B-5881CE8433D4}.Debug|Any CPU.ActiveCfg = Debug|Any CPU
		{23D9DE1A-92C0-42FC-875B-5881CE8433D4}.Debug|Any CPU.Build.0 = Debug|Any CPU
		{23D9DE1A-92C0-42FC-875B-5881CE8433D4}.Debug|x64.ActiveCfg = Debug|Any CPU
		{23D9DE1A-92C0-42FC-875B-5881CE8433D4}.Debug|x64.Build.0 = Debug|Any CPU
		{23D9DE1A-92C0-42FC-875B-5881CE8433D4}.Debug|x86.ActiveCfg = Debug|Any CPU
		{23D9DE1A-92C0-42FC-875B-5881CE8433D4}.Debug|x86.Build.0 = Debug|Any CPU
		{23D9DE1A-92C0-42FC-875B-5881CE8433D4}.Release|Any CPU.ActiveCfg = Release|Any CPU
		{23D9DE1A-92C0-42FC-875B-5881CE8433D4}.Release|Any CPU.Build.0 = Release|Any CPU
		{23D9DE1A-92C0-42FC-875B-5881CE8433D4}.Release|x64.ActiveCfg = Release|Any CPU
		{23D9DE1A-92C0-42FC-875B-5881CE8433D4}.Release|x64.Build.0 = Release|Any CPU
		{23D9DE1A-92C0-42FC-875B-5881CE8433D4}.Release|x86.ActiveCfg = Release|Any CPU
		{23D9DE1A-92C0-42FC-875B-5881CE8433D4}.Release|x86.Build.0 = Release|Any CPU
		{D52DA7C0-3CF2-4E26-BBCE-F9A2DC09589D}.Debug|Any CPU.ActiveCfg = Debug|Any CPU
		{D52DA7C0-3CF2-4E26-BBCE-F9A2DC09589D}.Debug|Any CPU.Build.0 = Debug|Any CPU
		{D52DA7C0-3CF2-4E26-BBCE-F9A2DC09589D}.Debug|x64.ActiveCfg = Debug|Any CPU
		{D52DA7C0-3CF2-4E26-BBCE-F9A2DC09589D}.Debug|x64.Build.0 = Debug|Any CPU
		{D52DA7C0-3CF2-4E26-BBCE-F9A2DC09589D}.Debug|x86.ActiveCfg = Debug|Any CPU
		{D52DA7C0-3CF2-4E26-BBCE-F9A2DC09589D}.Debug|x86.Build.0 = Debug|Any CPU
		{D52DA7C0-3CF2-4E26-BBCE-F9A2DC09589D}.Release|Any CPU.ActiveCfg = Release|Any CPU
		{D52DA7C0-3CF2-4E26-BBCE-F9A2DC09589D}.Release|Any CPU.Build.0 = Release|Any CPU
		{D52DA7C0-3CF2-4E26-BBCE-F9A2DC09589D}.Release|x64.ActiveCfg = Release|Any CPU
		{D52DA7C0-3CF2-4E26-BBCE-F9A2DC09589D}.Release|x64.Build.0 = Release|Any CPU
		{D52DA7C0-3CF2-4E26-BBCE-F9A2DC09589D}.Release|x86.ActiveCfg = Release|Any CPU
		{D52DA7C0-3CF2-4E26-BBCE-F9A2DC09589D}.Release|x86.Build.0 = Release|Any CPU
		{EC1A8251-1B9A-4BBE-8A8C-BC8CD7DA60E0}.Debug|Any CPU.ActiveCfg = Debug|Any CPU
		{EC1A8251-1B9A-4BBE-8A8C-BC8CD7DA60E0}.Debug|Any CPU.Build.0 = Debug|Any CPU
		{EC1A8251-1B9A-4BBE-8A8C-BC8CD7DA60E0}.Debug|x64.ActiveCfg = Debug|Any CPU
		{EC1A8251-1B9A-4BBE-8A8C-BC8CD7DA60E0}.Debug|x64.Build.0 = Debug|Any CPU
		{EC1A8251-1B9A-4BBE-8A8C-BC8CD7DA60E0}.Debug|x86.ActiveCfg = Debug|Any CPU
		{EC1A8251-1B9A-4BBE-8A8C-BC8CD7DA60E0}.Debug|x86.Build.0 = Debug|Any CPU
		{EC1A8251-1B9A-4BBE-8A8C-BC8CD7DA60E0}.Release|Any CPU.ActiveCfg = Release|Any CPU
		{EC1A8251-1B9A-4BBE-8A8C-BC8CD7DA60E0}.Release|Any CPU.Build.0 = Release|Any CPU
		{EC1A8251-1B9A-4BBE-8A8C-BC8CD7DA60E0}.Release|x64.ActiveCfg = Release|Any CPU
		{EC1A8251-1B9A-4BBE-8A8C-BC8CD7DA60E0}.Release|x64.Build.0 = Release|Any CPU
		{EC1A8251-1B9A-4BBE-8A8C-BC8CD7DA60E0}.Release|x86.ActiveCfg = Release|Any CPU
		{EC1A8251-1B9A-4BBE-8A8C-BC8CD7DA60E0}.Release|x86.Build.0 = Release|Any CPU
		{EC1A8251-119A-44BE-8A8C-BC7823876763}.Debug|Any CPU.ActiveCfg = Debug|Any CPU
		{EC1A8251-119A-44BE-8A8C-BC7823876763}.Debug|Any CPU.Build.0 = Debug|Any CPU
		{EC1A8251-119A-44BE-8A8C-BC7823876763}.Debug|x64.ActiveCfg = Debug|Any CPU
		{EC1A8251-119A-44BE-8A8C-BC7823876763}.Debug|x64.Build.0 = Debug|Any CPU
		{EC1A8251-119A-44BE-8A8C-BC7823876763}.Debug|x86.ActiveCfg = Debug|Any CPU
		{EC1A8251-119A-44BE-8A8C-BC7823876763}.Debug|x86.Build.0 = Debug|Any CPU
		{EC1A8251-119A-44BE-8A8C-BC7823876763}.Release|Any CPU.ActiveCfg = Release|Any CPU
		{EC1A8251-119A-44BE-8A8C-BC7823876763}.Release|Any CPU.Build.0 = Release|Any CPU
		{EC1A8251-119A-44BE-8A8C-BC7823876763}.Release|x64.ActiveCfg = Release|Any CPU
		{EC1A8251-119A-44BE-8A8C-BC7823876763}.Release|x64.Build.0 = Release|Any CPU
		{EC1A8251-119A-44BE-8A8C-BC7823876763}.Release|x86.ActiveCfg = Release|Any CPU
		{EC1A8251-119A-44BE-8A8C-BC7823876763}.Release|x86.Build.0 = Release|Any CPU
		{2A4856E5-8D40-41F7-88D1-57D1888DB660}.Debug|Any CPU.ActiveCfg = Debug|Any CPU
		{2A4856E5-8D40-41F7-88D1-57D1888DB660}.Debug|Any CPU.Build.0 = Debug|Any CPU
		{2A4856E5-8D40-41F7-88D1-57D1888DB660}.Debug|x64.ActiveCfg = Debug|Any CPU
		{2A4856E5-8D40-41F7-88D1-57D1888DB660}.Debug|x64.Build.0 = Debug|Any CPU
		{2A4856E5-8D40-41F7-88D1-57D1888DB660}.Debug|x86.ActiveCfg = Debug|Any CPU
		{2A4856E5-8D40-41F7-88D1-57D1888DB660}.Debug|x86.Build.0 = Debug|Any CPU
		{2A4856E5-8D40-41F7-88D1-57D1888DB660}.Release|Any CPU.ActiveCfg = Release|Any CPU
		{2A4856E5-8D40-41F7-88D1-57D1888DB660}.Release|Any CPU.Build.0 = Release|Any CPU
		{2A4856E5-8D40-41F7-88D1-57D1888DB660}.Release|x64.ActiveCfg = Release|Any CPU
		{2A4856E5-8D40-41F7-88D1-57D1888DB660}.Release|x64.Build.0 = Release|Any CPU
		{2A4856E5-8D40-41F7-88D1-57D1888DB660}.Release|x86.ActiveCfg = Release|Any CPU
		{2A4856E5-8D40-41F7-88D1-57D1888DB660}.Release|x86.Build.0 = Release|Any CPU
		{5BFFF9BD-D17C-4A73-AD7D-0E047FAEC28B}.Debug|Any CPU.ActiveCfg = Debug|Any CPU
		{5BFFF9BD-D17C-4A73-AD7D-0E047FAEC28B}.Debug|Any CPU.Build.0 = Debug|Any CPU
		{5BFFF9BD-D17C-4A73-AD7D-0E047FAEC28B}.Debug|x64.ActiveCfg = Debug|Any CPU
		{5BFFF9BD-D17C-4A73-AD7D-0E047FAEC28B}.Debug|x64.Build.0 = Debug|Any CPU
		{5BFFF9BD-D17C-4A73-AD7D-0E047FAEC28B}.Debug|x86.ActiveCfg = Debug|Any CPU
		{5BFFF9BD-D17C-4A73-AD7D-0E047FAEC28B}.Debug|x86.Build.0 = Debug|Any CPU
		{5BFFF9BD-D17C-4A73-AD7D-0E047FAEC28B}.Release|Any CPU.ActiveCfg = Release|Any CPU
		{5BFFF9BD-D17C-4A73-AD7D-0E047FAEC28B}.Release|Any CPU.Build.0 = Release|Any CPU
		{5BFFF9BD-D17C-4A73-AD7D-0E047FAEC28B}.Release|x64.ActiveCfg = Release|Any CPU
		{5BFFF9BD-D17C-4A73-AD7D-0E047FAEC28B}.Release|x64.Build.0 = Release|Any CPU
		{5BFFF9BD-D17C-4A73-AD7D-0E047FAEC28B}.Release|x86.ActiveCfg = Release|Any CPU
		{5BFFF9BD-D17C-4A73-AD7D-0E047FAEC28B}.Release|x86.Build.0 = Release|Any CPU
		{451E16C9-DDEC-4ADD-B5CF-E04C96095675}.Debug|Any CPU.ActiveCfg = Debug|Any CPU
		{451E16C9-DDEC-4ADD-B5CF-E04C96095675}.Debug|Any CPU.Build.0 = Debug|Any CPU
		{451E16C9-DDEC-4ADD-B5CF-E04C96095675}.Debug|x64.ActiveCfg = Debug|Any CPU
		{451E16C9-DDEC-4ADD-B5CF-E04C96095675}.Debug|x64.Build.0 = Debug|Any CPU
		{451E16C9-DDEC-4ADD-B5CF-E04C96095675}.Debug|x86.ActiveCfg = Debug|Any CPU
		{451E16C9-DDEC-4ADD-B5CF-E04C96095675}.Debug|x86.Build.0 = Debug|Any CPU
		{451E16C9-DDEC-4ADD-B5CF-E04C96095675}.Release|Any CPU.ActiveCfg = Release|Any CPU
		{451E16C9-DDEC-4ADD-B5CF-E04C96095675}.Release|Any CPU.Build.0 = Release|Any CPU
		{451E16C9-DDEC-4ADD-B5CF-E04C96095675}.Release|x64.ActiveCfg = Release|Any CPU
		{451E16C9-DDEC-4ADD-B5CF-E04C96095675}.Release|x64.Build.0 = Release|Any CPU
		{451E16C9-DDEC-4ADD-B5CF-E04C96095675}.Release|x86.ActiveCfg = Release|Any CPU
		{451E16C9-DDEC-4ADD-B5CF-E04C96095675}.Release|x86.Build.0 = Release|Any CPU
		{451E16C9-DDEC-4ADD-B5CF-E03498347475}.Debug|Any CPU.ActiveCfg = Debug|Any CPU
		{451E16C9-DDEC-4ADD-B5CF-E03498347475}.Debug|Any CPU.Build.0 = Debug|Any CPU
		{451E16C9-DDEC-4ADD-B5CF-E03498347475}.Debug|x64.ActiveCfg = Debug|Any CPU
		{451E16C9-DDEC-4ADD-B5CF-E03498347475}.Debug|x64.Build.0 = Debug|Any CPU
		{451E16C9-DDEC-4ADD-B5CF-E03498347475}.Debug|x86.ActiveCfg = Debug|Any CPU
		{451E16C9-DDEC-4ADD-B5CF-E03498347475}.Debug|x86.Build.0 = Debug|Any CPU
		{451E16C9-DDEC-4ADD-B5CF-E03498347475}.Release|Any CPU.ActiveCfg = Release|Any CPU
		{451E16C9-DDEC-4ADD-B5CF-E03498347475}.Release|Any CPU.Build.0 = Release|Any CPU
		{451E16C9-DDEC-4ADD-B5CF-E03498347475}.Release|x64.ActiveCfg = Release|Any CPU
		{451E16C9-DDEC-4ADD-B5CF-E03498347475}.Release|x64.Build.0 = Release|Any CPU
		{451E16C9-DDEC-4ADD-B5CF-E03498347475}.Release|x86.ActiveCfg = Release|Any CPU
		{451E16C9-DDEC-4ADD-B5CF-E03498347475}.Release|x86.Build.0 = Release|Any CPU
		{451E16C9-DDEC-4ADD-B5CF-C34546647475}.Debug|Any CPU.ActiveCfg = Debug|Any CPU
		{451E16C9-DDEC-4ADD-B5CF-C34546647475}.Debug|Any CPU.Build.0 = Debug|Any CPU
		{451E16C9-DDEC-4ADD-B5CF-C34546647475}.Debug|x64.ActiveCfg = Debug|Any CPU
		{451E16C9-DDEC-4ADD-B5CF-C34546647475}.Debug|x64.Build.0 = Debug|Any CPU
		{451E16C9-DDEC-4ADD-B5CF-C34546647475}.Debug|x86.ActiveCfg = Debug|Any CPU
		{451E16C9-DDEC-4ADD-B5CF-C34546647475}.Debug|x86.Build.0 = Debug|Any CPU
		{451E16C9-DDEC-4ADD-B5CF-C34546647475}.Release|Any CPU.ActiveCfg = Release|Any CPU
		{451E16C9-DDEC-4ADD-B5CF-C34546647475}.Release|Any CPU.Build.0 = Release|Any CPU
		{451E16C9-DDEC-4ADD-B5CF-C34546647475}.Release|x64.ActiveCfg = Release|Any CPU
		{451E16C9-DDEC-4ADD-B5CF-C34546647475}.Release|x64.Build.0 = Release|Any CPU
		{451E16C9-DDEC-4ADD-B5CF-C34546647475}.Release|x86.ActiveCfg = Release|Any CPU
		{451E16C9-DDEC-4ADD-B5CF-C34546647475}.Release|x86.Build.0 = Release|Any CPU
	EndGlobalSection
	GlobalSection(SolutionProperties) = preSolution
		HideSolutionNode = FALSE
	EndGlobalSection
	GlobalSection(NestedProjects) = preSolution
		{8901C84D-FB62-433C-A25F-4D24255B9453} = {51B8AFF5-4AEA-45F9-8126-6D51C2CCAB7B}
		{8BAB901C-10BB-4EB7-B81E-716FA05B6957} = {51B8AFF5-4AEA-45F9-8126-6D51C2CCAB7B}
		{D5C53515-D7E3-476F-9119-3102FE30E425} = {DFCF5276-C414-4F2F-B664-D3EB3BEAB44E}
		{BD57B7B2-0B30-4616-A656-90BDA6B14EEB} = {51B8AFF5-4AEA-45F9-8126-6D51C2CCAB7B}
		{5206F70A-4970-4488-982D-C81E42550B07} = {51B8AFF5-4AEA-45F9-8126-6D51C2CCAB7B}
		{127406A9-5D62-4FE7-9680-1D2DEED7564F} = {51B8AFF5-4AEA-45F9-8126-6D51C2CCAB7B}
		{DF05B4CC-200A-436B-91CC-BEBE7D89B8AD} = {20363DD1-DC16-41EE-AA8A-77306EB75479}
		{3B5B02D8-8666-4AF6-90BA-D0B6A0E10E01} = {51B8AFF5-4AEA-45F9-8126-6D51C2CCAB7B}
		{546B0A8D-6964-40DF-B539-C988F8241D56} = {20363DD1-DC16-41EE-AA8A-77306EB75479}
		{8E54FEE6-D903-4E11-A003-CD2AF022EDD9} = {20363DD1-DC16-41EE-AA8A-77306EB75479}
		{19514472-B817-4447-B155-337661C29440} = {51B8AFF5-4AEA-45F9-8126-6D51C2CCAB7B}
		{FB93507A-17D8-4C0C-90EB-7F439BF92840} = {D3EF348C-8ACE-4A5A-BF20-842CD9BE0484}
		{38B2D38C-9B81-4B12-8E0F-B3DA9538C77F} = {D3EF348C-8ACE-4A5A-BF20-842CD9BE0484}
		{3AE398F5-5506-4375-B29B-DCC43AC58F24} = {51B8AFF5-4AEA-45F9-8126-6D51C2CCAB7B}
		{3B1B99F1-33CB-40E0-B54C-9CEC9AE86B2C} = {EAFDF5CB-7010-4EA0-8D57-4D5035362975}
		{D1A91113-21C6-4AAE-A2F1-34A7014D468F} = {51B8AFF5-4AEA-45F9-8126-6D51C2CCAB7B}
		{444EB73B-8D30-4A43-A916-F39ACF6D6B33} = {51B8AFF5-4AEA-45F9-8126-6D51C2CCAB7B}
		{BFFE802C-BCB0-4376-9551-977FE8C277D2} = {51B8AFF5-4AEA-45F9-8126-6D51C2CCAB7B}
		{3250282E-6337-46DC-9438-FDE2C0FB37DC} = {EAFDF5CB-7010-4EA0-8D57-4D5035362975}
		{7AE78BD0-33FD-421E-A16F-37ADEA680870} = {51B8AFF5-4AEA-45F9-8126-6D51C2CCAB7B}
		{6664E69F-2180-4D7E-B51E-C81C9F5CC47D} = {20363DD1-DC16-41EE-AA8A-77306EB75479}
		{CB30B69A-DE4D-4819-8E83-CF5DD80CD060} = {20363DD1-DC16-41EE-AA8A-77306EB75479}
		{AF05CCD3-0E2F-4F8A-8124-27B16162A0C1} = {20363DD1-DC16-41EE-AA8A-77306EB75479}
		{7E5888D8-162B-4736-BE1B-E39EC114F4C3} = {20363DD1-DC16-41EE-AA8A-77306EB75479}
		{FE846DE3-F22F-4CB0-89F2-21413FDEE45C} = {20363DD1-DC16-41EE-AA8A-77306EB75479}
		{4EC2F84D-EF40-498E-A277-4EB91BECEA4B} = {51B8AFF5-4AEA-45F9-8126-6D51C2CCAB7B}
		{7D6B7BBA-586C-4A69-A368-6BF9B87026B2} = {20363DD1-DC16-41EE-AA8A-77306EB75479}
		{6A279398-A13B-4462-8CB9-F7514B92C584} = {20363DD1-DC16-41EE-AA8A-77306EB75479}
		{F174B9A6-C8BD-4525-BC5D-AC1E6ABFBE8F} = {D769F281-71EE-4B56-8A17-D266B2159504}
		{CA8F729F-EF51-4814-8A37-4BFF3527BEB0} = {D769F281-71EE-4B56-8A17-D266B2159504}
		{D52DA7C0-3DD2-4E26-BBCE-F9A2DC09AA9D} = {CA8F729F-EF51-4814-8A37-4BFF3527BEB0}
		{23D9DE1A-92C0-42FC-875B-5881CE8433D4} = {CA8F729F-EF51-4814-8A37-4BFF3527BEB0}
		{D52DA7C0-3CF2-4E26-BBCE-F9A2DC09589D} = {CA8F729F-EF51-4814-8A37-4BFF3527BEB0}
		{EC1A8251-1B9A-4BBE-8A8C-BC8CD7DA60E0} = {CA8F729F-EF51-4814-8A37-4BFF3527BEB0}
		{EC1A8251-119A-44BE-8A8C-BC7823876763} = {CA8F729F-EF51-4814-8A37-4BFF3527BEB0}
		{2A4856E5-8D40-41F7-88D1-57D1888DB660} = {F174B9A6-C8BD-4525-BC5D-AC1E6ABFBE8F}
		{5BFFF9BD-D17C-4A73-AD7D-0E047FAEC28B} = {F174B9A6-C8BD-4525-BC5D-AC1E6ABFBE8F}
		{451E16C9-DDEC-4ADD-B5CF-E04C96095675} = {F174B9A6-C8BD-4525-BC5D-AC1E6ABFBE8F}
		{451E16C9-DDEC-4ADD-B5CF-E03498347475} = {F174B9A6-C8BD-4525-BC5D-AC1E6ABFBE8F}
		{451E16C9-DDEC-4ADD-B5CF-C34546647475} = {F174B9A6-C8BD-4525-BC5D-AC1E6ABFBE8F}
	EndGlobalSection
	GlobalSection(ExtensibilityGlobals) = postSolution
		SolutionGuid = {676AD27B-E03C-4277-A423-E2533F837976}
	EndGlobalSection
	GlobalSection(Performance) = preSolution
		HasPerformanceSessions = true
	EndGlobalSection
	GlobalSection(Performance) = preSolution
		HasPerformanceSessions = true
	EndGlobalSection
	GlobalSection(Performance) = preSolution
		HasPerformanceSessions = true
	EndGlobalSection
	GlobalSection(Performance) = preSolution
		HasPerformanceSessions = true
	EndGlobalSection
	GlobalSection(Performance) = preSolution
		HasPerformanceSessions = true
	EndGlobalSection
EndGlobal
