Microsoft Visual Studio Solution File, Format Version 12.00
# Visual Studio Version 16
VisualStudioVersion = 16.0.30011.22
MinimumVisualStudioVersion = 10.0.40219.1
Project("{2150E333-8FDC-42A3-9474-1A3956D46DE8}") = "Lib", "Lib", "{20363DD1-DC16-41EE-AA8A-77306EB75479}"
EndProject
Project("{2150E333-8FDC-42A3-9474-1A3956D46DE8}") = "Terminal", "Terminal", "{DFCF5276-C414-4F2F-B664-D3EB3BEAB44E}"
EndProject
Project("{2150E333-8FDC-42A3-9474-1A3956D46DE8}") = "Server", "Server", "{EAFDF5CB-7010-4EA0-8D57-4D5035362975}"
EndProject
Project("{9A19103F-16F7-4668-BE54-9A1E7A4F7556}") = "TickTrader.BotTerminal", "TickTrader.BotTerminal\TickTrader.BotTerminal.csproj", "{D5C53515-D7E3-476F-9119-3102FE30E425}"
	ProjectSection(ProjectDependencies) = postProject
		{7E2C0529-C16A-486B-B4A4-E84E1AB34B10} = {7E2C0529-C16A-486B-B4A4-E84E1AB34B10}
		{641642C7-87EA-4AE7-830A-A8A0610F374F} = {641642C7-87EA-4AE7-830A-A8A0610F374F}
	EndProjectSection
EndProject
Project("{9A19103F-16F7-4668-BE54-9A1E7A4F7556}") = "TickTrader.BotAgent", "TickTrader.BotAgent\TickTrader.BotAgent.csproj", "{3B1B99F1-33CB-40E0-B54C-9CEC9AE86B2C}"
	ProjectSection(ProjectDependencies) = postProject
		{641642C7-87EA-4AE7-830A-A8A0610F374F} = {641642C7-87EA-4AE7-830A-A8A0610F374F}
	EndProjectSection
EndProject
Project("{2150E333-8FDC-42A3-9474-1A3956D46DE8}") = "Solution Items", "Solution Items", "{E68C560F-94C2-4A84-A921-97F40B666DB4}"
	ProjectSection(SolutionItems) = preProject
		nuget.config = nuget.config
	EndProjectSection
EndProject
Project("{2150E333-8FDC-42A3-9474-1A3956D46DE8}") = "Sfx", "Sfx", "{F174B9A6-C8BD-4525-BC5D-AC1E6ABFBE8F}"
EndProject
Project("{9A19103F-16F7-4668-BE54-9A1E7A4F7556}") = "Calculator", "modules\FDK2\Calculator\Calculator.csproj", "{D52DA7C0-3DD2-4E26-BBCE-F9A2DC09AA9D}"
EndProject
Project("{9A19103F-16F7-4668-BE54-9A1E7A4F7556}") = "Client", "modules\FDK2\Client\Client.csproj", "{23D9DE1A-92C0-42FC-875B-5881CE8433D4}"
EndProject
Project("{9A19103F-16F7-4668-BE54-9A1E7A4F7556}") = "Common", "modules\FDK2\Common\Common.csproj", "{D52DA7C0-3CF2-4E26-BBCE-F9A2DC09589D}"
EndProject
Project("{9A19103F-16F7-4668-BE54-9A1E7A4F7556}") = "Extended", "modules\FDK2\Extended\Extended.csproj", "{EC1A8251-1B9A-4BBE-8A8C-BC8CD7DA60E0}"
EndProject
Project("{9A19103F-16F7-4668-BE54-9A1E7A4F7556}") = "Standard", "modules\FDK2\Standard\Standard.csproj", "{EC1A8251-119A-44BE-8A8C-BC7823876763}"
EndProject
Project("{9A19103F-16F7-4668-BE54-9A1E7A4F7556}") = "Core", "modules\FDK2\modules\sfx\DotNet\Core\Core.csproj", "{2A4856E5-8D40-41F7-88D1-57D1888DB660}"
EndProject
Project("{9A19103F-16F7-4668-BE54-9A1E7A4F7556}") = "OrderEntry", "modules\FDK2\modules\sfx\DotNet\OrderEntry\OrderEntry.csproj", "{5BFFF9BD-D17C-4A73-AD7D-0E047FAEC28B}"
EndProject
Project("{9A19103F-16F7-4668-BE54-9A1E7A4F7556}") = "QuoteFeed", "modules\FDK2\modules\sfx\DotNet\QuoteFeed\QuoteFeed.csproj", "{451E16C9-DDEC-4ADD-B5CF-E04C96095675}"
EndProject
Project("{9A19103F-16F7-4668-BE54-9A1E7A4F7556}") = "QuoteStore", "modules\FDK2\modules\sfx\DotNet\QuoteStore\QuoteStore.csproj", "{451E16C9-DDEC-4ADD-B5CF-E03498347475}"
EndProject
Project("{9A19103F-16F7-4668-BE54-9A1E7A4F7556}") = "TradeCapture", "modules\FDK2\modules\sfx\DotNet\TradeCapture\TradeCapture.csproj", "{451E16C9-DDEC-4ADD-B5CF-C34546647475}"
EndProject
Project("{9A19103F-16F7-4668-BE54-9A1E7A4F7556}") = "TickTrader.BotAgent.Configurator", "TickTrader.BotAgent.Configurator\TickTrader.BotAgent.Configurator.csproj", "{55E667BC-D245-4CAD-9FDC-79BA2438F709}"
EndProject
Project("{2150E333-8FDC-42A3-9474-1A3956D46DE8}") = "Core", "Core", "{C5AE642C-4A61-47BD-9272-69909998B71D}"
EndProject
Project("{9A19103F-16F7-4668-BE54-9A1E7A4F7556}") = "TickTrader.Algo.Domain", "src\csharp\core\TickTrader.Algo.Domain\TickTrader.Algo.Domain.csproj", "{6C7FC318-5848-4206-8431-3695C70143FA}"
EndProject
Project("{9A19103F-16F7-4668-BE54-9A1E7A4F7556}") = "TickTrader.Algo.Rpc", "src\csharp\core\TickTrader.Algo.Rpc\TickTrader.Algo.Rpc.csproj", "{64CDDAB4-5127-4EB3-B38F-36CE37E62A66}"
EndProject
Project("{9A19103F-16F7-4668-BE54-9A1E7A4F7556}") = "TickTrader.Algo.Rpc.OverGrpc", "src\csharp\core\TickTrader.Algo.Rpc.OverGrpc\TickTrader.Algo.Rpc.OverGrpc.csproj", "{95412C83-3BE8-4D58-A787-96AD459C1246}"
EndProject
Project("{2150E333-8FDC-42A3-9474-1A3956D46DE8}") = "Sandbox", "Sandbox", "{BE89D066-2450-4926-9BDC-B03CF17D3277}"
EndProject
Project("{9A19103F-16F7-4668-BE54-9A1E7A4F7556}") = "TickTrader.Algo.Rpc.OverTcp", "src\csharp\core\TickTrader.Algo.Rpc.OverTcp\TickTrader.Algo.Rpc.OverTcp.csproj", "{B64B583D-1D18-4D74-BDB2-71388171FD36}"
EndProject
Project("{9A19103F-16F7-4668-BE54-9A1E7A4F7556}") = "TickTrader.Algo.Util", "src\csharp\core\TickTrader.Algo.Util\TickTrader.Algo.Util.csproj", "{F6E91DF8-4706-4979-AF0F-259B5F9E3D0B}"
EndProject
Project("{9A19103F-16F7-4668-BE54-9A1E7A4F7556}") = "TickTrader.Algo.ServerControl", "src\csharp\core\TickTrader.Algo.ServerControl\TickTrader.Algo.ServerControl.csproj", "{D250F528-CFEB-4A68-9817-A99A92E0A4E4}"
EndProject
Project("{9A19103F-16F7-4668-BE54-9A1E7A4F7556}") = "TickTrader.Algo.Server", "src\csharp\core\TickTrader.Algo.Server\TickTrader.Algo.Server.csproj", "{80BBD05A-F622-49D5-BADD-E35B81D15D00}"
EndProject
Project("{9A19103F-16F7-4668-BE54-9A1E7A4F7556}") = "TickTrader.Algo.Isolation.NetFx", "src\csharp\core\TickTrader.Algo.Isolation.NetFx\TickTrader.Algo.Isolation.NetFx.csproj", "{6C6D0FE1-83DE-4E8D-9A0B-92FFAB5735A2}"
EndProject
Project("{9A19103F-16F7-4668-BE54-9A1E7A4F7556}") = "TickTrader.Algo.Package", "src\csharp\core\TickTrader.Algo.Package\TickTrader.Algo.Package.csproj", "{1708335C-CCAD-49EC-8DE7-E5053C16BFA4}"
EndProject
Project("{9A19103F-16F7-4668-BE54-9A1E7A4F7556}") = "TickTrader.Algo.RuntimeV1Host.NetFx", "src\csharp\apps\TickTrader.Algo.RuntimeV1Host.NetFx\TickTrader.Algo.RuntimeV1Host.NetFx.csproj", "{641642C7-87EA-4AE7-830A-A8A0610F374F}"
EndProject
Project("{2150E333-8FDC-42A3-9474-1A3956D46DE8}") = "Apps", "Apps", "{D4DDCC9E-81DB-4294-9060-A8C1AB363672}"
EndProject
Project("{9A19103F-16F7-4668-BE54-9A1E7A4F7556}") = "TickTrader.Algo.Core.Lib", "src\csharp\core\TickTrader.Algo.Core.Lib\TickTrader.Algo.Core.Lib.csproj", "{E854F964-4355-477E-AC02-1E38923A9A46}"
EndProject
Project("{9A19103F-16F7-4668-BE54-9A1E7A4F7556}") = "TickTrader.Algo.Backtester", "src\csharp\core\TickTrader.Algo.Backtester\TickTrader.Algo.Backtester.csproj", "{AAB1251C-C57F-4D4D-A64B-3966D6643BF5}"
EndProject
Project("{9A19103F-16F7-4668-BE54-9A1E7A4F7556}") = "ActorSharp", "src\csharp\lib\ActorSharp\ActorSharp.csproj", "{ED842FEA-18A1-4F2B-AB79-3ABC80D1A9AB}"
EndProject
Project("{9A19103F-16F7-4668-BE54-9A1E7A4F7556}") = "Machinarium", "src\csharp\lib\Machinarium\Machinarium.csproj", "{647AB10F-3371-49B2-840E-AEE332B11C29}"
EndProject
Project("{2150E333-8FDC-42A3-9474-1A3956D46DE8}") = "Api", "Api", "{0B8EB813-E541-46DB-ADCC-2EA529D74B16}"
EndProject
Project("{9A19103F-16F7-4668-BE54-9A1E7A4F7556}") = "TickTrader.Algo.Api", "src\csharp\api\TickTrader.Algo.Api\TickTrader.Algo.Api.csproj", "{9D9CF1B3-7E57-4971-A479-5803C658A7D0}"
EndProject
Project("{9A19103F-16F7-4668-BE54-9A1E7A4F7556}") = "TickTrader.Algo.Core", "src\csharp\core\TickTrader.Algo.Core\TickTrader.Algo.Core.csproj", "{71E1AE60-7DC9-4AD3-AD38-034B961E17F4}"
EndProject
Project("{9A19103F-16F7-4668-BE54-9A1E7A4F7556}") = "TickTrader.Algo.CoreV1", "src\csharp\api\TickTrader.Algo.CoreV1\TickTrader.Algo.CoreV1.csproj", "{42B014C3-EC56-458F-8071-65B61A1F7146}"
EndProject
Project("{9A19103F-16F7-4668-BE54-9A1E7A4F7556}") = "TickTrader.Algo.Ext", "src\csharp\api\TickTrader.Algo.Ext\TickTrader.Algo.Ext.csproj", "{ABE6C6FB-E1A6-4EBC-B04B-49890E38C708}"
EndProject
Project("{9A19103F-16F7-4668-BE54-9A1E7A4F7556}") = "TickTrader.Algo.Indicators", "src\csharp\api\TickTrader.Algo.Indicators\TickTrader.Algo.Indicators.csproj", "{BE46AC03-E660-4E29-9A39-CC574A2109B9}"
EndProject
Project("{9A19103F-16F7-4668-BE54-9A1E7A4F7556}") = "TickTrader.Algo.Runtime", "src\csharp\core\TickTrader.Algo.Runtime\TickTrader.Algo.Runtime.csproj", "{04A6E5E1-6878-451B-8BE6-CDAB06255531}"
EndProject
Project("{9A19103F-16F7-4668-BE54-9A1E7A4F7556}") = "TickTrader.Algo.Isolation.NetCore", "src\csharp\core\TickTrader.Algo.Isolation.NetCore\TickTrader.Algo.Isolation.NetCore.csproj", "{72BAC465-48D9-4869-8667-46099B917110}"
EndProject
Project("{9A19103F-16F7-4668-BE54-9A1E7A4F7556}") = "TickTrader.Algo.RuntimeV1Host.NetCore", "src\csharp\apps\TickTrader.Algo.RuntimeV1Host.NetCore\TickTrader.Algo.RuntimeV1Host.NetCore.csproj", "{F9713CA8-D718-443E-89F2-4E37FB5B4750}"
EndProject
Project("{2150E333-8FDC-42A3-9474-1A3956D46DE8}") = "Tests", "Tests", "{EFB9D6C3-7008-41DF-A75B-6C0E8DEF0CDA}"
EndProject
Project("{9A19103F-16F7-4668-BE54-9A1E7A4F7556}") = "Machinarium.Tests", "src\csharp\tests\Machinarium.Tests\Machinarium.Tests.csproj", "{99C54ABE-646D-479D-91B8-DB765DA1A711}"
EndProject
Project("{9A19103F-16F7-4668-BE54-9A1E7A4F7556}") = "TickTrader.Algo.Core.Tests", "src\csharp\tests\TickTrader.Algo.Core.Tests\TickTrader.Algo.Core.Tests.csproj", "{B9A1FF5E-F267-42A7-A05F-E55486C8C794}"
EndProject
Project("{9A19103F-16F7-4668-BE54-9A1E7A4F7556}") = "TickTrader.Algo.Indicators.Tests", "src\csharp\tests\TickTrader.Algo.Indicators.Tests\TickTrader.Algo.Indicators.Tests.csproj", "{F110A2AF-4D3C-401B-8F8E-2AABE5C73B52}"
EndProject
Project("{9A19103F-16F7-4668-BE54-9A1E7A4F7556}") = "TickTrader.SeriesStorage", "src\csharp\lib\TickTrader.SeriesStorage\TickTrader.SeriesStorage.csproj", "{CEBD6F30-CCB7-4417-842C-529B6994E322}"
EndProject
Project("{9A19103F-16F7-4668-BE54-9A1E7A4F7556}") = "TickTrader.SeriesStorage.Lmdb", "src\csharp\lib\TickTrader.SeriesStorage.Lmdb\TickTrader.SeriesStorage.Lmdb.csproj", "{C0E08388-557E-46B3-AD49-FCB23A9DDFC1}"
EndProject
Project("{9A19103F-16F7-4668-BE54-9A1E7A4F7556}") = "TickTrader.SeriesStorage.Tests", "src\csharp\tests\TickTrader.SeriesStorage.Tests\TickTrader.SeriesStorage.Tests.csproj", "{C64DEDD2-FB6B-4770-B1B9-DFCD7BBC5BDF}"
EndProject
Project("{9A19103F-16F7-4668-BE54-9A1E7A4F7556}") = "TickTrader.Algo.Async", "src\csharp\lib\TickTrader.Algo.Async\TickTrader.Algo.Async.csproj", "{A114EEDC-9A3A-46AE-9233-F66DFCBEF7AD}"
EndProject
Project("{9A19103F-16F7-4668-BE54-9A1E7A4F7556}") = "TickTrader.Algo.Account", "src\csharp\core\TickTrader.Algo.Account\TickTrader.Algo.Account.csproj", "{C2340D2B-4FB2-4380-8CE5-347E2DA4C5AD}"
EndProject
Project("{2150E333-8FDC-42A3-9474-1A3956D46DE8}") = "Accounts", "Accounts", "{DA48CCA8-4D53-408C-9915-13D1ED691B8E}"
EndProject
Project("{2150E333-8FDC-42A3-9474-1A3956D46DE8}") = "FDK2", "FDK2", "{73F5FF85-3ECF-4853-97FE-44799A70C0D6}"
EndProject
Project("{9A19103F-16F7-4668-BE54-9A1E7A4F7556}") = "TickTrader.Algo.Account.Fdk2", "src\csharp\accounts\TickTrader.Algo.Account.Fdk2\TickTrader.Algo.Account.Fdk2.csproj", "{D1EAE917-9851-42E9-A979-A72D69D111B2}"
EndProject
Project("{9A19103F-16F7-4668-BE54-9A1E7A4F7556}") = "TickTrader.WpfWindowsSupportLibrary", "TickTrader.WpfWindowsSupportLibrary\TickTrader.WpfWindowsSupportLibrary.csproj", "{F177BCE2-2C70-4FB0-95FF-CE5B343EBBEC}"
EndProject
Project("{9A19103F-16F7-4668-BE54-9A1E7A4F7556}") = "TickTrader.Algo.Calculator", "src\csharp\core\TickTrader.Algo.Calculator\TickTrader.Algo.Calculator.csproj", "{0ACA725C-4735-4B09-A4BA-78EDA3E830D1}"
EndProject
Project("{9A19103F-16F7-4668-BE54-9A1E7A4F7556}") = "TickTrader.FeedStorage", "src\csharp\core\TickTrader.FeedStorage\TickTrader.FeedStorage.csproj", "{0844E8E0-47E7-4AD9-B90F-5D950AC3EF52}"
EndProject
Project("{9A19103F-16F7-4668-BE54-9A1E7A4F7556}") = "TickTrader.FeedStorage.Tests", "src\csharp\tests\TickTrader.FeedStorage.Tests\TickTrader.FeedStorage.Tests.csproj", "{4963909C-8E5F-4787-88BF-0E4A0C9737E7}"
EndProject
Project("{9A19103F-16F7-4668-BE54-9A1E7A4F7556}") = "TickTrader.Algo.Calculator.Tests", "src\csharp\tests\TickTrader.Algo.Calculator.Tests\TickTrader.Algo.Calculator.Tests.csproj", "{61E3E244-620B-46C0-8597-15453168C264}"
EndProject
Project("{9A19103F-16F7-4668-BE54-9A1E7A4F7556}") = "TestEnviroment", "src\csharp\tests\TestEnviroment\TestEnviroment.csproj", "{15E268FF-E8F5-4262-ABA0-EF1798CCE5F6}"
EndProject
Project("{9A19103F-16F7-4668-BE54-9A1E7A4F7556}") = "TickTrader.Algo.Async.Tests", "src\csharp\tests\TickTrader.Algo.Async.Tests\TickTrader.Algo.Async.Tests.csproj", "{136888D5-6943-46E4-BF17-3F1A6FCDE2B6}"
EndProject
Project("{9A19103F-16F7-4668-BE54-9A1E7A4F7556}") = "TickTrader.Algo.Logging", "src\csharp\lib\TickTrader.Algo.Logging\TickTrader.Algo.Logging.csproj", "{C085F935-D531-40E0-9221-608AA673C513}"
EndProject
Project("{9A19103F-16F7-4668-BE54-9A1E7A4F7556}") = "TickTrader.Algo.Server.PublicAPI", "src\csharp\core\TickTrader.Algo.Server.PublicAPI\TickTrader.Algo.Server.PublicAPI.csproj", "{230B301B-8E19-4256-9CFE-4BAE77121711}"
EndProject
Project("{9A19103F-16F7-4668-BE54-9A1E7A4F7556}") = "TickTrader.Algo.Server.Common", "src\csharp\core\TickTrader.Algo.Server.Common\TickTrader.Algo.Server.Common.csproj", "{21C4C9FB-30B4-4F22-8259-EA16B4FA8147}"
EndProject
Project("{9A19103F-16F7-4668-BE54-9A1E7A4F7556}") = "TickTrader.Algo.Core.Lib.Tests", "src\csharp\tests\TickTrader.Algo.Core.Lib.Tests\TickTrader.Algo.Core.Lib.Tests.csproj", "{08C52BB1-1FBC-4BF0-8FD3-02C77781328B}"
EndProject
Project("{9A19103F-16F7-4668-BE54-9A1E7A4F7556}") = "SoftFx.FxCalendar", "src\csharp\lib\SoftFx.FxCalendar\SoftFx.FxCalendar.csproj", "{FA05CCFC-2B49-4D56-B28E-74E2C5F3BC04}"
EndProject
Project("{9A19103F-16F7-4668-BE54-9A1E7A4F7556}") = "TickTrader.Algo.NewsIndicator", "src\csharp\api\TickTrader.Algo.NewsIndicator\TickTrader.Algo.NewsIndicator.csproj", "{EC7E5D91-11E1-4A4E-AC29-2E1617503188}"
EndProject
Project("{9A19103F-16F7-4668-BE54-9A1E7A4F7556}") = "TickTrader.Algo.TestCollection", "src\csharp\api\TickTrader.Algo.TestCollection\TickTrader.Algo.TestCollection.csproj", "{0366990E-0E37-4C23-A51C-874B28A981CF}"
EndProject
Project("{9A19103F-16F7-4668-BE54-9A1E7A4F7556}") = "TickTrader.Algo.VersionTest", "src\csharp\api\TickTrader.Algo.VersionTest\TickTrader.Algo.VersionTest.csproj", "{CF4C2154-8C84-4C8B-81DC-0B577B98431E}"
EndProject
Project("{9A19103F-16F7-4668-BE54-9A1E7A4F7556}") = "TickTrader.Algo.BacktesterV1Host", "src\csharp\apps\TickTrader.Algo.BacktesterV1Host\TickTrader.Algo.BacktesterV1Host.csproj", "{7E2C0529-C16A-486B-B4A4-E84E1AB34B10}"
EndProject
Global
	GlobalSection(SolutionConfigurationPlatforms) = preSolution
		Debug|Any CPU = Debug|Any CPU
		Debug|x64 = Debug|x64
		Debug|x86 = Debug|x86
		Release|Any CPU = Release|Any CPU
		Release|x64 = Release|x64
		Release|x86 = Release|x86
	EndGlobalSection
	GlobalSection(ProjectConfigurationPlatforms) = postSolution
		{D5C53515-D7E3-476F-9119-3102FE30E425}.Debug|Any CPU.ActiveCfg = Debug|Any CPU
		{D5C53515-D7E3-476F-9119-3102FE30E425}.Debug|Any CPU.Build.0 = Debug|Any CPU
		{D5C53515-D7E3-476F-9119-3102FE30E425}.Debug|x64.ActiveCfg = Debug|Any CPU
		{D5C53515-D7E3-476F-9119-3102FE30E425}.Debug|x64.Build.0 = Debug|Any CPU
		{D5C53515-D7E3-476F-9119-3102FE30E425}.Debug|x86.ActiveCfg = Debug|Any CPU
		{D5C53515-D7E3-476F-9119-3102FE30E425}.Debug|x86.Build.0 = Debug|Any CPU
		{D5C53515-D7E3-476F-9119-3102FE30E425}.Release|Any CPU.ActiveCfg = Release|Any CPU
		{D5C53515-D7E3-476F-9119-3102FE30E425}.Release|Any CPU.Build.0 = Release|Any CPU
		{D5C53515-D7E3-476F-9119-3102FE30E425}.Release|x64.ActiveCfg = Release|Any CPU
		{D5C53515-D7E3-476F-9119-3102FE30E425}.Release|x64.Build.0 = Release|Any CPU
		{D5C53515-D7E3-476F-9119-3102FE30E425}.Release|x86.ActiveCfg = Release|Any CPU
		{D5C53515-D7E3-476F-9119-3102FE30E425}.Release|x86.Build.0 = Release|Any CPU
		{3B1B99F1-33CB-40E0-B54C-9CEC9AE86B2C}.Debug|Any CPU.ActiveCfg = Debug|Any CPU
		{3B1B99F1-33CB-40E0-B54C-9CEC9AE86B2C}.Debug|Any CPU.Build.0 = Debug|Any CPU
		{3B1B99F1-33CB-40E0-B54C-9CEC9AE86B2C}.Debug|x64.ActiveCfg = Debug|Any CPU
		{3B1B99F1-33CB-40E0-B54C-9CEC9AE86B2C}.Debug|x64.Build.0 = Debug|Any CPU
		{3B1B99F1-33CB-40E0-B54C-9CEC9AE86B2C}.Debug|x86.ActiveCfg = Debug|Any CPU
		{3B1B99F1-33CB-40E0-B54C-9CEC9AE86B2C}.Debug|x86.Build.0 = Debug|Any CPU
		{3B1B99F1-33CB-40E0-B54C-9CEC9AE86B2C}.Release|Any CPU.ActiveCfg = Release|Any CPU
		{3B1B99F1-33CB-40E0-B54C-9CEC9AE86B2C}.Release|Any CPU.Build.0 = Release|Any CPU
		{3B1B99F1-33CB-40E0-B54C-9CEC9AE86B2C}.Release|x64.ActiveCfg = Release|Any CPU
		{3B1B99F1-33CB-40E0-B54C-9CEC9AE86B2C}.Release|x64.Build.0 = Release|Any CPU
		{3B1B99F1-33CB-40E0-B54C-9CEC9AE86B2C}.Release|x86.ActiveCfg = Release|Any CPU
		{3B1B99F1-33CB-40E0-B54C-9CEC9AE86B2C}.Release|x86.Build.0 = Release|Any CPU
		{D52DA7C0-3DD2-4E26-BBCE-F9A2DC09AA9D}.Debug|Any CPU.ActiveCfg = Debug|Any CPU
		{D52DA7C0-3DD2-4E26-BBCE-F9A2DC09AA9D}.Debug|Any CPU.Build.0 = Debug|Any CPU
		{D52DA7C0-3DD2-4E26-BBCE-F9A2DC09AA9D}.Debug|x64.ActiveCfg = Debug|Any CPU
		{D52DA7C0-3DD2-4E26-BBCE-F9A2DC09AA9D}.Debug|x64.Build.0 = Debug|Any CPU
		{D52DA7C0-3DD2-4E26-BBCE-F9A2DC09AA9D}.Debug|x86.ActiveCfg = Debug|Any CPU
		{D52DA7C0-3DD2-4E26-BBCE-F9A2DC09AA9D}.Debug|x86.Build.0 = Debug|Any CPU
		{D52DA7C0-3DD2-4E26-BBCE-F9A2DC09AA9D}.Release|Any CPU.ActiveCfg = Release|Any CPU
		{D52DA7C0-3DD2-4E26-BBCE-F9A2DC09AA9D}.Release|Any CPU.Build.0 = Release|Any CPU
		{D52DA7C0-3DD2-4E26-BBCE-F9A2DC09AA9D}.Release|x64.ActiveCfg = Release|Any CPU
		{D52DA7C0-3DD2-4E26-BBCE-F9A2DC09AA9D}.Release|x64.Build.0 = Release|Any CPU
		{D52DA7C0-3DD2-4E26-BBCE-F9A2DC09AA9D}.Release|x86.ActiveCfg = Release|Any CPU
		{D52DA7C0-3DD2-4E26-BBCE-F9A2DC09AA9D}.Release|x86.Build.0 = Release|Any CPU
		{23D9DE1A-92C0-42FC-875B-5881CE8433D4}.Debug|Any CPU.ActiveCfg = Debug|Any CPU
		{23D9DE1A-92C0-42FC-875B-5881CE8433D4}.Debug|Any CPU.Build.0 = Debug|Any CPU
		{23D9DE1A-92C0-42FC-875B-5881CE8433D4}.Debug|x64.ActiveCfg = Debug|Any CPU
		{23D9DE1A-92C0-42FC-875B-5881CE8433D4}.Debug|x64.Build.0 = Debug|Any CPU
		{23D9DE1A-92C0-42FC-875B-5881CE8433D4}.Debug|x86.ActiveCfg = Debug|Any CPU
		{23D9DE1A-92C0-42FC-875B-5881CE8433D4}.Debug|x86.Build.0 = Debug|Any CPU
		{23D9DE1A-92C0-42FC-875B-5881CE8433D4}.Release|Any CPU.ActiveCfg = Release|Any CPU
		{23D9DE1A-92C0-42FC-875B-5881CE8433D4}.Release|Any CPU.Build.0 = Release|Any CPU
		{23D9DE1A-92C0-42FC-875B-5881CE8433D4}.Release|x64.ActiveCfg = Release|Any CPU
		{23D9DE1A-92C0-42FC-875B-5881CE8433D4}.Release|x64.Build.0 = Release|Any CPU
		{23D9DE1A-92C0-42FC-875B-5881CE8433D4}.Release|x86.ActiveCfg = Release|Any CPU
		{23D9DE1A-92C0-42FC-875B-5881CE8433D4}.Release|x86.Build.0 = Release|Any CPU
		{D52DA7C0-3CF2-4E26-BBCE-F9A2DC09589D}.Debug|Any CPU.ActiveCfg = Debug|Any CPU
		{D52DA7C0-3CF2-4E26-BBCE-F9A2DC09589D}.Debug|Any CPU.Build.0 = Debug|Any CPU
		{D52DA7C0-3CF2-4E26-BBCE-F9A2DC09589D}.Debug|x64.ActiveCfg = Debug|Any CPU
		{D52DA7C0-3CF2-4E26-BBCE-F9A2DC09589D}.Debug|x64.Build.0 = Debug|Any CPU
		{D52DA7C0-3CF2-4E26-BBCE-F9A2DC09589D}.Debug|x86.ActiveCfg = Debug|Any CPU
		{D52DA7C0-3CF2-4E26-BBCE-F9A2DC09589D}.Debug|x86.Build.0 = Debug|Any CPU
		{D52DA7C0-3CF2-4E26-BBCE-F9A2DC09589D}.Release|Any CPU.ActiveCfg = Release|Any CPU
		{D52DA7C0-3CF2-4E26-BBCE-F9A2DC09589D}.Release|Any CPU.Build.0 = Release|Any CPU
		{D52DA7C0-3CF2-4E26-BBCE-F9A2DC09589D}.Release|x64.ActiveCfg = Release|Any CPU
		{D52DA7C0-3CF2-4E26-BBCE-F9A2DC09589D}.Release|x64.Build.0 = Release|Any CPU
		{D52DA7C0-3CF2-4E26-BBCE-F9A2DC09589D}.Release|x86.ActiveCfg = Release|Any CPU
		{D52DA7C0-3CF2-4E26-BBCE-F9A2DC09589D}.Release|x86.Build.0 = Release|Any CPU
		{EC1A8251-1B9A-4BBE-8A8C-BC8CD7DA60E0}.Debug|Any CPU.ActiveCfg = Debug|Any CPU
		{EC1A8251-1B9A-4BBE-8A8C-BC8CD7DA60E0}.Debug|Any CPU.Build.0 = Debug|Any CPU
		{EC1A8251-1B9A-4BBE-8A8C-BC8CD7DA60E0}.Debug|x64.ActiveCfg = Debug|Any CPU
		{EC1A8251-1B9A-4BBE-8A8C-BC8CD7DA60E0}.Debug|x64.Build.0 = Debug|Any CPU
		{EC1A8251-1B9A-4BBE-8A8C-BC8CD7DA60E0}.Debug|x86.ActiveCfg = Debug|Any CPU
		{EC1A8251-1B9A-4BBE-8A8C-BC8CD7DA60E0}.Debug|x86.Build.0 = Debug|Any CPU
		{EC1A8251-1B9A-4BBE-8A8C-BC8CD7DA60E0}.Release|Any CPU.ActiveCfg = Release|Any CPU
		{EC1A8251-1B9A-4BBE-8A8C-BC8CD7DA60E0}.Release|Any CPU.Build.0 = Release|Any CPU
		{EC1A8251-1B9A-4BBE-8A8C-BC8CD7DA60E0}.Release|x64.ActiveCfg = Release|Any CPU
		{EC1A8251-1B9A-4BBE-8A8C-BC8CD7DA60E0}.Release|x64.Build.0 = Release|Any CPU
		{EC1A8251-1B9A-4BBE-8A8C-BC8CD7DA60E0}.Release|x86.ActiveCfg = Release|Any CPU
		{EC1A8251-1B9A-4BBE-8A8C-BC8CD7DA60E0}.Release|x86.Build.0 = Release|Any CPU
		{EC1A8251-119A-44BE-8A8C-BC7823876763}.Debug|Any CPU.ActiveCfg = Debug|Any CPU
		{EC1A8251-119A-44BE-8A8C-BC7823876763}.Debug|Any CPU.Build.0 = Debug|Any CPU
		{EC1A8251-119A-44BE-8A8C-BC7823876763}.Debug|x64.ActiveCfg = Debug|Any CPU
		{EC1A8251-119A-44BE-8A8C-BC7823876763}.Debug|x64.Build.0 = Debug|Any CPU
		{EC1A8251-119A-44BE-8A8C-BC7823876763}.Debug|x86.ActiveCfg = Debug|Any CPU
		{EC1A8251-119A-44BE-8A8C-BC7823876763}.Debug|x86.Build.0 = Debug|Any CPU
		{EC1A8251-119A-44BE-8A8C-BC7823876763}.Release|Any CPU.ActiveCfg = Release|Any CPU
		{EC1A8251-119A-44BE-8A8C-BC7823876763}.Release|Any CPU.Build.0 = Release|Any CPU
		{EC1A8251-119A-44BE-8A8C-BC7823876763}.Release|x64.ActiveCfg = Release|Any CPU
		{EC1A8251-119A-44BE-8A8C-BC7823876763}.Release|x64.Build.0 = Release|Any CPU
		{EC1A8251-119A-44BE-8A8C-BC7823876763}.Release|x86.ActiveCfg = Release|Any CPU
		{EC1A8251-119A-44BE-8A8C-BC7823876763}.Release|x86.Build.0 = Release|Any CPU
		{2A4856E5-8D40-41F7-88D1-57D1888DB660}.Debug|Any CPU.ActiveCfg = Debug|Any CPU
		{2A4856E5-8D40-41F7-88D1-57D1888DB660}.Debug|Any CPU.Build.0 = Debug|Any CPU
		{2A4856E5-8D40-41F7-88D1-57D1888DB660}.Debug|x64.ActiveCfg = Debug|Any CPU
		{2A4856E5-8D40-41F7-88D1-57D1888DB660}.Debug|x64.Build.0 = Debug|Any CPU
		{2A4856E5-8D40-41F7-88D1-57D1888DB660}.Debug|x86.ActiveCfg = Debug|Any CPU
		{2A4856E5-8D40-41F7-88D1-57D1888DB660}.Debug|x86.Build.0 = Debug|Any CPU
		{2A4856E5-8D40-41F7-88D1-57D1888DB660}.Release|Any CPU.ActiveCfg = Release|Any CPU
		{2A4856E5-8D40-41F7-88D1-57D1888DB660}.Release|Any CPU.Build.0 = Release|Any CPU
		{2A4856E5-8D40-41F7-88D1-57D1888DB660}.Release|x64.ActiveCfg = Release|Any CPU
		{2A4856E5-8D40-41F7-88D1-57D1888DB660}.Release|x64.Build.0 = Release|Any CPU
		{2A4856E5-8D40-41F7-88D1-57D1888DB660}.Release|x86.ActiveCfg = Release|Any CPU
		{2A4856E5-8D40-41F7-88D1-57D1888DB660}.Release|x86.Build.0 = Release|Any CPU
		{5BFFF9BD-D17C-4A73-AD7D-0E047FAEC28B}.Debug|Any CPU.ActiveCfg = Debug|Any CPU
		{5BFFF9BD-D17C-4A73-AD7D-0E047FAEC28B}.Debug|Any CPU.Build.0 = Debug|Any CPU
		{5BFFF9BD-D17C-4A73-AD7D-0E047FAEC28B}.Debug|x64.ActiveCfg = Debug|Any CPU
		{5BFFF9BD-D17C-4A73-AD7D-0E047FAEC28B}.Debug|x64.Build.0 = Debug|Any CPU
		{5BFFF9BD-D17C-4A73-AD7D-0E047FAEC28B}.Debug|x86.ActiveCfg = Debug|Any CPU
		{5BFFF9BD-D17C-4A73-AD7D-0E047FAEC28B}.Debug|x86.Build.0 = Debug|Any CPU
		{5BFFF9BD-D17C-4A73-AD7D-0E047FAEC28B}.Release|Any CPU.ActiveCfg = Release|Any CPU
		{5BFFF9BD-D17C-4A73-AD7D-0E047FAEC28B}.Release|Any CPU.Build.0 = Release|Any CPU
		{5BFFF9BD-D17C-4A73-AD7D-0E047FAEC28B}.Release|x64.ActiveCfg = Release|Any CPU
		{5BFFF9BD-D17C-4A73-AD7D-0E047FAEC28B}.Release|x64.Build.0 = Release|Any CPU
		{5BFFF9BD-D17C-4A73-AD7D-0E047FAEC28B}.Release|x86.ActiveCfg = Release|Any CPU
		{5BFFF9BD-D17C-4A73-AD7D-0E047FAEC28B}.Release|x86.Build.0 = Release|Any CPU
		{451E16C9-DDEC-4ADD-B5CF-E04C96095675}.Debug|Any CPU.ActiveCfg = Debug|Any CPU
		{451E16C9-DDEC-4ADD-B5CF-E04C96095675}.Debug|Any CPU.Build.0 = Debug|Any CPU
		{451E16C9-DDEC-4ADD-B5CF-E04C96095675}.Debug|x64.ActiveCfg = Debug|Any CPU
		{451E16C9-DDEC-4ADD-B5CF-E04C96095675}.Debug|x64.Build.0 = Debug|Any CPU
		{451E16C9-DDEC-4ADD-B5CF-E04C96095675}.Debug|x86.ActiveCfg = Debug|Any CPU
		{451E16C9-DDEC-4ADD-B5CF-E04C96095675}.Debug|x86.Build.0 = Debug|Any CPU
		{451E16C9-DDEC-4ADD-B5CF-E04C96095675}.Release|Any CPU.ActiveCfg = Release|Any CPU
		{451E16C9-DDEC-4ADD-B5CF-E04C96095675}.Release|Any CPU.Build.0 = Release|Any CPU
		{451E16C9-DDEC-4ADD-B5CF-E04C96095675}.Release|x64.ActiveCfg = Release|Any CPU
		{451E16C9-DDEC-4ADD-B5CF-E04C96095675}.Release|x64.Build.0 = Release|Any CPU
		{451E16C9-DDEC-4ADD-B5CF-E04C96095675}.Release|x86.ActiveCfg = Release|Any CPU
		{451E16C9-DDEC-4ADD-B5CF-E04C96095675}.Release|x86.Build.0 = Release|Any CPU
		{451E16C9-DDEC-4ADD-B5CF-E03498347475}.Debug|Any CPU.ActiveCfg = Debug|Any CPU
		{451E16C9-DDEC-4ADD-B5CF-E03498347475}.Debug|Any CPU.Build.0 = Debug|Any CPU
		{451E16C9-DDEC-4ADD-B5CF-E03498347475}.Debug|x64.ActiveCfg = Debug|Any CPU
		{451E16C9-DDEC-4ADD-B5CF-E03498347475}.Debug|x64.Build.0 = Debug|Any CPU
		{451E16C9-DDEC-4ADD-B5CF-E03498347475}.Debug|x86.ActiveCfg = Debug|Any CPU
		{451E16C9-DDEC-4ADD-B5CF-E03498347475}.Debug|x86.Build.0 = Debug|Any CPU
		{451E16C9-DDEC-4ADD-B5CF-E03498347475}.Release|Any CPU.ActiveCfg = Release|Any CPU
		{451E16C9-DDEC-4ADD-B5CF-E03498347475}.Release|Any CPU.Build.0 = Release|Any CPU
		{451E16C9-DDEC-4ADD-B5CF-E03498347475}.Release|x64.ActiveCfg = Release|Any CPU
		{451E16C9-DDEC-4ADD-B5CF-E03498347475}.Release|x64.Build.0 = Release|Any CPU
		{451E16C9-DDEC-4ADD-B5CF-E03498347475}.Release|x86.ActiveCfg = Release|Any CPU
		{451E16C9-DDEC-4ADD-B5CF-E03498347475}.Release|x86.Build.0 = Release|Any CPU
		{451E16C9-DDEC-4ADD-B5CF-C34546647475}.Debug|Any CPU.ActiveCfg = Debug|Any CPU
		{451E16C9-DDEC-4ADD-B5CF-C34546647475}.Debug|Any CPU.Build.0 = Debug|Any CPU
		{451E16C9-DDEC-4ADD-B5CF-C34546647475}.Debug|x64.ActiveCfg = Debug|Any CPU
		{451E16C9-DDEC-4ADD-B5CF-C34546647475}.Debug|x64.Build.0 = Debug|Any CPU
		{451E16C9-DDEC-4ADD-B5CF-C34546647475}.Debug|x86.ActiveCfg = Debug|Any CPU
		{451E16C9-DDEC-4ADD-B5CF-C34546647475}.Debug|x86.Build.0 = Debug|Any CPU
		{451E16C9-DDEC-4ADD-B5CF-C34546647475}.Release|Any CPU.ActiveCfg = Release|Any CPU
		{451E16C9-DDEC-4ADD-B5CF-C34546647475}.Release|Any CPU.Build.0 = Release|Any CPU
		{451E16C9-DDEC-4ADD-B5CF-C34546647475}.Release|x64.ActiveCfg = Release|Any CPU
		{451E16C9-DDEC-4ADD-B5CF-C34546647475}.Release|x64.Build.0 = Release|Any CPU
		{451E16C9-DDEC-4ADD-B5CF-C34546647475}.Release|x86.ActiveCfg = Release|Any CPU
		{451E16C9-DDEC-4ADD-B5CF-C34546647475}.Release|x86.Build.0 = Release|Any CPU
		{55E667BC-D245-4CAD-9FDC-79BA2438F709}.Debug|Any CPU.ActiveCfg = Debug|Any CPU
		{55E667BC-D245-4CAD-9FDC-79BA2438F709}.Debug|Any CPU.Build.0 = Debug|Any CPU
		{55E667BC-D245-4CAD-9FDC-79BA2438F709}.Debug|x64.ActiveCfg = Debug|Any CPU
		{55E667BC-D245-4CAD-9FDC-79BA2438F709}.Debug|x64.Build.0 = Debug|Any CPU
		{55E667BC-D245-4CAD-9FDC-79BA2438F709}.Debug|x86.ActiveCfg = Debug|Any CPU
		{55E667BC-D245-4CAD-9FDC-79BA2438F709}.Debug|x86.Build.0 = Debug|Any CPU
		{55E667BC-D245-4CAD-9FDC-79BA2438F709}.Release|Any CPU.ActiveCfg = Release|Any CPU
		{55E667BC-D245-4CAD-9FDC-79BA2438F709}.Release|Any CPU.Build.0 = Release|Any CPU
		{55E667BC-D245-4CAD-9FDC-79BA2438F709}.Release|x64.ActiveCfg = Release|Any CPU
		{55E667BC-D245-4CAD-9FDC-79BA2438F709}.Release|x64.Build.0 = Release|Any CPU
		{55E667BC-D245-4CAD-9FDC-79BA2438F709}.Release|x86.ActiveCfg = Release|Any CPU
		{55E667BC-D245-4CAD-9FDC-79BA2438F709}.Release|x86.Build.0 = Release|Any CPU
		{6C7FC318-5848-4206-8431-3695C70143FA}.Debug|Any CPU.ActiveCfg = Debug|Any CPU
		{6C7FC318-5848-4206-8431-3695C70143FA}.Debug|Any CPU.Build.0 = Debug|Any CPU
		{6C7FC318-5848-4206-8431-3695C70143FA}.Debug|x64.ActiveCfg = Debug|Any CPU
		{6C7FC318-5848-4206-8431-3695C70143FA}.Debug|x64.Build.0 = Debug|Any CPU
		{6C7FC318-5848-4206-8431-3695C70143FA}.Debug|x86.ActiveCfg = Debug|Any CPU
		{6C7FC318-5848-4206-8431-3695C70143FA}.Debug|x86.Build.0 = Debug|Any CPU
		{6C7FC318-5848-4206-8431-3695C70143FA}.Release|Any CPU.ActiveCfg = Release|Any CPU
		{6C7FC318-5848-4206-8431-3695C70143FA}.Release|Any CPU.Build.0 = Release|Any CPU
		{6C7FC318-5848-4206-8431-3695C70143FA}.Release|x64.ActiveCfg = Release|Any CPU
		{6C7FC318-5848-4206-8431-3695C70143FA}.Release|x64.Build.0 = Release|Any CPU
		{6C7FC318-5848-4206-8431-3695C70143FA}.Release|x86.ActiveCfg = Release|Any CPU
		{6C7FC318-5848-4206-8431-3695C70143FA}.Release|x86.Build.0 = Release|Any CPU
		{64CDDAB4-5127-4EB3-B38F-36CE37E62A66}.Debug|Any CPU.ActiveCfg = Debug|Any CPU
		{64CDDAB4-5127-4EB3-B38F-36CE37E62A66}.Debug|Any CPU.Build.0 = Debug|Any CPU
		{64CDDAB4-5127-4EB3-B38F-36CE37E62A66}.Debug|x64.ActiveCfg = Debug|Any CPU
		{64CDDAB4-5127-4EB3-B38F-36CE37E62A66}.Debug|x64.Build.0 = Debug|Any CPU
		{64CDDAB4-5127-4EB3-B38F-36CE37E62A66}.Debug|x86.ActiveCfg = Debug|Any CPU
		{64CDDAB4-5127-4EB3-B38F-36CE37E62A66}.Debug|x86.Build.0 = Debug|Any CPU
		{64CDDAB4-5127-4EB3-B38F-36CE37E62A66}.Release|Any CPU.ActiveCfg = Release|Any CPU
		{64CDDAB4-5127-4EB3-B38F-36CE37E62A66}.Release|Any CPU.Build.0 = Release|Any CPU
		{64CDDAB4-5127-4EB3-B38F-36CE37E62A66}.Release|x64.ActiveCfg = Release|Any CPU
		{64CDDAB4-5127-4EB3-B38F-36CE37E62A66}.Release|x64.Build.0 = Release|Any CPU
		{64CDDAB4-5127-4EB3-B38F-36CE37E62A66}.Release|x86.ActiveCfg = Release|Any CPU
		{64CDDAB4-5127-4EB3-B38F-36CE37E62A66}.Release|x86.Build.0 = Release|Any CPU
		{95412C83-3BE8-4D58-A787-96AD459C1246}.Debug|Any CPU.ActiveCfg = Debug|Any CPU
		{95412C83-3BE8-4D58-A787-96AD459C1246}.Debug|Any CPU.Build.0 = Debug|Any CPU
		{95412C83-3BE8-4D58-A787-96AD459C1246}.Debug|x64.ActiveCfg = Debug|Any CPU
		{95412C83-3BE8-4D58-A787-96AD459C1246}.Debug|x64.Build.0 = Debug|Any CPU
		{95412C83-3BE8-4D58-A787-96AD459C1246}.Debug|x86.ActiveCfg = Debug|Any CPU
		{95412C83-3BE8-4D58-A787-96AD459C1246}.Debug|x86.Build.0 = Debug|Any CPU
		{95412C83-3BE8-4D58-A787-96AD459C1246}.Release|Any CPU.ActiveCfg = Release|Any CPU
		{95412C83-3BE8-4D58-A787-96AD459C1246}.Release|Any CPU.Build.0 = Release|Any CPU
		{95412C83-3BE8-4D58-A787-96AD459C1246}.Release|x64.ActiveCfg = Release|Any CPU
		{95412C83-3BE8-4D58-A787-96AD459C1246}.Release|x64.Build.0 = Release|Any CPU
		{95412C83-3BE8-4D58-A787-96AD459C1246}.Release|x86.ActiveCfg = Release|Any CPU
		{95412C83-3BE8-4D58-A787-96AD459C1246}.Release|x86.Build.0 = Release|Any CPU
		{B64B583D-1D18-4D74-BDB2-71388171FD36}.Debug|Any CPU.ActiveCfg = Debug|Any CPU
		{B64B583D-1D18-4D74-BDB2-71388171FD36}.Debug|Any CPU.Build.0 = Debug|Any CPU
		{B64B583D-1D18-4D74-BDB2-71388171FD36}.Debug|x64.ActiveCfg = Debug|Any CPU
		{B64B583D-1D18-4D74-BDB2-71388171FD36}.Debug|x64.Build.0 = Debug|Any CPU
		{B64B583D-1D18-4D74-BDB2-71388171FD36}.Debug|x86.ActiveCfg = Debug|Any CPU
		{B64B583D-1D18-4D74-BDB2-71388171FD36}.Debug|x86.Build.0 = Debug|Any CPU
		{B64B583D-1D18-4D74-BDB2-71388171FD36}.Release|Any CPU.ActiveCfg = Release|Any CPU
		{B64B583D-1D18-4D74-BDB2-71388171FD36}.Release|Any CPU.Build.0 = Release|Any CPU
		{B64B583D-1D18-4D74-BDB2-71388171FD36}.Release|x64.ActiveCfg = Release|Any CPU
		{B64B583D-1D18-4D74-BDB2-71388171FD36}.Release|x64.Build.0 = Release|Any CPU
		{B64B583D-1D18-4D74-BDB2-71388171FD36}.Release|x86.ActiveCfg = Release|Any CPU
		{B64B583D-1D18-4D74-BDB2-71388171FD36}.Release|x86.Build.0 = Release|Any CPU
		{F6E91DF8-4706-4979-AF0F-259B5F9E3D0B}.Debug|Any CPU.ActiveCfg = Debug|Any CPU
		{F6E91DF8-4706-4979-AF0F-259B5F9E3D0B}.Debug|Any CPU.Build.0 = Debug|Any CPU
		{F6E91DF8-4706-4979-AF0F-259B5F9E3D0B}.Debug|x64.ActiveCfg = Debug|Any CPU
		{F6E91DF8-4706-4979-AF0F-259B5F9E3D0B}.Debug|x64.Build.0 = Debug|Any CPU
		{F6E91DF8-4706-4979-AF0F-259B5F9E3D0B}.Debug|x86.ActiveCfg = Debug|Any CPU
		{F6E91DF8-4706-4979-AF0F-259B5F9E3D0B}.Debug|x86.Build.0 = Debug|Any CPU
		{F6E91DF8-4706-4979-AF0F-259B5F9E3D0B}.Release|Any CPU.ActiveCfg = Release|Any CPU
		{F6E91DF8-4706-4979-AF0F-259B5F9E3D0B}.Release|Any CPU.Build.0 = Release|Any CPU
		{F6E91DF8-4706-4979-AF0F-259B5F9E3D0B}.Release|x64.ActiveCfg = Release|Any CPU
		{F6E91DF8-4706-4979-AF0F-259B5F9E3D0B}.Release|x64.Build.0 = Release|Any CPU
		{F6E91DF8-4706-4979-AF0F-259B5F9E3D0B}.Release|x86.ActiveCfg = Release|Any CPU
		{F6E91DF8-4706-4979-AF0F-259B5F9E3D0B}.Release|x86.Build.0 = Release|Any CPU
		{D250F528-CFEB-4A68-9817-A99A92E0A4E4}.Debug|Any CPU.ActiveCfg = Debug|Any CPU
		{D250F528-CFEB-4A68-9817-A99A92E0A4E4}.Debug|Any CPU.Build.0 = Debug|Any CPU
		{D250F528-CFEB-4A68-9817-A99A92E0A4E4}.Debug|x64.ActiveCfg = Debug|Any CPU
		{D250F528-CFEB-4A68-9817-A99A92E0A4E4}.Debug|x64.Build.0 = Debug|Any CPU
		{D250F528-CFEB-4A68-9817-A99A92E0A4E4}.Debug|x86.ActiveCfg = Debug|Any CPU
		{D250F528-CFEB-4A68-9817-A99A92E0A4E4}.Debug|x86.Build.0 = Debug|Any CPU
		{D250F528-CFEB-4A68-9817-A99A92E0A4E4}.Release|Any CPU.ActiveCfg = Release|Any CPU
		{D250F528-CFEB-4A68-9817-A99A92E0A4E4}.Release|Any CPU.Build.0 = Release|Any CPU
		{D250F528-CFEB-4A68-9817-A99A92E0A4E4}.Release|x64.ActiveCfg = Release|Any CPU
		{D250F528-CFEB-4A68-9817-A99A92E0A4E4}.Release|x64.Build.0 = Release|Any CPU
		{D250F528-CFEB-4A68-9817-A99A92E0A4E4}.Release|x86.ActiveCfg = Release|Any CPU
		{D250F528-CFEB-4A68-9817-A99A92E0A4E4}.Release|x86.Build.0 = Release|Any CPU
		{80BBD05A-F622-49D5-BADD-E35B81D15D00}.Debug|Any CPU.ActiveCfg = Debug|Any CPU
		{80BBD05A-F622-49D5-BADD-E35B81D15D00}.Debug|Any CPU.Build.0 = Debug|Any CPU
		{80BBD05A-F622-49D5-BADD-E35B81D15D00}.Debug|x64.ActiveCfg = Debug|Any CPU
		{80BBD05A-F622-49D5-BADD-E35B81D15D00}.Debug|x64.Build.0 = Debug|Any CPU
		{80BBD05A-F622-49D5-BADD-E35B81D15D00}.Debug|x86.ActiveCfg = Debug|Any CPU
		{80BBD05A-F622-49D5-BADD-E35B81D15D00}.Debug|x86.Build.0 = Debug|Any CPU
		{80BBD05A-F622-49D5-BADD-E35B81D15D00}.Release|Any CPU.ActiveCfg = Release|Any CPU
		{80BBD05A-F622-49D5-BADD-E35B81D15D00}.Release|Any CPU.Build.0 = Release|Any CPU
		{80BBD05A-F622-49D5-BADD-E35B81D15D00}.Release|x64.ActiveCfg = Release|Any CPU
		{80BBD05A-F622-49D5-BADD-E35B81D15D00}.Release|x64.Build.0 = Release|Any CPU
		{80BBD05A-F622-49D5-BADD-E35B81D15D00}.Release|x86.ActiveCfg = Release|Any CPU
		{80BBD05A-F622-49D5-BADD-E35B81D15D00}.Release|x86.Build.0 = Release|Any CPU
		{6C6D0FE1-83DE-4E8D-9A0B-92FFAB5735A2}.Debug|Any CPU.ActiveCfg = Debug|Any CPU
		{6C6D0FE1-83DE-4E8D-9A0B-92FFAB5735A2}.Debug|Any CPU.Build.0 = Debug|Any CPU
		{6C6D0FE1-83DE-4E8D-9A0B-92FFAB5735A2}.Debug|x64.ActiveCfg = Debug|Any CPU
		{6C6D0FE1-83DE-4E8D-9A0B-92FFAB5735A2}.Debug|x64.Build.0 = Debug|Any CPU
		{6C6D0FE1-83DE-4E8D-9A0B-92FFAB5735A2}.Debug|x86.ActiveCfg = Debug|Any CPU
		{6C6D0FE1-83DE-4E8D-9A0B-92FFAB5735A2}.Debug|x86.Build.0 = Debug|Any CPU
		{6C6D0FE1-83DE-4E8D-9A0B-92FFAB5735A2}.Release|Any CPU.ActiveCfg = Release|Any CPU
		{6C6D0FE1-83DE-4E8D-9A0B-92FFAB5735A2}.Release|Any CPU.Build.0 = Release|Any CPU
		{6C6D0FE1-83DE-4E8D-9A0B-92FFAB5735A2}.Release|x64.ActiveCfg = Release|Any CPU
		{6C6D0FE1-83DE-4E8D-9A0B-92FFAB5735A2}.Release|x64.Build.0 = Release|Any CPU
		{6C6D0FE1-83DE-4E8D-9A0B-92FFAB5735A2}.Release|x86.ActiveCfg = Release|Any CPU
		{6C6D0FE1-83DE-4E8D-9A0B-92FFAB5735A2}.Release|x86.Build.0 = Release|Any CPU
		{1708335C-CCAD-49EC-8DE7-E5053C16BFA4}.Debug|Any CPU.ActiveCfg = Debug|Any CPU
		{1708335C-CCAD-49EC-8DE7-E5053C16BFA4}.Debug|Any CPU.Build.0 = Debug|Any CPU
		{1708335C-CCAD-49EC-8DE7-E5053C16BFA4}.Debug|x64.ActiveCfg = Debug|Any CPU
		{1708335C-CCAD-49EC-8DE7-E5053C16BFA4}.Debug|x64.Build.0 = Debug|Any CPU
		{1708335C-CCAD-49EC-8DE7-E5053C16BFA4}.Debug|x86.ActiveCfg = Debug|Any CPU
		{1708335C-CCAD-49EC-8DE7-E5053C16BFA4}.Debug|x86.Build.0 = Debug|Any CPU
		{1708335C-CCAD-49EC-8DE7-E5053C16BFA4}.Release|Any CPU.ActiveCfg = Release|Any CPU
		{1708335C-CCAD-49EC-8DE7-E5053C16BFA4}.Release|Any CPU.Build.0 = Release|Any CPU
		{1708335C-CCAD-49EC-8DE7-E5053C16BFA4}.Release|x64.ActiveCfg = Release|Any CPU
		{1708335C-CCAD-49EC-8DE7-E5053C16BFA4}.Release|x64.Build.0 = Release|Any CPU
		{1708335C-CCAD-49EC-8DE7-E5053C16BFA4}.Release|x86.ActiveCfg = Release|Any CPU
		{1708335C-CCAD-49EC-8DE7-E5053C16BFA4}.Release|x86.Build.0 = Release|Any CPU
		{641642C7-87EA-4AE7-830A-A8A0610F374F}.Debug|Any CPU.ActiveCfg = Debug|Any CPU
		{641642C7-87EA-4AE7-830A-A8A0610F374F}.Debug|Any CPU.Build.0 = Debug|Any CPU
		{641642C7-87EA-4AE7-830A-A8A0610F374F}.Debug|x64.ActiveCfg = Debug|Any CPU
		{641642C7-87EA-4AE7-830A-A8A0610F374F}.Debug|x64.Build.0 = Debug|Any CPU
		{641642C7-87EA-4AE7-830A-A8A0610F374F}.Debug|x86.ActiveCfg = Debug|Any CPU
		{641642C7-87EA-4AE7-830A-A8A0610F374F}.Debug|x86.Build.0 = Debug|Any CPU
		{641642C7-87EA-4AE7-830A-A8A0610F374F}.Release|Any CPU.ActiveCfg = Release|Any CPU
		{641642C7-87EA-4AE7-830A-A8A0610F374F}.Release|Any CPU.Build.0 = Release|Any CPU
		{641642C7-87EA-4AE7-830A-A8A0610F374F}.Release|x64.ActiveCfg = Release|Any CPU
		{641642C7-87EA-4AE7-830A-A8A0610F374F}.Release|x64.Build.0 = Release|Any CPU
		{641642C7-87EA-4AE7-830A-A8A0610F374F}.Release|x86.ActiveCfg = Release|Any CPU
		{641642C7-87EA-4AE7-830A-A8A0610F374F}.Release|x86.Build.0 = Release|Any CPU
		{E854F964-4355-477E-AC02-1E38923A9A46}.Debug|Any CPU.ActiveCfg = Debug|Any CPU
		{E854F964-4355-477E-AC02-1E38923A9A46}.Debug|Any CPU.Build.0 = Debug|Any CPU
		{E854F964-4355-477E-AC02-1E38923A9A46}.Debug|x64.ActiveCfg = Debug|Any CPU
		{E854F964-4355-477E-AC02-1E38923A9A46}.Debug|x64.Build.0 = Debug|Any CPU
		{E854F964-4355-477E-AC02-1E38923A9A46}.Debug|x86.ActiveCfg = Debug|Any CPU
		{E854F964-4355-477E-AC02-1E38923A9A46}.Debug|x86.Build.0 = Debug|Any CPU
		{E854F964-4355-477E-AC02-1E38923A9A46}.Release|Any CPU.ActiveCfg = Release|Any CPU
		{E854F964-4355-477E-AC02-1E38923A9A46}.Release|Any CPU.Build.0 = Release|Any CPU
		{E854F964-4355-477E-AC02-1E38923A9A46}.Release|x64.ActiveCfg = Release|Any CPU
		{E854F964-4355-477E-AC02-1E38923A9A46}.Release|x64.Build.0 = Release|Any CPU
		{E854F964-4355-477E-AC02-1E38923A9A46}.Release|x86.ActiveCfg = Release|Any CPU
		{E854F964-4355-477E-AC02-1E38923A9A46}.Release|x86.Build.0 = Release|Any CPU
		{AAB1251C-C57F-4D4D-A64B-3966D6643BF5}.Debug|Any CPU.ActiveCfg = Debug|Any CPU
		{AAB1251C-C57F-4D4D-A64B-3966D6643BF5}.Debug|Any CPU.Build.0 = Debug|Any CPU
		{AAB1251C-C57F-4D4D-A64B-3966D6643BF5}.Debug|x64.ActiveCfg = Debug|Any CPU
		{AAB1251C-C57F-4D4D-A64B-3966D6643BF5}.Debug|x64.Build.0 = Debug|Any CPU
		{AAB1251C-C57F-4D4D-A64B-3966D6643BF5}.Debug|x86.ActiveCfg = Debug|Any CPU
		{AAB1251C-C57F-4D4D-A64B-3966D6643BF5}.Debug|x86.Build.0 = Debug|Any CPU
		{AAB1251C-C57F-4D4D-A64B-3966D6643BF5}.Release|Any CPU.ActiveCfg = Release|Any CPU
		{AAB1251C-C57F-4D4D-A64B-3966D6643BF5}.Release|Any CPU.Build.0 = Release|Any CPU
		{AAB1251C-C57F-4D4D-A64B-3966D6643BF5}.Release|x64.ActiveCfg = Release|Any CPU
		{AAB1251C-C57F-4D4D-A64B-3966D6643BF5}.Release|x64.Build.0 = Release|Any CPU
		{AAB1251C-C57F-4D4D-A64B-3966D6643BF5}.Release|x86.ActiveCfg = Release|Any CPU
		{AAB1251C-C57F-4D4D-A64B-3966D6643BF5}.Release|x86.Build.0 = Release|Any CPU
		{ED842FEA-18A1-4F2B-AB79-3ABC80D1A9AB}.Debug|Any CPU.ActiveCfg = Debug|Any CPU
		{ED842FEA-18A1-4F2B-AB79-3ABC80D1A9AB}.Debug|Any CPU.Build.0 = Debug|Any CPU
		{ED842FEA-18A1-4F2B-AB79-3ABC80D1A9AB}.Debug|x64.ActiveCfg = Debug|Any CPU
		{ED842FEA-18A1-4F2B-AB79-3ABC80D1A9AB}.Debug|x64.Build.0 = Debug|Any CPU
		{ED842FEA-18A1-4F2B-AB79-3ABC80D1A9AB}.Debug|x86.ActiveCfg = Debug|Any CPU
		{ED842FEA-18A1-4F2B-AB79-3ABC80D1A9AB}.Debug|x86.Build.0 = Debug|Any CPU
		{ED842FEA-18A1-4F2B-AB79-3ABC80D1A9AB}.Release|Any CPU.ActiveCfg = Release|Any CPU
		{ED842FEA-18A1-4F2B-AB79-3ABC80D1A9AB}.Release|Any CPU.Build.0 = Release|Any CPU
		{ED842FEA-18A1-4F2B-AB79-3ABC80D1A9AB}.Release|x64.ActiveCfg = Release|Any CPU
		{ED842FEA-18A1-4F2B-AB79-3ABC80D1A9AB}.Release|x64.Build.0 = Release|Any CPU
		{ED842FEA-18A1-4F2B-AB79-3ABC80D1A9AB}.Release|x86.ActiveCfg = Release|Any CPU
		{ED842FEA-18A1-4F2B-AB79-3ABC80D1A9AB}.Release|x86.Build.0 = Release|Any CPU
		{647AB10F-3371-49B2-840E-AEE332B11C29}.Debug|Any CPU.ActiveCfg = Debug|Any CPU
		{647AB10F-3371-49B2-840E-AEE332B11C29}.Debug|Any CPU.Build.0 = Debug|Any CPU
		{647AB10F-3371-49B2-840E-AEE332B11C29}.Debug|x64.ActiveCfg = Debug|Any CPU
		{647AB10F-3371-49B2-840E-AEE332B11C29}.Debug|x64.Build.0 = Debug|Any CPU
		{647AB10F-3371-49B2-840E-AEE332B11C29}.Debug|x86.ActiveCfg = Debug|Any CPU
		{647AB10F-3371-49B2-840E-AEE332B11C29}.Debug|x86.Build.0 = Debug|Any CPU
		{647AB10F-3371-49B2-840E-AEE332B11C29}.Release|Any CPU.ActiveCfg = Release|Any CPU
		{647AB10F-3371-49B2-840E-AEE332B11C29}.Release|Any CPU.Build.0 = Release|Any CPU
		{647AB10F-3371-49B2-840E-AEE332B11C29}.Release|x64.ActiveCfg = Release|Any CPU
		{647AB10F-3371-49B2-840E-AEE332B11C29}.Release|x64.Build.0 = Release|Any CPU
		{647AB10F-3371-49B2-840E-AEE332B11C29}.Release|x86.ActiveCfg = Release|Any CPU
		{647AB10F-3371-49B2-840E-AEE332B11C29}.Release|x86.Build.0 = Release|Any CPU
		{9D9CF1B3-7E57-4971-A479-5803C658A7D0}.Debug|Any CPU.ActiveCfg = Debug|Any CPU
		{9D9CF1B3-7E57-4971-A479-5803C658A7D0}.Debug|Any CPU.Build.0 = Debug|Any CPU
		{9D9CF1B3-7E57-4971-A479-5803C658A7D0}.Debug|x64.ActiveCfg = Debug|Any CPU
		{9D9CF1B3-7E57-4971-A479-5803C658A7D0}.Debug|x64.Build.0 = Debug|Any CPU
		{9D9CF1B3-7E57-4971-A479-5803C658A7D0}.Debug|x86.ActiveCfg = Debug|Any CPU
		{9D9CF1B3-7E57-4971-A479-5803C658A7D0}.Debug|x86.Build.0 = Debug|Any CPU
		{9D9CF1B3-7E57-4971-A479-5803C658A7D0}.Release|Any CPU.ActiveCfg = Release|Any CPU
		{9D9CF1B3-7E57-4971-A479-5803C658A7D0}.Release|Any CPU.Build.0 = Release|Any CPU
		{9D9CF1B3-7E57-4971-A479-5803C658A7D0}.Release|x64.ActiveCfg = Release|Any CPU
		{9D9CF1B3-7E57-4971-A479-5803C658A7D0}.Release|x64.Build.0 = Release|Any CPU
		{9D9CF1B3-7E57-4971-A479-5803C658A7D0}.Release|x86.ActiveCfg = Release|Any CPU
		{9D9CF1B3-7E57-4971-A479-5803C658A7D0}.Release|x86.Build.0 = Release|Any CPU
		{71E1AE60-7DC9-4AD3-AD38-034B961E17F4}.Debug|Any CPU.ActiveCfg = Debug|Any CPU
		{71E1AE60-7DC9-4AD3-AD38-034B961E17F4}.Debug|Any CPU.Build.0 = Debug|Any CPU
		{71E1AE60-7DC9-4AD3-AD38-034B961E17F4}.Debug|x64.ActiveCfg = Debug|Any CPU
		{71E1AE60-7DC9-4AD3-AD38-034B961E17F4}.Debug|x64.Build.0 = Debug|Any CPU
		{71E1AE60-7DC9-4AD3-AD38-034B961E17F4}.Debug|x86.ActiveCfg = Debug|Any CPU
		{71E1AE60-7DC9-4AD3-AD38-034B961E17F4}.Debug|x86.Build.0 = Debug|Any CPU
		{71E1AE60-7DC9-4AD3-AD38-034B961E17F4}.Release|Any CPU.ActiveCfg = Release|Any CPU
		{71E1AE60-7DC9-4AD3-AD38-034B961E17F4}.Release|Any CPU.Build.0 = Release|Any CPU
		{71E1AE60-7DC9-4AD3-AD38-034B961E17F4}.Release|x64.ActiveCfg = Release|Any CPU
		{71E1AE60-7DC9-4AD3-AD38-034B961E17F4}.Release|x64.Build.0 = Release|Any CPU
		{71E1AE60-7DC9-4AD3-AD38-034B961E17F4}.Release|x86.ActiveCfg = Release|Any CPU
		{71E1AE60-7DC9-4AD3-AD38-034B961E17F4}.Release|x86.Build.0 = Release|Any CPU
		{42B014C3-EC56-458F-8071-65B61A1F7146}.Debug|Any CPU.ActiveCfg = Debug|Any CPU
		{42B014C3-EC56-458F-8071-65B61A1F7146}.Debug|Any CPU.Build.0 = Debug|Any CPU
		{42B014C3-EC56-458F-8071-65B61A1F7146}.Debug|x64.ActiveCfg = Debug|Any CPU
		{42B014C3-EC56-458F-8071-65B61A1F7146}.Debug|x64.Build.0 = Debug|Any CPU
		{42B014C3-EC56-458F-8071-65B61A1F7146}.Debug|x86.ActiveCfg = Debug|Any CPU
		{42B014C3-EC56-458F-8071-65B61A1F7146}.Debug|x86.Build.0 = Debug|Any CPU
		{42B014C3-EC56-458F-8071-65B61A1F7146}.Release|Any CPU.ActiveCfg = Release|Any CPU
		{42B014C3-EC56-458F-8071-65B61A1F7146}.Release|Any CPU.Build.0 = Release|Any CPU
		{42B014C3-EC56-458F-8071-65B61A1F7146}.Release|x64.ActiveCfg = Release|Any CPU
		{42B014C3-EC56-458F-8071-65B61A1F7146}.Release|x64.Build.0 = Release|Any CPU
		{42B014C3-EC56-458F-8071-65B61A1F7146}.Release|x86.ActiveCfg = Release|Any CPU
		{42B014C3-EC56-458F-8071-65B61A1F7146}.Release|x86.Build.0 = Release|Any CPU
		{ABE6C6FB-E1A6-4EBC-B04B-49890E38C708}.Debug|Any CPU.ActiveCfg = Debug|Any CPU
		{ABE6C6FB-E1A6-4EBC-B04B-49890E38C708}.Debug|Any CPU.Build.0 = Debug|Any CPU
		{ABE6C6FB-E1A6-4EBC-B04B-49890E38C708}.Debug|x64.ActiveCfg = Debug|Any CPU
		{ABE6C6FB-E1A6-4EBC-B04B-49890E38C708}.Debug|x64.Build.0 = Debug|Any CPU
		{ABE6C6FB-E1A6-4EBC-B04B-49890E38C708}.Debug|x86.ActiveCfg = Debug|Any CPU
		{ABE6C6FB-E1A6-4EBC-B04B-49890E38C708}.Debug|x86.Build.0 = Debug|Any CPU
		{ABE6C6FB-E1A6-4EBC-B04B-49890E38C708}.Release|Any CPU.ActiveCfg = Release|Any CPU
		{ABE6C6FB-E1A6-4EBC-B04B-49890E38C708}.Release|Any CPU.Build.0 = Release|Any CPU
		{ABE6C6FB-E1A6-4EBC-B04B-49890E38C708}.Release|x64.ActiveCfg = Release|Any CPU
		{ABE6C6FB-E1A6-4EBC-B04B-49890E38C708}.Release|x64.Build.0 = Release|Any CPU
		{ABE6C6FB-E1A6-4EBC-B04B-49890E38C708}.Release|x86.ActiveCfg = Release|Any CPU
		{ABE6C6FB-E1A6-4EBC-B04B-49890E38C708}.Release|x86.Build.0 = Release|Any CPU
		{BE46AC03-E660-4E29-9A39-CC574A2109B9}.Debug|Any CPU.ActiveCfg = Debug|Any CPU
		{BE46AC03-E660-4E29-9A39-CC574A2109B9}.Debug|Any CPU.Build.0 = Debug|Any CPU
		{BE46AC03-E660-4E29-9A39-CC574A2109B9}.Debug|x64.ActiveCfg = Debug|Any CPU
		{BE46AC03-E660-4E29-9A39-CC574A2109B9}.Debug|x64.Build.0 = Debug|Any CPU
		{BE46AC03-E660-4E29-9A39-CC574A2109B9}.Debug|x86.ActiveCfg = Debug|Any CPU
		{BE46AC03-E660-4E29-9A39-CC574A2109B9}.Debug|x86.Build.0 = Debug|Any CPU
		{BE46AC03-E660-4E29-9A39-CC574A2109B9}.Release|Any CPU.ActiveCfg = Release|Any CPU
		{BE46AC03-E660-4E29-9A39-CC574A2109B9}.Release|Any CPU.Build.0 = Release|Any CPU
		{BE46AC03-E660-4E29-9A39-CC574A2109B9}.Release|x64.ActiveCfg = Release|Any CPU
		{BE46AC03-E660-4E29-9A39-CC574A2109B9}.Release|x64.Build.0 = Release|Any CPU
		{BE46AC03-E660-4E29-9A39-CC574A2109B9}.Release|x86.ActiveCfg = Release|Any CPU
		{BE46AC03-E660-4E29-9A39-CC574A2109B9}.Release|x86.Build.0 = Release|Any CPU
		{04A6E5E1-6878-451B-8BE6-CDAB06255531}.Debug|Any CPU.ActiveCfg = Debug|Any CPU
		{04A6E5E1-6878-451B-8BE6-CDAB06255531}.Debug|Any CPU.Build.0 = Debug|Any CPU
		{04A6E5E1-6878-451B-8BE6-CDAB06255531}.Debug|x64.ActiveCfg = Debug|Any CPU
		{04A6E5E1-6878-451B-8BE6-CDAB06255531}.Debug|x64.Build.0 = Debug|Any CPU
		{04A6E5E1-6878-451B-8BE6-CDAB06255531}.Debug|x86.ActiveCfg = Debug|Any CPU
		{04A6E5E1-6878-451B-8BE6-CDAB06255531}.Debug|x86.Build.0 = Debug|Any CPU
		{04A6E5E1-6878-451B-8BE6-CDAB06255531}.Release|Any CPU.ActiveCfg = Release|Any CPU
		{04A6E5E1-6878-451B-8BE6-CDAB06255531}.Release|Any CPU.Build.0 = Release|Any CPU
		{04A6E5E1-6878-451B-8BE6-CDAB06255531}.Release|x64.ActiveCfg = Release|Any CPU
		{04A6E5E1-6878-451B-8BE6-CDAB06255531}.Release|x64.Build.0 = Release|Any CPU
		{04A6E5E1-6878-451B-8BE6-CDAB06255531}.Release|x86.ActiveCfg = Release|Any CPU
		{04A6E5E1-6878-451B-8BE6-CDAB06255531}.Release|x86.Build.0 = Release|Any CPU
		{72BAC465-48D9-4869-8667-46099B917110}.Debug|Any CPU.ActiveCfg = Debug|Any CPU
		{72BAC465-48D9-4869-8667-46099B917110}.Debug|Any CPU.Build.0 = Debug|Any CPU
		{72BAC465-48D9-4869-8667-46099B917110}.Debug|x64.ActiveCfg = Debug|Any CPU
		{72BAC465-48D9-4869-8667-46099B917110}.Debug|x64.Build.0 = Debug|Any CPU
		{72BAC465-48D9-4869-8667-46099B917110}.Debug|x86.ActiveCfg = Debug|Any CPU
		{72BAC465-48D9-4869-8667-46099B917110}.Debug|x86.Build.0 = Debug|Any CPU
		{72BAC465-48D9-4869-8667-46099B917110}.Release|Any CPU.ActiveCfg = Release|Any CPU
		{72BAC465-48D9-4869-8667-46099B917110}.Release|Any CPU.Build.0 = Release|Any CPU
		{72BAC465-48D9-4869-8667-46099B917110}.Release|x64.ActiveCfg = Release|Any CPU
		{72BAC465-48D9-4869-8667-46099B917110}.Release|x64.Build.0 = Release|Any CPU
		{72BAC465-48D9-4869-8667-46099B917110}.Release|x86.ActiveCfg = Release|Any CPU
		{72BAC465-48D9-4869-8667-46099B917110}.Release|x86.Build.0 = Release|Any CPU
		{F9713CA8-D718-443E-89F2-4E37FB5B4750}.Debug|Any CPU.ActiveCfg = Debug|Any CPU
		{F9713CA8-D718-443E-89F2-4E37FB5B4750}.Debug|Any CPU.Build.0 = Debug|Any CPU
		{F9713CA8-D718-443E-89F2-4E37FB5B4750}.Debug|x64.ActiveCfg = Debug|Any CPU
		{F9713CA8-D718-443E-89F2-4E37FB5B4750}.Debug|x64.Build.0 = Debug|Any CPU
		{F9713CA8-D718-443E-89F2-4E37FB5B4750}.Debug|x86.ActiveCfg = Debug|Any CPU
		{F9713CA8-D718-443E-89F2-4E37FB5B4750}.Debug|x86.Build.0 = Debug|Any CPU
		{F9713CA8-D718-443E-89F2-4E37FB5B4750}.Release|Any CPU.ActiveCfg = Release|Any CPU
		{F9713CA8-D718-443E-89F2-4E37FB5B4750}.Release|Any CPU.Build.0 = Release|Any CPU
		{F9713CA8-D718-443E-89F2-4E37FB5B4750}.Release|x64.ActiveCfg = Release|Any CPU
		{F9713CA8-D718-443E-89F2-4E37FB5B4750}.Release|x64.Build.0 = Release|Any CPU
		{F9713CA8-D718-443E-89F2-4E37FB5B4750}.Release|x86.ActiveCfg = Release|Any CPU
		{F9713CA8-D718-443E-89F2-4E37FB5B4750}.Release|x86.Build.0 = Release|Any CPU
		{99C54ABE-646D-479D-91B8-DB765DA1A711}.Debug|Any CPU.ActiveCfg = Debug|Any CPU
		{99C54ABE-646D-479D-91B8-DB765DA1A711}.Debug|Any CPU.Build.0 = Debug|Any CPU
		{99C54ABE-646D-479D-91B8-DB765DA1A711}.Debug|x64.ActiveCfg = Debug|Any CPU
		{99C54ABE-646D-479D-91B8-DB765DA1A711}.Debug|x64.Build.0 = Debug|Any CPU
		{99C54ABE-646D-479D-91B8-DB765DA1A711}.Debug|x86.ActiveCfg = Debug|Any CPU
		{99C54ABE-646D-479D-91B8-DB765DA1A711}.Debug|x86.Build.0 = Debug|Any CPU
		{99C54ABE-646D-479D-91B8-DB765DA1A711}.Release|Any CPU.ActiveCfg = Release|Any CPU
		{99C54ABE-646D-479D-91B8-DB765DA1A711}.Release|Any CPU.Build.0 = Release|Any CPU
		{99C54ABE-646D-479D-91B8-DB765DA1A711}.Release|x64.ActiveCfg = Release|Any CPU
		{99C54ABE-646D-479D-91B8-DB765DA1A711}.Release|x64.Build.0 = Release|Any CPU
		{99C54ABE-646D-479D-91B8-DB765DA1A711}.Release|x86.ActiveCfg = Release|Any CPU
		{99C54ABE-646D-479D-91B8-DB765DA1A711}.Release|x86.Build.0 = Release|Any CPU
		{B9A1FF5E-F267-42A7-A05F-E55486C8C794}.Debug|Any CPU.ActiveCfg = Debug|Any CPU
		{B9A1FF5E-F267-42A7-A05F-E55486C8C794}.Debug|Any CPU.Build.0 = Debug|Any CPU
		{B9A1FF5E-F267-42A7-A05F-E55486C8C794}.Debug|x64.ActiveCfg = Debug|Any CPU
		{B9A1FF5E-F267-42A7-A05F-E55486C8C794}.Debug|x64.Build.0 = Debug|Any CPU
		{B9A1FF5E-F267-42A7-A05F-E55486C8C794}.Debug|x86.ActiveCfg = Debug|Any CPU
		{B9A1FF5E-F267-42A7-A05F-E55486C8C794}.Debug|x86.Build.0 = Debug|Any CPU
		{B9A1FF5E-F267-42A7-A05F-E55486C8C794}.Release|Any CPU.ActiveCfg = Release|Any CPU
		{B9A1FF5E-F267-42A7-A05F-E55486C8C794}.Release|Any CPU.Build.0 = Release|Any CPU
		{B9A1FF5E-F267-42A7-A05F-E55486C8C794}.Release|x64.ActiveCfg = Release|Any CPU
		{B9A1FF5E-F267-42A7-A05F-E55486C8C794}.Release|x64.Build.0 = Release|Any CPU
		{B9A1FF5E-F267-42A7-A05F-E55486C8C794}.Release|x86.ActiveCfg = Release|Any CPU
		{B9A1FF5E-F267-42A7-A05F-E55486C8C794}.Release|x86.Build.0 = Release|Any CPU
		{F110A2AF-4D3C-401B-8F8E-2AABE5C73B52}.Debug|Any CPU.ActiveCfg = Debug|Any CPU
		{F110A2AF-4D3C-401B-8F8E-2AABE5C73B52}.Debug|Any CPU.Build.0 = Debug|Any CPU
		{F110A2AF-4D3C-401B-8F8E-2AABE5C73B52}.Debug|x64.ActiveCfg = Debug|Any CPU
		{F110A2AF-4D3C-401B-8F8E-2AABE5C73B52}.Debug|x64.Build.0 = Debug|Any CPU
		{F110A2AF-4D3C-401B-8F8E-2AABE5C73B52}.Debug|x86.ActiveCfg = Debug|Any CPU
		{F110A2AF-4D3C-401B-8F8E-2AABE5C73B52}.Debug|x86.Build.0 = Debug|Any CPU
		{F110A2AF-4D3C-401B-8F8E-2AABE5C73B52}.Release|Any CPU.ActiveCfg = Release|Any CPU
		{F110A2AF-4D3C-401B-8F8E-2AABE5C73B52}.Release|Any CPU.Build.0 = Release|Any CPU
		{F110A2AF-4D3C-401B-8F8E-2AABE5C73B52}.Release|x64.ActiveCfg = Release|Any CPU
		{F110A2AF-4D3C-401B-8F8E-2AABE5C73B52}.Release|x64.Build.0 = Release|Any CPU
		{F110A2AF-4D3C-401B-8F8E-2AABE5C73B52}.Release|x86.ActiveCfg = Release|Any CPU
		{F110A2AF-4D3C-401B-8F8E-2AABE5C73B52}.Release|x86.Build.0 = Release|Any CPU
		{CEBD6F30-CCB7-4417-842C-529B6994E322}.Debug|Any CPU.ActiveCfg = Debug|Any CPU
		{CEBD6F30-CCB7-4417-842C-529B6994E322}.Debug|Any CPU.Build.0 = Debug|Any CPU
		{CEBD6F30-CCB7-4417-842C-529B6994E322}.Debug|x64.ActiveCfg = Debug|Any CPU
		{CEBD6F30-CCB7-4417-842C-529B6994E322}.Debug|x64.Build.0 = Debug|Any CPU
		{CEBD6F30-CCB7-4417-842C-529B6994E322}.Debug|x86.ActiveCfg = Debug|Any CPU
		{CEBD6F30-CCB7-4417-842C-529B6994E322}.Debug|x86.Build.0 = Debug|Any CPU
		{CEBD6F30-CCB7-4417-842C-529B6994E322}.Release|Any CPU.ActiveCfg = Release|Any CPU
		{CEBD6F30-CCB7-4417-842C-529B6994E322}.Release|Any CPU.Build.0 = Release|Any CPU
		{CEBD6F30-CCB7-4417-842C-529B6994E322}.Release|x64.ActiveCfg = Release|Any CPU
		{CEBD6F30-CCB7-4417-842C-529B6994E322}.Release|x64.Build.0 = Release|Any CPU
		{CEBD6F30-CCB7-4417-842C-529B6994E322}.Release|x86.ActiveCfg = Release|Any CPU
		{CEBD6F30-CCB7-4417-842C-529B6994E322}.Release|x86.Build.0 = Release|Any CPU
		{C0E08388-557E-46B3-AD49-FCB23A9DDFC1}.Debug|Any CPU.ActiveCfg = Debug|Any CPU
		{C0E08388-557E-46B3-AD49-FCB23A9DDFC1}.Debug|Any CPU.Build.0 = Debug|Any CPU
		{C0E08388-557E-46B3-AD49-FCB23A9DDFC1}.Debug|x64.ActiveCfg = Debug|Any CPU
		{C0E08388-557E-46B3-AD49-FCB23A9DDFC1}.Debug|x64.Build.0 = Debug|Any CPU
		{C0E08388-557E-46B3-AD49-FCB23A9DDFC1}.Debug|x86.ActiveCfg = Debug|Any CPU
		{C0E08388-557E-46B3-AD49-FCB23A9DDFC1}.Debug|x86.Build.0 = Debug|Any CPU
		{C0E08388-557E-46B3-AD49-FCB23A9DDFC1}.Release|Any CPU.ActiveCfg = Release|Any CPU
		{C0E08388-557E-46B3-AD49-FCB23A9DDFC1}.Release|Any CPU.Build.0 = Release|Any CPU
		{C0E08388-557E-46B3-AD49-FCB23A9DDFC1}.Release|x64.ActiveCfg = Release|Any CPU
		{C0E08388-557E-46B3-AD49-FCB23A9DDFC1}.Release|x64.Build.0 = Release|Any CPU
		{C0E08388-557E-46B3-AD49-FCB23A9DDFC1}.Release|x86.ActiveCfg = Release|Any CPU
		{C0E08388-557E-46B3-AD49-FCB23A9DDFC1}.Release|x86.Build.0 = Release|Any CPU
		{C64DEDD2-FB6B-4770-B1B9-DFCD7BBC5BDF}.Debug|Any CPU.ActiveCfg = Debug|Any CPU
		{C64DEDD2-FB6B-4770-B1B9-DFCD7BBC5BDF}.Debug|Any CPU.Build.0 = Debug|Any CPU
		{C64DEDD2-FB6B-4770-B1B9-DFCD7BBC5BDF}.Debug|x64.ActiveCfg = Debug|Any CPU
		{C64DEDD2-FB6B-4770-B1B9-DFCD7BBC5BDF}.Debug|x64.Build.0 = Debug|Any CPU
		{C64DEDD2-FB6B-4770-B1B9-DFCD7BBC5BDF}.Debug|x86.ActiveCfg = Debug|Any CPU
		{C64DEDD2-FB6B-4770-B1B9-DFCD7BBC5BDF}.Debug|x86.Build.0 = Debug|Any CPU
		{C64DEDD2-FB6B-4770-B1B9-DFCD7BBC5BDF}.Release|Any CPU.ActiveCfg = Release|Any CPU
		{C64DEDD2-FB6B-4770-B1B9-DFCD7BBC5BDF}.Release|Any CPU.Build.0 = Release|Any CPU
		{C64DEDD2-FB6B-4770-B1B9-DFCD7BBC5BDF}.Release|x64.ActiveCfg = Release|Any CPU
		{C64DEDD2-FB6B-4770-B1B9-DFCD7BBC5BDF}.Release|x64.Build.0 = Release|Any CPU
		{C64DEDD2-FB6B-4770-B1B9-DFCD7BBC5BDF}.Release|x86.ActiveCfg = Release|Any CPU
		{C64DEDD2-FB6B-4770-B1B9-DFCD7BBC5BDF}.Release|x86.Build.0 = Release|Any CPU
		{A114EEDC-9A3A-46AE-9233-F66DFCBEF7AD}.Debug|Any CPU.ActiveCfg = Debug|Any CPU
		{A114EEDC-9A3A-46AE-9233-F66DFCBEF7AD}.Debug|Any CPU.Build.0 = Debug|Any CPU
		{A114EEDC-9A3A-46AE-9233-F66DFCBEF7AD}.Debug|x64.ActiveCfg = Debug|Any CPU
		{A114EEDC-9A3A-46AE-9233-F66DFCBEF7AD}.Debug|x64.Build.0 = Debug|Any CPU
		{A114EEDC-9A3A-46AE-9233-F66DFCBEF7AD}.Debug|x86.ActiveCfg = Debug|Any CPU
		{A114EEDC-9A3A-46AE-9233-F66DFCBEF7AD}.Debug|x86.Build.0 = Debug|Any CPU
		{A114EEDC-9A3A-46AE-9233-F66DFCBEF7AD}.Release|Any CPU.ActiveCfg = Release|Any CPU
		{A114EEDC-9A3A-46AE-9233-F66DFCBEF7AD}.Release|Any CPU.Build.0 = Release|Any CPU
		{A114EEDC-9A3A-46AE-9233-F66DFCBEF7AD}.Release|x64.ActiveCfg = Release|Any CPU
		{A114EEDC-9A3A-46AE-9233-F66DFCBEF7AD}.Release|x64.Build.0 = Release|Any CPU
		{A114EEDC-9A3A-46AE-9233-F66DFCBEF7AD}.Release|x86.ActiveCfg = Release|Any CPU
		{A114EEDC-9A3A-46AE-9233-F66DFCBEF7AD}.Release|x86.Build.0 = Release|Any CPU
		{C2340D2B-4FB2-4380-8CE5-347E2DA4C5AD}.Debug|Any CPU.ActiveCfg = Debug|Any CPU
		{C2340D2B-4FB2-4380-8CE5-347E2DA4C5AD}.Debug|Any CPU.Build.0 = Debug|Any CPU
		{C2340D2B-4FB2-4380-8CE5-347E2DA4C5AD}.Debug|x64.ActiveCfg = Debug|Any CPU
		{C2340D2B-4FB2-4380-8CE5-347E2DA4C5AD}.Debug|x64.Build.0 = Debug|Any CPU
		{C2340D2B-4FB2-4380-8CE5-347E2DA4C5AD}.Debug|x86.ActiveCfg = Debug|Any CPU
		{C2340D2B-4FB2-4380-8CE5-347E2DA4C5AD}.Debug|x86.Build.0 = Debug|Any CPU
		{C2340D2B-4FB2-4380-8CE5-347E2DA4C5AD}.Release|Any CPU.ActiveCfg = Release|Any CPU
		{C2340D2B-4FB2-4380-8CE5-347E2DA4C5AD}.Release|Any CPU.Build.0 = Release|Any CPU
		{C2340D2B-4FB2-4380-8CE5-347E2DA4C5AD}.Release|x64.ActiveCfg = Release|Any CPU
		{C2340D2B-4FB2-4380-8CE5-347E2DA4C5AD}.Release|x64.Build.0 = Release|Any CPU
		{C2340D2B-4FB2-4380-8CE5-347E2DA4C5AD}.Release|x86.ActiveCfg = Release|Any CPU
		{C2340D2B-4FB2-4380-8CE5-347E2DA4C5AD}.Release|x86.Build.0 = Release|Any CPU
		{D1EAE917-9851-42E9-A979-A72D69D111B2}.Debug|Any CPU.ActiveCfg = Debug|Any CPU
		{D1EAE917-9851-42E9-A979-A72D69D111B2}.Debug|Any CPU.Build.0 = Debug|Any CPU
		{D1EAE917-9851-42E9-A979-A72D69D111B2}.Debug|x64.ActiveCfg = Debug|Any CPU
		{D1EAE917-9851-42E9-A979-A72D69D111B2}.Debug|x64.Build.0 = Debug|Any CPU
		{D1EAE917-9851-42E9-A979-A72D69D111B2}.Debug|x86.ActiveCfg = Debug|Any CPU
		{D1EAE917-9851-42E9-A979-A72D69D111B2}.Debug|x86.Build.0 = Debug|Any CPU
		{D1EAE917-9851-42E9-A979-A72D69D111B2}.Release|Any CPU.ActiveCfg = Release|Any CPU
		{D1EAE917-9851-42E9-A979-A72D69D111B2}.Release|Any CPU.Build.0 = Release|Any CPU
		{D1EAE917-9851-42E9-A979-A72D69D111B2}.Release|x64.ActiveCfg = Release|Any CPU
		{D1EAE917-9851-42E9-A979-A72D69D111B2}.Release|x64.Build.0 = Release|Any CPU
		{D1EAE917-9851-42E9-A979-A72D69D111B2}.Release|x86.ActiveCfg = Release|Any CPU
		{D1EAE917-9851-42E9-A979-A72D69D111B2}.Release|x86.Build.0 = Release|Any CPU
		{F177BCE2-2C70-4FB0-95FF-CE5B343EBBEC}.Debug|Any CPU.ActiveCfg = Debug|Any CPU
		{F177BCE2-2C70-4FB0-95FF-CE5B343EBBEC}.Debug|Any CPU.Build.0 = Debug|Any CPU
		{F177BCE2-2C70-4FB0-95FF-CE5B343EBBEC}.Debug|x64.ActiveCfg = Debug|Any CPU
		{F177BCE2-2C70-4FB0-95FF-CE5B343EBBEC}.Debug|x64.Build.0 = Debug|Any CPU
		{F177BCE2-2C70-4FB0-95FF-CE5B343EBBEC}.Debug|x86.ActiveCfg = Debug|Any CPU
		{F177BCE2-2C70-4FB0-95FF-CE5B343EBBEC}.Debug|x86.Build.0 = Debug|Any CPU
		{F177BCE2-2C70-4FB0-95FF-CE5B343EBBEC}.Release|Any CPU.ActiveCfg = Release|Any CPU
		{F177BCE2-2C70-4FB0-95FF-CE5B343EBBEC}.Release|Any CPU.Build.0 = Release|Any CPU
		{F177BCE2-2C70-4FB0-95FF-CE5B343EBBEC}.Release|x64.ActiveCfg = Release|Any CPU
		{F177BCE2-2C70-4FB0-95FF-CE5B343EBBEC}.Release|x64.Build.0 = Release|Any CPU
		{F177BCE2-2C70-4FB0-95FF-CE5B343EBBEC}.Release|x86.ActiveCfg = Release|Any CPU
		{F177BCE2-2C70-4FB0-95FF-CE5B343EBBEC}.Release|x86.Build.0 = Release|Any CPU
		{0ACA725C-4735-4B09-A4BA-78EDA3E830D1}.Debug|Any CPU.ActiveCfg = Debug|Any CPU
		{0ACA725C-4735-4B09-A4BA-78EDA3E830D1}.Debug|Any CPU.Build.0 = Debug|Any CPU
		{0ACA725C-4735-4B09-A4BA-78EDA3E830D1}.Debug|x64.ActiveCfg = Debug|Any CPU
		{0ACA725C-4735-4B09-A4BA-78EDA3E830D1}.Debug|x64.Build.0 = Debug|Any CPU
		{0ACA725C-4735-4B09-A4BA-78EDA3E830D1}.Debug|x86.ActiveCfg = Debug|Any CPU
		{0ACA725C-4735-4B09-A4BA-78EDA3E830D1}.Debug|x86.Build.0 = Debug|Any CPU
		{0ACA725C-4735-4B09-A4BA-78EDA3E830D1}.Release|Any CPU.ActiveCfg = Release|Any CPU
		{0ACA725C-4735-4B09-A4BA-78EDA3E830D1}.Release|Any CPU.Build.0 = Release|Any CPU
		{0ACA725C-4735-4B09-A4BA-78EDA3E830D1}.Release|x64.ActiveCfg = Release|Any CPU
		{0ACA725C-4735-4B09-A4BA-78EDA3E830D1}.Release|x64.Build.0 = Release|Any CPU
		{0ACA725C-4735-4B09-A4BA-78EDA3E830D1}.Release|x86.ActiveCfg = Release|Any CPU
		{0ACA725C-4735-4B09-A4BA-78EDA3E830D1}.Release|x86.Build.0 = Release|Any CPU
		{0844E8E0-47E7-4AD9-B90F-5D950AC3EF52}.Debug|Any CPU.ActiveCfg = Debug|Any CPU
		{0844E8E0-47E7-4AD9-B90F-5D950AC3EF52}.Debug|Any CPU.Build.0 = Debug|Any CPU
		{0844E8E0-47E7-4AD9-B90F-5D950AC3EF52}.Debug|x64.ActiveCfg = Debug|Any CPU
		{0844E8E0-47E7-4AD9-B90F-5D950AC3EF52}.Debug|x64.Build.0 = Debug|Any CPU
		{0844E8E0-47E7-4AD9-B90F-5D950AC3EF52}.Debug|x86.ActiveCfg = Debug|Any CPU
		{0844E8E0-47E7-4AD9-B90F-5D950AC3EF52}.Debug|x86.Build.0 = Debug|Any CPU
		{0844E8E0-47E7-4AD9-B90F-5D950AC3EF52}.Release|Any CPU.ActiveCfg = Release|Any CPU
		{0844E8E0-47E7-4AD9-B90F-5D950AC3EF52}.Release|Any CPU.Build.0 = Release|Any CPU
		{0844E8E0-47E7-4AD9-B90F-5D950AC3EF52}.Release|x64.ActiveCfg = Release|Any CPU
		{0844E8E0-47E7-4AD9-B90F-5D950AC3EF52}.Release|x64.Build.0 = Release|Any CPU
		{0844E8E0-47E7-4AD9-B90F-5D950AC3EF52}.Release|x86.ActiveCfg = Release|Any CPU
		{0844E8E0-47E7-4AD9-B90F-5D950AC3EF52}.Release|x86.Build.0 = Release|Any CPU
		{4963909C-8E5F-4787-88BF-0E4A0C9737E7}.Debug|Any CPU.ActiveCfg = Debug|Any CPU
		{4963909C-8E5F-4787-88BF-0E4A0C9737E7}.Debug|Any CPU.Build.0 = Debug|Any CPU
		{4963909C-8E5F-4787-88BF-0E4A0C9737E7}.Debug|x64.ActiveCfg = Debug|Any CPU
		{4963909C-8E5F-4787-88BF-0E4A0C9737E7}.Debug|x64.Build.0 = Debug|Any CPU
		{4963909C-8E5F-4787-88BF-0E4A0C9737E7}.Debug|x86.ActiveCfg = Debug|Any CPU
		{4963909C-8E5F-4787-88BF-0E4A0C9737E7}.Debug|x86.Build.0 = Debug|Any CPU
		{4963909C-8E5F-4787-88BF-0E4A0C9737E7}.Release|Any CPU.ActiveCfg = Release|Any CPU
		{4963909C-8E5F-4787-88BF-0E4A0C9737E7}.Release|Any CPU.Build.0 = Release|Any CPU
		{4963909C-8E5F-4787-88BF-0E4A0C9737E7}.Release|x64.ActiveCfg = Release|Any CPU
		{4963909C-8E5F-4787-88BF-0E4A0C9737E7}.Release|x64.Build.0 = Release|Any CPU
		{4963909C-8E5F-4787-88BF-0E4A0C9737E7}.Release|x86.ActiveCfg = Release|Any CPU
		{4963909C-8E5F-4787-88BF-0E4A0C9737E7}.Release|x86.Build.0 = Release|Any CPU
		{61E3E244-620B-46C0-8597-15453168C264}.Debug|Any CPU.ActiveCfg = Debug|Any CPU
		{61E3E244-620B-46C0-8597-15453168C264}.Debug|Any CPU.Build.0 = Debug|Any CPU
		{61E3E244-620B-46C0-8597-15453168C264}.Debug|x64.ActiveCfg = Debug|Any CPU
		{61E3E244-620B-46C0-8597-15453168C264}.Debug|x64.Build.0 = Debug|Any CPU
		{61E3E244-620B-46C0-8597-15453168C264}.Debug|x86.ActiveCfg = Debug|Any CPU
		{61E3E244-620B-46C0-8597-15453168C264}.Debug|x86.Build.0 = Debug|Any CPU
		{61E3E244-620B-46C0-8597-15453168C264}.Release|Any CPU.ActiveCfg = Release|Any CPU
		{61E3E244-620B-46C0-8597-15453168C264}.Release|Any CPU.Build.0 = Release|Any CPU
		{61E3E244-620B-46C0-8597-15453168C264}.Release|x64.ActiveCfg = Release|Any CPU
		{61E3E244-620B-46C0-8597-15453168C264}.Release|x64.Build.0 = Release|Any CPU
		{61E3E244-620B-46C0-8597-15453168C264}.Release|x86.ActiveCfg = Release|Any CPU
		{61E3E244-620B-46C0-8597-15453168C264}.Release|x86.Build.0 = Release|Any CPU
		{15E268FF-E8F5-4262-ABA0-EF1798CCE5F6}.Debug|Any CPU.ActiveCfg = Debug|Any CPU
		{15E268FF-E8F5-4262-ABA0-EF1798CCE5F6}.Debug|Any CPU.Build.0 = Debug|Any CPU
		{15E268FF-E8F5-4262-ABA0-EF1798CCE5F6}.Debug|x64.ActiveCfg = Debug|Any CPU
		{15E268FF-E8F5-4262-ABA0-EF1798CCE5F6}.Debug|x64.Build.0 = Debug|Any CPU
		{15E268FF-E8F5-4262-ABA0-EF1798CCE5F6}.Debug|x86.ActiveCfg = Debug|Any CPU
		{15E268FF-E8F5-4262-ABA0-EF1798CCE5F6}.Debug|x86.Build.0 = Debug|Any CPU
		{15E268FF-E8F5-4262-ABA0-EF1798CCE5F6}.Release|Any CPU.ActiveCfg = Release|Any CPU
		{15E268FF-E8F5-4262-ABA0-EF1798CCE5F6}.Release|Any CPU.Build.0 = Release|Any CPU
		{15E268FF-E8F5-4262-ABA0-EF1798CCE5F6}.Release|x64.ActiveCfg = Release|Any CPU
		{15E268FF-E8F5-4262-ABA0-EF1798CCE5F6}.Release|x64.Build.0 = Release|Any CPU
		{15E268FF-E8F5-4262-ABA0-EF1798CCE5F6}.Release|x86.ActiveCfg = Release|Any CPU
		{15E268FF-E8F5-4262-ABA0-EF1798CCE5F6}.Release|x86.Build.0 = Release|Any CPU
		{136888D5-6943-46E4-BF17-3F1A6FCDE2B6}.Debug|Any CPU.ActiveCfg = Debug|Any CPU
		{136888D5-6943-46E4-BF17-3F1A6FCDE2B6}.Debug|Any CPU.Build.0 = Debug|Any CPU
		{136888D5-6943-46E4-BF17-3F1A6FCDE2B6}.Debug|x64.ActiveCfg = Debug|Any CPU
		{136888D5-6943-46E4-BF17-3F1A6FCDE2B6}.Debug|x64.Build.0 = Debug|Any CPU
		{136888D5-6943-46E4-BF17-3F1A6FCDE2B6}.Debug|x86.ActiveCfg = Debug|Any CPU
		{136888D5-6943-46E4-BF17-3F1A6FCDE2B6}.Debug|x86.Build.0 = Debug|Any CPU
		{136888D5-6943-46E4-BF17-3F1A6FCDE2B6}.Release|Any CPU.ActiveCfg = Release|Any CPU
		{136888D5-6943-46E4-BF17-3F1A6FCDE2B6}.Release|Any CPU.Build.0 = Release|Any CPU
		{136888D5-6943-46E4-BF17-3F1A6FCDE2B6}.Release|x64.ActiveCfg = Release|Any CPU
		{136888D5-6943-46E4-BF17-3F1A6FCDE2B6}.Release|x64.Build.0 = Release|Any CPU
		{136888D5-6943-46E4-BF17-3F1A6FCDE2B6}.Release|x86.ActiveCfg = Release|Any CPU
		{136888D5-6943-46E4-BF17-3F1A6FCDE2B6}.Release|x86.Build.0 = Release|Any CPU
		{C085F935-D531-40E0-9221-608AA673C513}.Debug|Any CPU.ActiveCfg = Debug|Any CPU
		{C085F935-D531-40E0-9221-608AA673C513}.Debug|Any CPU.Build.0 = Debug|Any CPU
		{C085F935-D531-40E0-9221-608AA673C513}.Debug|x64.ActiveCfg = Debug|Any CPU
		{C085F935-D531-40E0-9221-608AA673C513}.Debug|x64.Build.0 = Debug|Any CPU
		{C085F935-D531-40E0-9221-608AA673C513}.Debug|x86.ActiveCfg = Debug|Any CPU
		{C085F935-D531-40E0-9221-608AA673C513}.Debug|x86.Build.0 = Debug|Any CPU
		{C085F935-D531-40E0-9221-608AA673C513}.Release|Any CPU.ActiveCfg = Release|Any CPU
		{C085F935-D531-40E0-9221-608AA673C513}.Release|Any CPU.Build.0 = Release|Any CPU
		{C085F935-D531-40E0-9221-608AA673C513}.Release|x64.ActiveCfg = Release|Any CPU
		{C085F935-D531-40E0-9221-608AA673C513}.Release|x64.Build.0 = Release|Any CPU
		{C085F935-D531-40E0-9221-608AA673C513}.Release|x86.ActiveCfg = Release|Any CPU
		{C085F935-D531-40E0-9221-608AA673C513}.Release|x86.Build.0 = Release|Any CPU
		{230B301B-8E19-4256-9CFE-4BAE77121711}.Debug|Any CPU.ActiveCfg = Debug|Any CPU
		{230B301B-8E19-4256-9CFE-4BAE77121711}.Debug|Any CPU.Build.0 = Debug|Any CPU
		{230B301B-8E19-4256-9CFE-4BAE77121711}.Debug|x64.ActiveCfg = Debug|Any CPU
		{230B301B-8E19-4256-9CFE-4BAE77121711}.Debug|x64.Build.0 = Debug|Any CPU
		{230B301B-8E19-4256-9CFE-4BAE77121711}.Debug|x86.ActiveCfg = Debug|Any CPU
		{230B301B-8E19-4256-9CFE-4BAE77121711}.Debug|x86.Build.0 = Debug|Any CPU
		{230B301B-8E19-4256-9CFE-4BAE77121711}.Release|Any CPU.ActiveCfg = Release|Any CPU
		{230B301B-8E19-4256-9CFE-4BAE77121711}.Release|Any CPU.Build.0 = Release|Any CPU
		{230B301B-8E19-4256-9CFE-4BAE77121711}.Release|x64.ActiveCfg = Release|Any CPU
		{230B301B-8E19-4256-9CFE-4BAE77121711}.Release|x64.Build.0 = Release|Any CPU
		{230B301B-8E19-4256-9CFE-4BAE77121711}.Release|x86.ActiveCfg = Release|Any CPU
		{230B301B-8E19-4256-9CFE-4BAE77121711}.Release|x86.Build.0 = Release|Any CPU
		{21C4C9FB-30B4-4F22-8259-EA16B4FA8147}.Debug|Any CPU.ActiveCfg = Debug|Any CPU
		{21C4C9FB-30B4-4F22-8259-EA16B4FA8147}.Debug|Any CPU.Build.0 = Debug|Any CPU
		{21C4C9FB-30B4-4F22-8259-EA16B4FA8147}.Debug|x64.ActiveCfg = Debug|Any CPU
		{21C4C9FB-30B4-4F22-8259-EA16B4FA8147}.Debug|x64.Build.0 = Debug|Any CPU
		{21C4C9FB-30B4-4F22-8259-EA16B4FA8147}.Debug|x86.ActiveCfg = Debug|Any CPU
		{21C4C9FB-30B4-4F22-8259-EA16B4FA8147}.Debug|x86.Build.0 = Debug|Any CPU
		{21C4C9FB-30B4-4F22-8259-EA16B4FA8147}.Release|Any CPU.ActiveCfg = Release|Any CPU
		{21C4C9FB-30B4-4F22-8259-EA16B4FA8147}.Release|Any CPU.Build.0 = Release|Any CPU
		{21C4C9FB-30B4-4F22-8259-EA16B4FA8147}.Release|x64.ActiveCfg = Release|Any CPU
		{21C4C9FB-30B4-4F22-8259-EA16B4FA8147}.Release|x64.Build.0 = Release|Any CPU
		{21C4C9FB-30B4-4F22-8259-EA16B4FA8147}.Release|x86.ActiveCfg = Release|Any CPU
		{21C4C9FB-30B4-4F22-8259-EA16B4FA8147}.Release|x86.Build.0 = Release|Any CPU
		{08C52BB1-1FBC-4BF0-8FD3-02C77781328B}.Debug|Any CPU.ActiveCfg = Debug|Any CPU
		{08C52BB1-1FBC-4BF0-8FD3-02C77781328B}.Debug|Any CPU.Build.0 = Debug|Any CPU
		{08C52BB1-1FBC-4BF0-8FD3-02C77781328B}.Debug|x64.ActiveCfg = Debug|Any CPU
		{08C52BB1-1FBC-4BF0-8FD3-02C77781328B}.Debug|x64.Build.0 = Debug|Any CPU
		{08C52BB1-1FBC-4BF0-8FD3-02C77781328B}.Debug|x86.ActiveCfg = Debug|Any CPU
		{08C52BB1-1FBC-4BF0-8FD3-02C77781328B}.Debug|x86.Build.0 = Debug|Any CPU
		{08C52BB1-1FBC-4BF0-8FD3-02C77781328B}.Release|Any CPU.ActiveCfg = Release|Any CPU
		{08C52BB1-1FBC-4BF0-8FD3-02C77781328B}.Release|Any CPU.Build.0 = Release|Any CPU
		{08C52BB1-1FBC-4BF0-8FD3-02C77781328B}.Release|x64.ActiveCfg = Release|Any CPU
		{08C52BB1-1FBC-4BF0-8FD3-02C77781328B}.Release|x64.Build.0 = Release|Any CPU
		{08C52BB1-1FBC-4BF0-8FD3-02C77781328B}.Release|x86.ActiveCfg = Release|Any CPU
		{08C52BB1-1FBC-4BF0-8FD3-02C77781328B}.Release|x86.Build.0 = Release|Any CPU
		{FA05CCFC-2B49-4D56-B28E-74E2C5F3BC04}.Debug|Any CPU.ActiveCfg = Debug|Any CPU
		{FA05CCFC-2B49-4D56-B28E-74E2C5F3BC04}.Debug|Any CPU.Build.0 = Debug|Any CPU
		{FA05CCFC-2B49-4D56-B28E-74E2C5F3BC04}.Debug|x64.ActiveCfg = Debug|Any CPU
		{FA05CCFC-2B49-4D56-B28E-74E2C5F3BC04}.Debug|x64.Build.0 = Debug|Any CPU
		{FA05CCFC-2B49-4D56-B28E-74E2C5F3BC04}.Debug|x86.ActiveCfg = Debug|Any CPU
		{FA05CCFC-2B49-4D56-B28E-74E2C5F3BC04}.Debug|x86.Build.0 = Debug|Any CPU
		{FA05CCFC-2B49-4D56-B28E-74E2C5F3BC04}.Release|Any CPU.ActiveCfg = Release|Any CPU
		{FA05CCFC-2B49-4D56-B28E-74E2C5F3BC04}.Release|Any CPU.Build.0 = Release|Any CPU
		{FA05CCFC-2B49-4D56-B28E-74E2C5F3BC04}.Release|x64.ActiveCfg = Release|Any CPU
		{FA05CCFC-2B49-4D56-B28E-74E2C5F3BC04}.Release|x64.Build.0 = Release|Any CPU
		{FA05CCFC-2B49-4D56-B28E-74E2C5F3BC04}.Release|x86.ActiveCfg = Release|Any CPU
		{FA05CCFC-2B49-4D56-B28E-74E2C5F3BC04}.Release|x86.Build.0 = Release|Any CPU
		{EC7E5D91-11E1-4A4E-AC29-2E1617503188}.Debug|Any CPU.ActiveCfg = Debug|Any CPU
		{EC7E5D91-11E1-4A4E-AC29-2E1617503188}.Debug|Any CPU.Build.0 = Debug|Any CPU
		{EC7E5D91-11E1-4A4E-AC29-2E1617503188}.Debug|x64.ActiveCfg = Debug|Any CPU
		{EC7E5D91-11E1-4A4E-AC29-2E1617503188}.Debug|x64.Build.0 = Debug|Any CPU
		{EC7E5D91-11E1-4A4E-AC29-2E1617503188}.Debug|x86.ActiveCfg = Debug|Any CPU
		{EC7E5D91-11E1-4A4E-AC29-2E1617503188}.Debug|x86.Build.0 = Debug|Any CPU
		{EC7E5D91-11E1-4A4E-AC29-2E1617503188}.Release|Any CPU.ActiveCfg = Release|Any CPU
		{EC7E5D91-11E1-4A4E-AC29-2E1617503188}.Release|Any CPU.Build.0 = Release|Any CPU
		{EC7E5D91-11E1-4A4E-AC29-2E1617503188}.Release|x64.ActiveCfg = Release|Any CPU
		{EC7E5D91-11E1-4A4E-AC29-2E1617503188}.Release|x64.Build.0 = Release|Any CPU
		{EC7E5D91-11E1-4A4E-AC29-2E1617503188}.Release|x86.ActiveCfg = Release|Any CPU
		{EC7E5D91-11E1-4A4E-AC29-2E1617503188}.Release|x86.Build.0 = Release|Any CPU
		{0366990E-0E37-4C23-A51C-874B28A981CF}.Debug|Any CPU.ActiveCfg = Debug|Any CPU
		{0366990E-0E37-4C23-A51C-874B28A981CF}.Debug|Any CPU.Build.0 = Debug|Any CPU
		{0366990E-0E37-4C23-A51C-874B28A981CF}.Debug|x64.ActiveCfg = Debug|Any CPU
		{0366990E-0E37-4C23-A51C-874B28A981CF}.Debug|x64.Build.0 = Debug|Any CPU
		{0366990E-0E37-4C23-A51C-874B28A981CF}.Debug|x86.ActiveCfg = Debug|Any CPU
		{0366990E-0E37-4C23-A51C-874B28A981CF}.Debug|x86.Build.0 = Debug|Any CPU
		{0366990E-0E37-4C23-A51C-874B28A981CF}.Release|Any CPU.ActiveCfg = Release|Any CPU
		{0366990E-0E37-4C23-A51C-874B28A981CF}.Release|Any CPU.Build.0 = Release|Any CPU
		{0366990E-0E37-4C23-A51C-874B28A981CF}.Release|x64.ActiveCfg = Release|Any CPU
		{0366990E-0E37-4C23-A51C-874B28A981CF}.Release|x64.Build.0 = Release|Any CPU
		{0366990E-0E37-4C23-A51C-874B28A981CF}.Release|x86.ActiveCfg = Release|Any CPU
		{0366990E-0E37-4C23-A51C-874B28A981CF}.Release|x86.Build.0 = Release|Any CPU
		{CF4C2154-8C84-4C8B-81DC-0B577B98431E}.Debug|Any CPU.ActiveCfg = Debug|Any CPU
		{CF4C2154-8C84-4C8B-81DC-0B577B98431E}.Debug|Any CPU.Build.0 = Debug|Any CPU
		{CF4C2154-8C84-4C8B-81DC-0B577B98431E}.Debug|x64.ActiveCfg = Debug|Any CPU
		{CF4C2154-8C84-4C8B-81DC-0B577B98431E}.Debug|x64.Build.0 = Debug|Any CPU
		{CF4C2154-8C84-4C8B-81DC-0B577B98431E}.Debug|x86.ActiveCfg = Debug|Any CPU
		{CF4C2154-8C84-4C8B-81DC-0B577B98431E}.Debug|x86.Build.0 = Debug|Any CPU
		{CF4C2154-8C84-4C8B-81DC-0B577B98431E}.Release|Any CPU.ActiveCfg = Release|Any CPU
		{CF4C2154-8C84-4C8B-81DC-0B577B98431E}.Release|Any CPU.Build.0 = Release|Any CPU
		{CF4C2154-8C84-4C8B-81DC-0B577B98431E}.Release|x64.ActiveCfg = Release|Any CPU
		{CF4C2154-8C84-4C8B-81DC-0B577B98431E}.Release|x64.Build.0 = Release|Any CPU
		{CF4C2154-8C84-4C8B-81DC-0B577B98431E}.Release|x86.ActiveCfg = Release|Any CPU
		{CF4C2154-8C84-4C8B-81DC-0B577B98431E}.Release|x86.Build.0 = Release|Any CPU
		{7E2C0529-C16A-486B-B4A4-E84E1AB34B10}.Debug|Any CPU.ActiveCfg = Debug|Any CPU
		{7E2C0529-C16A-486B-B4A4-E84E1AB34B10}.Debug|Any CPU.Build.0 = Debug|Any CPU
		{7E2C0529-C16A-486B-B4A4-E84E1AB34B10}.Debug|x64.ActiveCfg = Debug|Any CPU
		{7E2C0529-C16A-486B-B4A4-E84E1AB34B10}.Debug|x64.Build.0 = Debug|Any CPU
		{7E2C0529-C16A-486B-B4A4-E84E1AB34B10}.Debug|x86.ActiveCfg = Debug|Any CPU
		{7E2C0529-C16A-486B-B4A4-E84E1AB34B10}.Debug|x86.Build.0 = Debug|Any CPU
		{7E2C0529-C16A-486B-B4A4-E84E1AB34B10}.Release|Any CPU.ActiveCfg = Release|Any CPU
		{7E2C0529-C16A-486B-B4A4-E84E1AB34B10}.Release|Any CPU.Build.0 = Release|Any CPU
		{7E2C0529-C16A-486B-B4A4-E84E1AB34B10}.Release|x64.ActiveCfg = Release|Any CPU
		{7E2C0529-C16A-486B-B4A4-E84E1AB34B10}.Release|x64.Build.0 = Release|Any CPU
		{7E2C0529-C16A-486B-B4A4-E84E1AB34B10}.Release|x86.ActiveCfg = Release|Any CPU
		{7E2C0529-C16A-486B-B4A4-E84E1AB34B10}.Release|x86.Build.0 = Release|Any CPU
	EndGlobalSection
	GlobalSection(SolutionProperties) = preSolution
		HideSolutionNode = FALSE
	EndGlobalSection
	GlobalSection(NestedProjects) = preSolution
		{D5C53515-D7E3-476F-9119-3102FE30E425} = {DFCF5276-C414-4F2F-B664-D3EB3BEAB44E}
		{3B1B99F1-33CB-40E0-B54C-9CEC9AE86B2C} = {EAFDF5CB-7010-4EA0-8D57-4D5035362975}
		{F174B9A6-C8BD-4525-BC5D-AC1E6ABFBE8F} = {73F5FF85-3ECF-4853-97FE-44799A70C0D6}
		{D52DA7C0-3DD2-4E26-BBCE-F9A2DC09AA9D} = {73F5FF85-3ECF-4853-97FE-44799A70C0D6}
		{23D9DE1A-92C0-42FC-875B-5881CE8433D4} = {73F5FF85-3ECF-4853-97FE-44799A70C0D6}
		{D52DA7C0-3CF2-4E26-BBCE-F9A2DC09589D} = {73F5FF85-3ECF-4853-97FE-44799A70C0D6}
		{EC1A8251-1B9A-4BBE-8A8C-BC8CD7DA60E0} = {73F5FF85-3ECF-4853-97FE-44799A70C0D6}
		{EC1A8251-119A-44BE-8A8C-BC7823876763} = {73F5FF85-3ECF-4853-97FE-44799A70C0D6}
		{2A4856E5-8D40-41F7-88D1-57D1888DB660} = {F174B9A6-C8BD-4525-BC5D-AC1E6ABFBE8F}
		{5BFFF9BD-D17C-4A73-AD7D-0E047FAEC28B} = {F174B9A6-C8BD-4525-BC5D-AC1E6ABFBE8F}
		{451E16C9-DDEC-4ADD-B5CF-E04C96095675} = {F174B9A6-C8BD-4525-BC5D-AC1E6ABFBE8F}
		{451E16C9-DDEC-4ADD-B5CF-E03498347475} = {F174B9A6-C8BD-4525-BC5D-AC1E6ABFBE8F}
		{451E16C9-DDEC-4ADD-B5CF-C34546647475} = {F174B9A6-C8BD-4525-BC5D-AC1E6ABFBE8F}
		{55E667BC-D245-4CAD-9FDC-79BA2438F709} = {EAFDF5CB-7010-4EA0-8D57-4D5035362975}
		{6C7FC318-5848-4206-8431-3695C70143FA} = {C5AE642C-4A61-47BD-9272-69909998B71D}
		{64CDDAB4-5127-4EB3-B38F-36CE37E62A66} = {C5AE642C-4A61-47BD-9272-69909998B71D}
		{95412C83-3BE8-4D58-A787-96AD459C1246} = {C5AE642C-4A61-47BD-9272-69909998B71D}
		{B64B583D-1D18-4D74-BDB2-71388171FD36} = {C5AE642C-4A61-47BD-9272-69909998B71D}
		{F6E91DF8-4706-4979-AF0F-259B5F9E3D0B} = {C5AE642C-4A61-47BD-9272-69909998B71D}
		{D250F528-CFEB-4A68-9817-A99A92E0A4E4} = {C5AE642C-4A61-47BD-9272-69909998B71D}
		{80BBD05A-F622-49D5-BADD-E35B81D15D00} = {C5AE642C-4A61-47BD-9272-69909998B71D}
		{6C6D0FE1-83DE-4E8D-9A0B-92FFAB5735A2} = {C5AE642C-4A61-47BD-9272-69909998B71D}
		{1708335C-CCAD-49EC-8DE7-E5053C16BFA4} = {C5AE642C-4A61-47BD-9272-69909998B71D}
		{641642C7-87EA-4AE7-830A-A8A0610F374F} = {D4DDCC9E-81DB-4294-9060-A8C1AB363672}
		{E854F964-4355-477E-AC02-1E38923A9A46} = {C5AE642C-4A61-47BD-9272-69909998B71D}
		{AAB1251C-C57F-4D4D-A64B-3966D6643BF5} = {C5AE642C-4A61-47BD-9272-69909998B71D}
		{ED842FEA-18A1-4F2B-AB79-3ABC80D1A9AB} = {20363DD1-DC16-41EE-AA8A-77306EB75479}
		{647AB10F-3371-49B2-840E-AEE332B11C29} = {20363DD1-DC16-41EE-AA8A-77306EB75479}
		{9D9CF1B3-7E57-4971-A479-5803C658A7D0} = {0B8EB813-E541-46DB-ADCC-2EA529D74B16}
		{71E1AE60-7DC9-4AD3-AD38-034B961E17F4} = {C5AE642C-4A61-47BD-9272-69909998B71D}
		{42B014C3-EC56-458F-8071-65B61A1F7146} = {0B8EB813-E541-46DB-ADCC-2EA529D74B16}
		{ABE6C6FB-E1A6-4EBC-B04B-49890E38C708} = {0B8EB813-E541-46DB-ADCC-2EA529D74B16}
		{BE46AC03-E660-4E29-9A39-CC574A2109B9} = {0B8EB813-E541-46DB-ADCC-2EA529D74B16}
		{04A6E5E1-6878-451B-8BE6-CDAB06255531} = {C5AE642C-4A61-47BD-9272-69909998B71D}
		{72BAC465-48D9-4869-8667-46099B917110} = {C5AE642C-4A61-47BD-9272-69909998B71D}
		{F9713CA8-D718-443E-89F2-4E37FB5B4750} = {D4DDCC9E-81DB-4294-9060-A8C1AB363672}
		{99C54ABE-646D-479D-91B8-DB765DA1A711} = {EFB9D6C3-7008-41DF-A75B-6C0E8DEF0CDA}
		{B9A1FF5E-F267-42A7-A05F-E55486C8C794} = {EFB9D6C3-7008-41DF-A75B-6C0E8DEF0CDA}
		{F110A2AF-4D3C-401B-8F8E-2AABE5C73B52} = {EFB9D6C3-7008-41DF-A75B-6C0E8DEF0CDA}
		{CEBD6F30-CCB7-4417-842C-529B6994E322} = {20363DD1-DC16-41EE-AA8A-77306EB75479}
		{C0E08388-557E-46B3-AD49-FCB23A9DDFC1} = {20363DD1-DC16-41EE-AA8A-77306EB75479}
		{C64DEDD2-FB6B-4770-B1B9-DFCD7BBC5BDF} = {EFB9D6C3-7008-41DF-A75B-6C0E8DEF0CDA}
		{A114EEDC-9A3A-46AE-9233-F66DFCBEF7AD} = {20363DD1-DC16-41EE-AA8A-77306EB75479}
		{C2340D2B-4FB2-4380-8CE5-347E2DA4C5AD} = {C5AE642C-4A61-47BD-9272-69909998B71D}
		{73F5FF85-3ECF-4853-97FE-44799A70C0D6} = {DA48CCA8-4D53-408C-9915-13D1ED691B8E}
		{D1EAE917-9851-42E9-A979-A72D69D111B2} = {DA48CCA8-4D53-408C-9915-13D1ED691B8E}
		{F177BCE2-2C70-4FB0-95FF-CE5B343EBBEC} = {DFCF5276-C414-4F2F-B664-D3EB3BEAB44E}
		{0ACA725C-4735-4B09-A4BA-78EDA3E830D1} = {C5AE642C-4A61-47BD-9272-69909998B71D}
		{0844E8E0-47E7-4AD9-B90F-5D950AC3EF52} = {C5AE642C-4A61-47BD-9272-69909998B71D}
		{4963909C-8E5F-4787-88BF-0E4A0C9737E7} = {EFB9D6C3-7008-41DF-A75B-6C0E8DEF0CDA}
		{61E3E244-620B-46C0-8597-15453168C264} = {EFB9D6C3-7008-41DF-A75B-6C0E8DEF0CDA}
		{15E268FF-E8F5-4262-ABA0-EF1798CCE5F6} = {EFB9D6C3-7008-41DF-A75B-6C0E8DEF0CDA}
		{136888D5-6943-46E4-BF17-3F1A6FCDE2B6} = {EFB9D6C3-7008-41DF-A75B-6C0E8DEF0CDA}
		{C085F935-D531-40E0-9221-608AA673C513} = {20363DD1-DC16-41EE-AA8A-77306EB75479}
		{230B301B-8E19-4256-9CFE-4BAE77121711} = {C5AE642C-4A61-47BD-9272-69909998B71D}
		{21C4C9FB-30B4-4F22-8259-EA16B4FA8147} = {C5AE642C-4A61-47BD-9272-69909998B71D}
		{08C52BB1-1FBC-4BF0-8FD3-02C77781328B} = {EFB9D6C3-7008-41DF-A75B-6C0E8DEF0CDA}
		{FA05CCFC-2B49-4D56-B28E-74E2C5F3BC04} = {20363DD1-DC16-41EE-AA8A-77306EB75479}
		{EC7E5D91-11E1-4A4E-AC29-2E1617503188} = {0B8EB813-E541-46DB-ADCC-2EA529D74B16}
		{0366990E-0E37-4C23-A51C-874B28A981CF} = {0B8EB813-E541-46DB-ADCC-2EA529D74B16}
		{CF4C2154-8C84-4C8B-81DC-0B577B98431E} = {0B8EB813-E541-46DB-ADCC-2EA529D74B16}
		{7E2C0529-C16A-486B-B4A4-E84E1AB34B10} = {D4DDCC9E-81DB-4294-9060-A8C1AB363672}
	EndGlobalSection
	GlobalSection(ExtensibilityGlobals) = postSolution
		SolutionGuid = {676AD27B-E03C-4277-A423-E2533F837976}
	EndGlobalSection
	GlobalSection(Performance) = preSolution
		HasPerformanceSessions = true
	EndGlobalSection
EndGlobal
