
Microsoft Visual Studio Solution File, Format Version 12.00
# Visual Studio 14
VisualStudioVersion = 14.0.25420.1
MinimumVisualStudioVersion = 10.0.40219.1
Project("{FAE04EC0-301F-11D3-BF4B-00C04F79EFBC}") = "MMBot", "MMBot\MMBot.csproj", "{BB75BFD4-3AED-4282-B98E-36AF3002A656}"
EndProject
Project("{FAE04EC0-301F-11D3-BF4B-00C04F79EFBC}") = "MMBot2", "MMBot2\MMBot2.csproj", "{719D6548-C569-4444-8DA1-4D1649E36355}"
EndProject
Project("{FAE04EC0-301F-11D3-BF4B-00C04F79EFBC}") = "BotCommon", "BotCommon\BotCommon.csproj", "{6DD71DFB-6268-408A-8CD6-EB063B46BD92}"
EndProject
Project("{FAE04EC0-301F-11D3-BF4B-00C04F79EFBC}") = "Test", "Test\Test.csproj", "{BA6D5257-5947-411D-B35D-F742B41F466A}"
EndProject
Project("{FAE04EC0-301F-11D3-BF4B-00C04F79EFBC}") = "LMMBot", "LMMBot\LMMBot.csproj", "{05F7340C-B568-44FF-ACA7-E07904850E8B}"
EndProject
Project("{FAE04EC0-301F-11D3-BF4B-00C04F79EFBC}") = "NLP_Ind", "NLP_Ind\NLP_Ind.csproj", "{751C4F41-F6F8-48BE-9F5E-50472B789114}"
EndProject
Global
	GlobalSection(SolutionConfigurationPlatforms) = preSolution
		Debug|Any CPU = Debug|Any CPU
		Release|Any CPU = Release|Any CPU
	EndGlobalSection
	GlobalSection(ProjectConfigurationPlatforms) = postSolution
		{BB75BFD4-3AED-4282-B98E-36AF3002A656}.Debug|Any CPU.ActiveCfg = Debug|Any CPU
		{BB75BFD4-3AED-4282-B98E-36AF3002A656}.Debug|Any CPU.Build.0 = Debug|Any CPU
		{BB75BFD4-3AED-4282-B98E-36AF3002A656}.Release|Any CPU.ActiveCfg = Release|Any CPU
		{BB75BFD4-3AED-4282-B98E-36AF3002A656}.Release|Any CPU.Build.0 = Release|Any CPU
		{719D6548-C569-4444-8DA1-4D1649E36355}.Debug|Any CPU.ActiveCfg = Debug|Any CPU
		{719D6548-C569-4444-8DA1-4D1649E36355}.Debug|Any CPU.Build.0 = Debug|Any CPU
		{719D6548-C569-4444-8DA1-4D1649E36355}.Release|Any CPU.ActiveCfg = Release|Any CPU
		{719D6548-C569-4444-8DA1-4D1649E36355}.Release|Any CPU.Build.0 = Release|Any CPU
		{6DD71DFB-6268-408A-8CD6-EB063B46BD92}.Debug|Any CPU.ActiveCfg = Debug|Any CPU
		{6DD71DFB-6268-408A-8CD6-EB063B46BD92}.Debug|Any CPU.Build.0 = Debug|Any CPU
		{6DD71DFB-6268-408A-8CD6-EB063B46BD92}.Release|Any CPU.ActiveCfg = Release|Any CPU
		{6DD71DFB-6268-408A-8CD6-EB063B46BD92}.Release|Any CPU.Build.0 = Release|Any CPU
		{BA6D5257-5947-411D-B35D-F742B41F466A}.Debug|Any CPU.ActiveCfg = Debug|Any CPU
		{BA6D5257-5947-411D-B35D-F742B41F466A}.Debug|Any CPU.Build.0 = Debug|Any CPU
		{BA6D5257-5947-411D-B35D-F742B41F466A}.Release|Any CPU.ActiveCfg = Release|Any CPU
		{BA6D5257-5947-411D-B35D-F742B41F466A}.Release|Any CPU.Build.0 = Release|Any CPU
		{05F7340C-B568-44FF-ACA7-E07904850E8B}.Debug|Any CPU.ActiveCfg = Debug|Any CPU
		{05F7340C-B568-44FF-ACA7-E07904850E8B}.Debug|Any CPU.Build.0 = Debug|Any CPU
		{05F7340C-B568-44FF-ACA7-E07904850E8B}.Release|Any CPU.ActiveCfg = Release|Any CPU
		{05F7340C-B568-44FF-ACA7-E07904850E8B}.Release|Any CPU.Build.0 = Release|Any CPU
		{751C4F41-F6F8-48BE-9F5E-50472B789114}.Debug|Any CPU.ActiveCfg = Debug|Any CPU
		{751C4F41-F6F8-48BE-9F5E-50472B789114}.Debug|Any CPU.Build.0 = Debug|Any CPU
		{751C4F41-F6F8-48BE-9F5E-50472B789114}.Release|Any CPU.ActiveCfg = Release|Any CPU
		{751C4F41-F6F8-48BE-9F5E-50472B789114}.Release|Any CPU.Build.0 = Release|Any CPU
	EndGlobalSection
	GlobalSection(SolutionProperties) = preSolution
		HideSolutionNode = FALSE
	EndGlobalSection
EndGlobal
